{
  "version": 4,
  "terraform_version": "1.3.1",
  "serial": 286,
  "lineage": "5011e073-56bc-6e1f-d4cf-dde6357db6fc",
  "outputs": {},
  "resources": [
    {
      "mode": "data",
      "type": "aws_identitystore_user",
      "name": "id_user",
      "provider": "provider[\"registry.terraform.io/hashicorp/aws\"]",
      "instances": [
        {
          "index_key": "aashi.modi@infracloud.io",
          "schema_version": 0,
          "attributes": {
            "addresses": [],
            "alternate_identifier": [
              {
                "external_id": [],
                "unique_attribute": [
                  {
                    "attribute_path": "UserName",
                    "attribute_value": "aashi.modi@infracloud.io"
                  }
                ]
              }
            ],
            "display_name": "Aashi Modi",
            "emails": [
              {
                "primary": true,
                "type": "work",
                "value": "aashi.modi@infracloud.io"
              }
            ],
            "external_ids": [],
            "filter": null,
            "id": "41f30d3a-80a1-7051-a5ab-26788c11c5b0",
            "identity_store_id": "d-9f672ca174",
            "locale": "",
            "name": [
              {
                "family_name": "Modi",
                "formatted": "",
                "given_name": "Aashi",
                "honorific_prefix": "",
                "honorific_suffix": "",
                "middle_name": ""
              }
            ],
            "nickname": "",
            "phone_numbers": [],
            "preferred_language": "",
            "profile_url": "",
            "timezone": "",
            "title": "",
            "user_id": "41f30d3a-80a1-7051-a5ab-26788c11c5b0",
            "user_name": "aashi.modi@infracloud.io",
            "user_type": ""
          },
          "sensitive_attributes": []
        },
        {
          "index_key": "abhijit.mukherjee@infracloud.io",
          "schema_version": 0,
          "attributes": {
            "addresses": [],
            "alternate_identifier": [
              {
                "external_id": [],
                "unique_attribute": [
                  {
                    "attribute_path": "UserName",
                    "attribute_value": "abhijit.mukherjee@infracloud.io"
                  }
                ]
              }
            ],
            "display_name": "Abhijit Mukherjee",
            "emails": [
              {
                "primary": true,
                "type": "work",
                "value": "abhijit.mukherjee@infracloud.io"
              }
            ],
            "external_ids": [],
            "filter": null,
            "id": "e113cdda-e091-70c8-8cb5-c0e8350d82bf",
            "identity_store_id": "d-9f672ca174",
            "locale": "",
            "name": [
              {
                "family_name": "Mukherjee",
                "formatted": "",
                "given_name": "Abhijit",
                "honorific_prefix": "",
                "honorific_suffix": "",
                "middle_name": ""
              }
            ],
            "nickname": "",
            "phone_numbers": [],
            "preferred_language": "",
            "profile_url": "",
            "timezone": "",
            "title": "",
            "user_id": "e113cdda-e091-70c8-8cb5-c0e8350d82bf",
            "user_name": "abhijit.mukherjee@infracloud.io",
            "user_type": ""
          },
          "sensitive_attributes": []
        },
        {
          "index_key": "abhishek.majumdar@infracloud.io",
          "schema_version": 0,
          "attributes": {
            "addresses": [],
            "alternate_identifier": [
              {
                "external_id": [],
                "unique_attribute": [
                  {
                    "attribute_path": "UserName",
                    "attribute_value": "abhishek.majumdar@infracloud.io"
                  }
                ]
              }
            ],
            "display_name": "Abhishek Majumdar",
            "emails": [
              {
                "primary": true,
                "type": "work",
                "value": "abhishek.majumdar@infracloud.io"
              }
            ],
            "external_ids": [],
            "filter": null,
            "id": "7183ad2a-10a1-708a-f7d8-200ec09dd377",
            "identity_store_id": "d-9f672ca174",
            "locale": "",
            "name": [
              {
                "family_name": "Majumdar",
                "formatted": "",
                "given_name": "Abhishek",
                "honorific_prefix": "",
                "honorific_suffix": "",
                "middle_name": ""
              }
            ],
            "nickname": "",
            "phone_numbers": [],
            "preferred_language": "",
            "profile_url": "",
            "timezone": "",
            "title": "",
            "user_id": "7183ad2a-10a1-708a-f7d8-200ec09dd377",
            "user_name": "abhishek.majumdar@infracloud.io",
            "user_type": ""
          },
          "sensitive_attributes": []
        },
        {
          "index_key": "aiman.shahbad@infracloud.io",
          "schema_version": 0,
          "attributes": {
            "addresses": [],
            "alternate_identifier": [
              {
                "external_id": [],
                "unique_attribute": [
                  {
                    "attribute_path": "UserName",
                    "attribute_value": "aiman.shahbad@infracloud.io"
                  }
                ]
              }
            ],
            "display_name": "Aiman Shahbad",
            "emails": [
              {
                "primary": true,
                "type": "work",
                "value": "aiman.shahbad@infracloud.io"
              }
            ],
            "external_ids": [],
            "filter": null,
            "id": "41931d3a-5061-701f-cb4b-4e77946c4350",
            "identity_store_id": "d-9f672ca174",
            "locale": "",
            "name": [
              {
                "family_name": "Shahbad",
                "formatted": "",
                "given_name": "Aiman",
                "honorific_prefix": "",
                "honorific_suffix": "",
                "middle_name": ""
              }
            ],
            "nickname": "",
            "phone_numbers": [],
            "preferred_language": "",
            "profile_url": "",
            "timezone": "",
            "title": "",
            "user_id": "41931d3a-5061-701f-cb4b-4e77946c4350",
            "user_name": "aiman.shahbad@infracloud.io",
            "user_type": ""
          },
          "sensitive_attributes": []
        },
        {
          "index_key": "ajay.joshi@infracloud.io",
          "schema_version": 0,
          "attributes": {
            "addresses": [],
            "alternate_identifier": [
              {
                "external_id": [],
                "unique_attribute": [
                  {
                    "attribute_path": "UserName",
                    "attribute_value": "ajay.joshi@infracloud.io"
                  }
                ]
              }
            ],
            "display_name": "Ajay Joshi",
            "emails": [
              {
                "primary": true,
                "type": "work",
                "value": "ajay.joshi@infracloud.io"
              }
            ],
            "external_ids": [],
            "filter": null,
            "id": "4163fdba-1081-7097-78b5-d1f333ad8709",
            "identity_store_id": "d-9f672ca174",
            "locale": "",
            "name": [
              {
                "family_name": "Joshi",
                "formatted": "",
                "given_name": "Ajay",
                "honorific_prefix": "",
                "honorific_suffix": "",
                "middle_name": ""
              }
            ],
            "nickname": "",
            "phone_numbers": [],
            "preferred_language": "",
            "profile_url": "",
            "timezone": "",
            "title": "",
            "user_id": "4163fdba-1081-7097-78b5-d1f333ad8709",
            "user_name": "ajay.joshi@infracloud.io",
            "user_type": ""
          },
          "sensitive_attributes": []
        },
        {
          "index_key": "akshay.awate@infracloud.io",
          "schema_version": 0,
          "attributes": {
            "addresses": [],
            "alternate_identifier": [
              {
                "external_id": [],
                "unique_attribute": [
                  {
                    "attribute_path": "UserName",
                    "attribute_value": "akshay.awate@infracloud.io"
                  }
                ]
              }
            ],
            "display_name": "Akshay Awate",
            "emails": [
              {
                "primary": true,
                "type": "work",
                "value": "akshay.awate@infracloud.io"
              }
            ],
            "external_ids": [],
            "filter": null,
            "id": "6163bd6a-60b1-705e-b714-4559eb44ed5d",
            "identity_store_id": "d-9f672ca174",
            "locale": "",
            "name": [
              {
                "family_name": "Awate",
                "formatted": "",
                "given_name": "Akshay",
                "honorific_prefix": "",
                "honorific_suffix": "",
                "middle_name": ""
              }
            ],
            "nickname": "",
            "phone_numbers": [],
            "preferred_language": "",
            "profile_url": "",
            "timezone": "",
            "title": "",
            "user_id": "6163bd6a-60b1-705e-b714-4559eb44ed5d",
            "user_name": "akshay.awate@infracloud.io",
            "user_type": ""
          },
          "sensitive_attributes": []
        },
        {
          "index_key": "amanjuneja@infracloud.io",
          "schema_version": 0,
          "attributes": {
            "addresses": [],
            "alternate_identifier": [
              {
                "external_id": [],
                "unique_attribute": [
                  {
                    "attribute_path": "UserName",
                    "attribute_value": "amanjuneja@infracloud.io"
                  }
                ]
              }
            ],
            "display_name": "Aman Juneja",
            "emails": [
              {
                "primary": true,
                "type": "work",
                "value": "amanjuneja@infracloud.io"
              }
            ],
            "external_ids": [],
            "filter": null,
            "id": "b113adfa-5081-70e1-e779-8fd1ca0dd61d",
            "identity_store_id": "d-9f672ca174",
            "locale": "",
            "name": [
              {
                "family_name": "Juneja",
                "formatted": "",
                "given_name": "Aman",
                "honorific_prefix": "",
                "honorific_suffix": "",
                "middle_name": ""
              }
            ],
            "nickname": "",
            "phone_numbers": [],
            "preferred_language": "",
            "profile_url": "",
            "timezone": "",
            "title": "",
            "user_id": "b113adfa-5081-70e1-e779-8fd1ca0dd61d",
            "user_name": "amanjuneja@infracloud.io",
            "user_type": ""
          },
          "sensitive_attributes": []
        },
        {
          "index_key": "amar.chand@infracloud.io",
          "schema_version": 0,
          "attributes": {
            "addresses": [],
            "alternate_identifier": [
              {
                "external_id": [],
                "unique_attribute": [
                  {
                    "attribute_path": "UserName",
                    "attribute_value": "amar.chand@infracloud.io"
                  }
                ]
              }
            ],
            "display_name": "Amar Chand",
            "emails": [
              {
                "primary": true,
                "type": "work",
                "value": "amar.chand@infracloud.io"
              }
            ],
            "external_ids": [],
            "filter": null,
            "id": "9f672ca174-5a8317a7-50f9-427e-82dc-54bfa1bf5bdb",
            "identity_store_id": "d-9f672ca174",
            "locale": "",
            "name": [
              {
                "family_name": "Chand",
                "formatted": "",
                "given_name": "Amar",
                "honorific_prefix": "",
                "honorific_suffix": "",
                "middle_name": ""
              }
            ],
            "nickname": "",
            "phone_numbers": [],
            "preferred_language": "",
            "profile_url": "",
            "timezone": "",
            "title": "",
            "user_id": "9f672ca174-5a8317a7-50f9-427e-82dc-54bfa1bf5bdb",
            "user_name": "amar.chand@infracloud.io",
            "user_type": ""
          },
          "sensitive_attributes": []
        },
        {
          "index_key": "amey.rivankar@infracloud.io",
          "schema_version": 0,
          "attributes": {
            "addresses": [],
            "alternate_identifier": [
              {
                "external_id": [],
                "unique_attribute": [
                  {
                    "attribute_path": "UserName",
                    "attribute_value": "amey.rivankar@infracloud.io"
                  }
                ]
              }
            ],
            "display_name": "Amey Rivankar",
            "emails": [
              {
                "primary": true,
                "type": "work",
                "value": "amey.rivankar@infracloud.io"
              }
            ],
            "external_ids": [],
            "filter": null,
            "id": "f1f30d7a-8001-70e3-88ef-6bf7ff286836",
            "identity_store_id": "d-9f672ca174",
            "locale": "",
            "name": [
              {
                "family_name": "Rivankar",
                "formatted": "",
                "given_name": "Amey",
                "honorific_prefix": "",
                "honorific_suffix": "",
                "middle_name": ""
              }
            ],
            "nickname": "",
            "phone_numbers": [],
            "preferred_language": "",
            "profile_url": "",
            "timezone": "",
            "title": "",
            "user_id": "f1f30d7a-8001-70e3-88ef-6bf7ff286836",
            "user_name": "amey.rivankar@infracloud.io",
            "user_type": ""
          },
          "sensitive_attributes": []
        },
        {
          "index_key": "amit.kulkarni@infracloud.io",
          "schema_version": 0,
          "attributes": {
            "addresses": [],
            "alternate_identifier": [
              {
                "external_id": [],
                "unique_attribute": [
                  {
                    "attribute_path": "UserName",
                    "attribute_value": "amit.kulkarni@infracloud.io"
                  }
                ]
              }
            ],
            "display_name": "Amit Kulkarni",
            "emails": [
              {
                "primary": true,
                "type": "work",
                "value": "amit.kulkarni@infracloud.io"
              }
            ],
            "external_ids": [],
            "filter": null,
            "id": "01e3fdca-0081-70e8-d8ea-18fbcdd48b72",
            "identity_store_id": "d-9f672ca174",
            "locale": "",
            "name": [
              {
                "family_name": "Kulkarni",
                "formatted": "",
                "given_name": "Amit",
                "honorific_prefix": "",
                "honorific_suffix": "",
                "middle_name": ""
              }
            ],
            "nickname": "",
            "phone_numbers": [],
            "preferred_language": "",
            "profile_url": "",
            "timezone": "",
            "title": "",
            "user_id": "01e3fdca-0081-70e8-d8ea-18fbcdd48b72",
            "user_name": "amit.kulkarni@infracloud.io",
            "user_type": ""
          },
          "sensitive_attributes": []
        },
        {
          "index_key": "arjun.av@infracloud.io",
          "schema_version": 0,
          "attributes": {
            "addresses": [],
            "alternate_identifier": [
              {
                "external_id": [],
                "unique_attribute": [
                  {
                    "attribute_path": "UserName",
                    "attribute_value": "arjun.av@infracloud.io"
                  }
                ]
              }
            ],
            "display_name": "Arjun AV",
            "emails": [
              {
                "primary": true,
                "type": "work",
                "value": "arjun.av@infracloud.io"
              }
            ],
            "external_ids": [],
            "filter": null,
            "id": "a1b35dfa-a011-70b1-7c28-f31dde28030d",
            "identity_store_id": "d-9f672ca174",
            "locale": "",
            "name": [
              {
                "family_name": "AV",
                "formatted": "",
                "given_name": "Arjun",
                "honorific_prefix": "",
                "honorific_suffix": "",
                "middle_name": ""
              }
            ],
            "nickname": "",
            "phone_numbers": [],
            "preferred_language": "",
            "profile_url": "",
            "timezone": "",
            "title": "",
            "user_id": "a1b35dfa-a011-70b1-7c28-f31dde28030d",
            "user_name": "arjun.av@infracloud.io",
            "user_type": ""
          },
          "sensitive_attributes": []
        },
        {
          "index_key": "ayesha.saha@infracloud.io",
          "schema_version": 0,
          "attributes": {
            "addresses": [],
            "alternate_identifier": [
              {
                "external_id": [],
                "unique_attribute": [
                  {
                    "attribute_path": "UserName",
                    "attribute_value": "ayesha.saha@infracloud.io"
                  }
                ]
              }
            ],
            "display_name": "Ayesha Saha",
            "emails": [
              {
                "primary": true,
                "type": "work",
                "value": "ayesha.saha@infracloud.io"
              }
            ],
            "external_ids": [],
            "filter": null,
            "id": "9f672ca174-29477237-329d-4685-b7a2-240cf6cf053c",
            "identity_store_id": "d-9f672ca174",
            "locale": "",
            "name": [
              {
                "family_name": "Saha",
                "formatted": "",
                "given_name": "Ayesha",
                "honorific_prefix": "",
                "honorific_suffix": "",
                "middle_name": ""
              }
            ],
            "nickname": "",
            "phone_numbers": [],
            "preferred_language": "",
            "profile_url": "",
            "timezone": "",
            "title": "",
            "user_id": "9f672ca174-29477237-329d-4685-b7a2-240cf6cf053c",
            "user_name": "ayesha.saha@infracloud.io",
            "user_type": ""
          },
          "sensitive_attributes": []
        },
        {
          "index_key": "ayush.surana@infracloud.io",
          "schema_version": 0,
          "attributes": {
            "addresses": [],
            "alternate_identifier": [
              {
                "external_id": [],
                "unique_attribute": [
                  {
                    "attribute_path": "UserName",
                    "attribute_value": "ayush.surana@infracloud.io"
                  }
                ]
              }
            ],
            "display_name": "Ayush Surana",
            "emails": [
              {
                "primary": true,
                "type": "work",
                "value": "ayush.surana@infracloud.io"
              }
            ],
            "external_ids": [],
            "filter": null,
            "id": "c1537d3a-20d1-7060-23b0-5357edcb1cd5",
            "identity_store_id": "d-9f672ca174",
            "locale": "",
            "name": [
              {
                "family_name": "Surana",
                "formatted": "",
                "given_name": "Ayush",
                "honorific_prefix": "",
                "honorific_suffix": "",
                "middle_name": ""
              }
            ],
            "nickname": "",
            "phone_numbers": [],
            "preferred_language": "",
            "profile_url": "",
            "timezone": "",
            "title": "",
            "user_id": "c1537d3a-20d1-7060-23b0-5357edcb1cd5",
            "user_name": "ayush.surana@infracloud.io",
            "user_type": ""
          },
          "sensitive_attributes": []
        },
        {
          "index_key": "bhagyesh.soni@infracloud.io",
          "schema_version": 0,
          "attributes": {
            "addresses": [],
            "alternate_identifier": [
              {
                "external_id": [],
                "unique_attribute": [
                  {
                    "attribute_path": "UserName",
                    "attribute_value": "bhagyesh.soni@infracloud.io"
                  }
                ]
              }
            ],
            "display_name": "bhagyesh soni",
            "emails": [
              {
                "primary": true,
                "type": "work",
                "value": "bhagyesh.soni@infracloud.io"
              }
            ],
            "external_ids": [],
            "filter": null,
            "id": "91431dca-d091-70fa-15f2-c9411a1580a4",
            "identity_store_id": "d-9f672ca174",
            "locale": "",
            "name": [
              {
                "family_name": "soni",
                "formatted": "",
                "given_name": "bhagyesh",
                "honorific_prefix": "",
                "honorific_suffix": "",
                "middle_name": ""
              }
            ],
            "nickname": "",
            "phone_numbers": [],
            "preferred_language": "",
            "profile_url": "",
            "timezone": "",
            "title": "",
            "user_id": "91431dca-d091-70fa-15f2-c9411a1580a4",
            "user_name": "bhagyesh.soni@infracloud.io",
            "user_type": ""
          },
          "sensitive_attributes": []
        },
        {
          "index_key": "burhanuddin.shaikh@infracloud.io",
          "schema_version": 0,
          "attributes": {
            "addresses": [],
            "alternate_identifier": [
              {
                "external_id": [],
                "unique_attribute": [
                  {
                    "attribute_path": "UserName",
                    "attribute_value": "burhanuddin.shaikh@infracloud.io"
                  }
                ]
              }
            ],
            "display_name": "burhan shaikh",
            "emails": [
              {
                "primary": true,
                "type": "work",
                "value": "burhanuddin.shaikh@infracloud.io"
              }
            ],
            "external_ids": [],
            "filter": null,
            "id": "11a3edda-50f1-70e4-d9a3-92eab38e4141",
            "identity_store_id": "d-9f672ca174",
            "locale": "",
            "name": [
              {
                "family_name": "shaikh",
                "formatted": "",
                "given_name": "burhan",
                "honorific_prefix": "",
                "honorific_suffix": "",
                "middle_name": ""
              }
            ],
            "nickname": "",
            "phone_numbers": [],
            "preferred_language": "",
            "profile_url": "",
            "timezone": "",
            "title": "",
            "user_id": "11a3edda-50f1-70e4-d9a3-92eab38e4141",
            "user_name": "burhanuddin.shaikh@infracloud.io",
            "user_type": ""
          },
          "sensitive_attributes": []
        },
        {
          "index_key": "charan.karuparthi@infracloud.io",
          "schema_version": 0,
          "attributes": {
            "addresses": [],
            "alternate_identifier": [
              {
                "external_id": [],
                "unique_attribute": [
                  {
                    "attribute_path": "UserName",
                    "attribute_value": "charan.karuparthi@infracloud.io"
                  }
                ]
              }
            ],
            "display_name": "Charan Karuparthi",
            "emails": [
              {
                "primary": true,
                "type": "work",
                "value": "charan.karuparthi@infracloud.io"
              }
            ],
            "external_ids": [],
            "filter": null,
            "id": "a133adea-a0d1-70e1-ac70-57bf858255dc",
            "identity_store_id": "d-9f672ca174",
            "locale": "",
            "name": [
              {
                "family_name": "Karuparthi",
                "formatted": "",
                "given_name": "Charan",
                "honorific_prefix": "",
                "honorific_suffix": "",
                "middle_name": ""
              }
            ],
            "nickname": "",
            "phone_numbers": [],
            "preferred_language": "",
            "profile_url": "",
            "timezone": "",
            "title": "",
            "user_id": "a133adea-a0d1-70e1-ac70-57bf858255dc",
            "user_name": "charan.karuparthi@infracloud.io",
            "user_type": ""
          },
          "sensitive_attributes": []
        },
        {
          "index_key": "chendilkumar.manoharan@infracloud.io",
          "schema_version": 0,
          "attributes": {
            "addresses": [],
            "alternate_identifier": [
              {
                "external_id": [],
                "unique_attribute": [
                  {
                    "attribute_path": "UserName",
                    "attribute_value": "chendilkumar.manoharan@infracloud.io"
                  }
                ]
              }
            ],
            "display_name": "Chendil Kumar Manoharan",
            "emails": [
              {
                "primary": true,
                "type": "work",
                "value": "chendilkumar.manoharan@infracloud.io"
              }
            ],
            "external_ids": [],
            "filter": null,
            "id": "61639dda-90a1-7052-6152-9a0a00dc9491",
            "identity_store_id": "d-9f672ca174",
            "locale": "",
            "name": [
              {
                "family_name": "Kumar Manoharan",
                "formatted": "",
                "given_name": "Chendil",
                "honorific_prefix": "",
                "honorific_suffix": "",
                "middle_name": ""
              }
            ],
            "nickname": "",
            "phone_numbers": [],
            "preferred_language": "",
            "profile_url": "",
            "timezone": "",
            "title": "",
            "user_id": "61639dda-90a1-7052-6152-9a0a00dc9491",
            "user_name": "chendilkumar.manoharan@infracloud.io",
            "user_type": ""
          },
          "sensitive_attributes": []
        },
        {
          "index_key": "dada.gore@infracloud.io",
          "schema_version": 0,
          "attributes": {
            "addresses": [],
            "alternate_identifier": [
              {
                "external_id": [],
                "unique_attribute": [
                  {
                    "attribute_path": "UserName",
                    "attribute_value": "dada.gore@infracloud.io"
                  }
                ]
              }
            ],
            "display_name": "Dada Gore",
            "emails": [
              {
                "primary": true,
                "type": "work",
                "value": "dada.gore@infracloud.io"
              }
            ],
            "external_ids": [],
            "filter": null,
            "id": "d163fd6a-90d1-70a5-ac7c-92a741935d36",
            "identity_store_id": "d-9f672ca174",
            "locale": "",
            "name": [
              {
                "family_name": "Gore",
                "formatted": "",
                "given_name": "Dada",
                "honorific_prefix": "",
                "honorific_suffix": "",
                "middle_name": ""
              }
            ],
            "nickname": "",
            "phone_numbers": [],
            "preferred_language": "",
            "profile_url": "",
            "timezone": "",
            "title": "",
            "user_id": "d163fd6a-90d1-70a5-ac7c-92a741935d36",
            "user_name": "dada.gore@infracloud.io",
            "user_type": ""
          },
          "sensitive_attributes": []
        },
        {
          "index_key": "dhruv.mewada@infracloud.io",
          "schema_version": 0,
          "attributes": {
            "addresses": [],
            "alternate_identifier": [
              {
                "external_id": [],
                "unique_attribute": [
                  {
                    "attribute_path": "UserName",
                    "attribute_value": "dhruv.mewada@infracloud.io"
                  }
                ]
              }
            ],
            "display_name": "Dhruv Mewada",
            "emails": [
              {
                "primary": true,
                "type": "work",
                "value": "dhruv.mewada@infracloud.io"
              }
            ],
            "external_ids": [],
            "filter": null,
            "id": "41935d1a-0071-7052-c014-133354dcb7dd",
            "identity_store_id": "d-9f672ca174",
            "locale": "",
            "name": [
              {
                "family_name": "Mewada",
                "formatted": "",
                "given_name": "Dhruv",
                "honorific_prefix": "",
                "honorific_suffix": "",
                "middle_name": ""
              }
            ],
            "nickname": "",
            "phone_numbers": [],
            "preferred_language": "",
            "profile_url": "",
            "timezone": "",
            "title": "",
            "user_id": "41935d1a-0071-7052-c014-133354dcb7dd",
            "user_name": "dhruv.mewada@infracloud.io",
            "user_type": ""
          },
          "sensitive_attributes": []
        },
        {
          "index_key": "dipali.bhujbal@infracloud.io",
          "schema_version": 0,
          "attributes": {
            "addresses": [],
            "alternate_identifier": [
              {
                "external_id": [],
                "unique_attribute": [
                  {
                    "attribute_path": "UserName",
                    "attribute_value": "dipali.bhujbal@infracloud.io"
                  }
                ]
              }
            ],
            "display_name": "Dipali Bhujbal",
            "emails": [
              {
                "primary": true,
                "type": "work",
                "value": "dipali.bhujbal@infracloud.io"
              }
            ],
            "external_ids": [],
            "filter": null,
            "id": "a1930dca-d0c1-704f-3002-e0f3beca6150",
            "identity_store_id": "d-9f672ca174",
            "locale": "",
            "name": [
              {
                "family_name": "Bhujbal",
                "formatted": "",
                "given_name": "Dipali",
                "honorific_prefix": "",
                "honorific_suffix": "",
                "middle_name": ""
              }
            ],
            "nickname": "",
            "phone_numbers": [],
            "preferred_language": "",
            "profile_url": "",
            "timezone": "",
            "title": "",
            "user_id": "a1930dca-d0c1-704f-3002-e0f3beca6150",
            "user_name": "dipali.bhujbal@infracloud.io",
            "user_type": ""
          },
          "sensitive_attributes": []
        },
        {
          "index_key": "gaurav@infracloud.io",
          "schema_version": 0,
          "attributes": {
            "addresses": [],
            "alternate_identifier": [
              {
                "external_id": [],
                "unique_attribute": [
                  {
                    "attribute_path": "UserName",
                    "attribute_value": "gaurav@infracloud.io"
                  }
                ]
              }
            ],
            "display_name": "Gaurav Chaware",
            "emails": [
              {
                "primary": true,
                "type": "work",
                "value": "gaurav@infracloud.io"
              }
            ],
            "external_ids": [],
            "filter": null,
            "id": "9f672ca174-059e2d28-7d3d-4355-bea8-d8842563877a",
            "identity_store_id": "d-9f672ca174",
            "locale": "",
            "name": [
              {
                "family_name": "Chaware",
                "formatted": "",
                "given_name": "Gaurav",
                "honorific_prefix": "",
                "honorific_suffix": "",
                "middle_name": ""
              }
            ],
            "nickname": "",
            "phone_numbers": [],
            "preferred_language": "",
            "profile_url": "",
            "timezone": "",
            "title": "",
            "user_id": "9f672ca174-059e2d28-7d3d-4355-bea8-d8842563877a",
            "user_name": "gaurav@infracloud.io",
            "user_type": ""
          },
          "sensitive_attributes": []
        },
        {
          "index_key": "harsha.chitale@infracloud.io",
          "schema_version": 0,
          "attributes": {
            "addresses": [],
            "alternate_identifier": [
              {
                "external_id": [],
                "unique_attribute": [
                  {
                    "attribute_path": "UserName",
                    "attribute_value": "harsha.chitale@infracloud.io"
                  }
                ]
              }
            ],
            "display_name": "harsha chitale",
            "emails": [
              {
                "primary": true,
                "type": "work",
                "value": "harsha.chitale@infracloud.io"
              }
            ],
            "external_ids": [],
            "filter": null,
            "id": "f1d35d7a-90b1-70be-cac6-7f592e2a4971",
            "identity_store_id": "d-9f672ca174",
            "locale": "",
            "name": [
              {
                "family_name": "chitale",
                "formatted": "",
                "given_name": "harsha",
                "honorific_prefix": "",
                "honorific_suffix": "",
                "middle_name": ""
              }
            ],
            "nickname": "",
            "phone_numbers": [],
            "preferred_language": "",
            "profile_url": "",
            "timezone": "",
            "title": "",
            "user_id": "f1d35d7a-90b1-70be-cac6-7f592e2a4971",
            "user_name": "harsha.chitale@infracloud.io",
            "user_type": ""
          },
          "sensitive_attributes": []
        },
        {
          "index_key": "harshal.yadwadkar@infracloud.io",
          "schema_version": 0,
          "attributes": {
            "addresses": [],
            "alternate_identifier": [
              {
                "external_id": [],
                "unique_attribute": [
                  {
                    "attribute_path": "UserName",
                    "attribute_value": "harshal.yadwadkar@infracloud.io"
                  }
                ]
              }
            ],
            "display_name": "Harshal Yadwadkar",
            "emails": [
              {
                "primary": true,
                "type": "work",
                "value": "harshal.yadwadkar@infracloud.io"
              }
            ],
            "external_ids": [],
            "filter": null,
            "id": "d1f36d4a-2091-70e2-0911-bfdc961b1495",
            "identity_store_id": "d-9f672ca174",
            "locale": "",
            "name": [
              {
                "family_name": "Yadwadkar",
                "formatted": "",
                "given_name": "Harshal",
                "honorific_prefix": "",
                "honorific_suffix": "",
                "middle_name": ""
              }
            ],
            "nickname": "",
            "phone_numbers": [],
            "preferred_language": "",
            "profile_url": "",
            "timezone": "",
            "title": "",
            "user_id": "d1f36d4a-2091-70e2-0911-bfdc961b1495",
            "user_name": "harshal.yadwadkar@infracloud.io",
            "user_type": ""
          },
          "sensitive_attributes": []
        },
        {
          "index_key": "inesh.shyamala@infracloud.io",
          "schema_version": 0,
          "attributes": {
            "addresses": [],
            "alternate_identifier": [
              {
                "external_id": [],
                "unique_attribute": [
                  {
                    "attribute_path": "UserName",
                    "attribute_value": "inesh.shyamala@infracloud.io"
                  }
                ]
              }
            ],
            "display_name": "Inesh shyamala",
            "emails": [
              {
                "primary": true,
                "type": "work",
                "value": "inesh.shyamala@infracloud.io"
              }
            ],
            "external_ids": [],
            "filter": null,
            "id": "b1338d8a-4011-70dc-036f-e8171d33fc13",
            "identity_store_id": "d-9f672ca174",
            "locale": "",
            "name": [
              {
                "family_name": "shyamala",
                "formatted": "",
                "given_name": "Inesh",
                "honorific_prefix": "",
                "honorific_suffix": "",
                "middle_name": ""
              }
            ],
            "nickname": "",
            "phone_numbers": [],
            "preferred_language": "",
            "profile_url": "",
            "timezone": "",
            "title": "",
            "user_id": "b1338d8a-4011-70dc-036f-e8171d33fc13",
            "user_name": "inesh.shyamala@infracloud.io",
            "user_type": ""
          },
          "sensitive_attributes": []
        },
        {
          "index_key": "jeet.desai@infracloud.io",
          "schema_version": 0,
          "attributes": {
            "addresses": [],
            "alternate_identifier": [
              {
                "external_id": [],
                "unique_attribute": [
                  {
                    "attribute_path": "UserName",
                    "attribute_value": "jeet.desai@infracloud.io"
                  }
                ]
              }
            ],
            "display_name": "Jeet desai",
            "emails": [
              {
                "primary": true,
                "type": "work",
                "value": "jeet.desai@infracloud.io"
              }
            ],
            "external_ids": [],
            "filter": null,
            "id": "21d38dda-5091-70c7-08d0-e86ee436ad95",
            "identity_store_id": "d-9f672ca174",
            "locale": "",
            "name": [
              {
                "family_name": "desai",
                "formatted": "",
                "given_name": "Jeet",
                "honorific_prefix": "",
                "honorific_suffix": "",
                "middle_name": ""
              }
            ],
            "nickname": "",
            "phone_numbers": [],
            "preferred_language": "",
            "profile_url": "",
            "timezone": "",
            "title": "",
            "user_id": "21d38dda-5091-70c7-08d0-e86ee436ad95",
            "user_name": "jeet.desai@infracloud.io",
            "user_type": ""
          },
          "sensitive_attributes": []
        },
        {
          "index_key": "khushboo.khatter@infracloud.io",
          "schema_version": 0,
          "attributes": {
            "addresses": [],
            "alternate_identifier": [
              {
                "external_id": [],
                "unique_attribute": [
                  {
                    "attribute_path": "UserName",
                    "attribute_value": "khushboo.khatter@infracloud.io"
                  }
                ]
              }
            ],
            "display_name": "khushboo khatter",
            "emails": [
              {
                "primary": true,
                "type": "work",
                "value": "khushboo.khatter@infracloud.io"
              }
            ],
            "external_ids": [],
            "filter": null,
            "id": "a1531dea-d0b1-7007-8292-062e94670f71",
            "identity_store_id": "d-9f672ca174",
            "locale": "",
            "name": [
              {
                "family_name": "khatter",
                "formatted": "",
                "given_name": "khushboo",
                "honorific_prefix": "",
                "honorific_suffix": "",
                "middle_name": ""
              }
            ],
            "nickname": "",
            "phone_numbers": [],
            "preferred_language": "",
            "profile_url": "",
            "timezone": "",
            "title": "",
            "user_id": "a1531dea-d0b1-7007-8292-062e94670f71",
            "user_name": "khushboo.khatter@infracloud.io",
            "user_type": ""
          },
          "sensitive_attributes": []
        },
        {
          "index_key": "lakshmanan.samynathan@infracloud.io",
          "schema_version": 0,
          "attributes": {
            "addresses": [],
            "alternate_identifier": [
              {
                "external_id": [],
                "unique_attribute": [
                  {
                    "attribute_path": "UserName",
                    "attribute_value": "lakshmanan.samynathan@infracloud.io"
                  }
                ]
              }
            ],
            "display_name": "lakshmanan samynathan",
            "emails": [
              {
                "primary": true,
                "type": "work",
                "value": "lakshmanan.samynathan@infracloud.io"
              }
            ],
            "external_ids": [],
            "filter": null,
            "id": "0183ddaa-f0d1-707f-3979-10583b8434e9",
            "identity_store_id": "d-9f672ca174",
            "locale": "",
            "name": [
              {
                "family_name": "samynathan",
                "formatted": "",
                "given_name": "lakshmanan",
                "honorific_prefix": "",
                "honorific_suffix": "",
                "middle_name": ""
              }
            ],
            "nickname": "",
            "phone_numbers": [],
            "preferred_language": "",
            "profile_url": "",
            "timezone": "",
            "title": "",
            "user_id": "0183ddaa-f0d1-707f-3979-10583b8434e9",
            "user_name": "lakshmanan.samynathan@infracloud.io",
            "user_type": ""
          },
          "sensitive_attributes": []
        },
        {
          "index_key": "lakshmikanth.s@infracloud.io",
          "schema_version": 0,
          "attributes": {
            "addresses": [],
            "alternate_identifier": [
              {
                "external_id": [],
                "unique_attribute": [
                  {
                    "attribute_path": "UserName",
                    "attribute_value": "lakshmikanth.s@infracloud.io"
                  }
                ]
              }
            ],
            "display_name": "Lakshmikanth Shivanna",
            "emails": [
              {
                "primary": true,
                "type": "work",
                "value": "lakshmikanth.s@infracloud.io"
              }
            ],
            "external_ids": [],
            "filter": null,
            "id": "51831d3a-00f1-7080-eee2-a466fde7cc9e",
            "identity_store_id": "d-9f672ca174",
            "locale": "",
            "name": [
              {
                "family_name": "Shivanna",
                "formatted": "",
                "given_name": "Lakshmikanth",
                "honorific_prefix": "",
                "honorific_suffix": "",
                "middle_name": ""
              }
            ],
            "nickname": "",
            "phone_numbers": [],
            "preferred_language": "",
            "profile_url": "",
            "timezone": "",
            "title": "",
            "user_id": "51831d3a-00f1-7080-eee2-a466fde7cc9e",
            "user_name": "lakshmikanth.s@infracloud.io",
            "user_type": ""
          },
          "sensitive_attributes": []
        },
        {
          "index_key": "mahaboob.basha@infracloud.io",
          "schema_version": 0,
          "attributes": {
            "addresses": [],
            "alternate_identifier": [
              {
                "external_id": [],
                "unique_attribute": [
                  {
                    "attribute_path": "UserName",
                    "attribute_value": "mahaboob.basha@infracloud.io"
                  }
                ]
              }
            ],
            "display_name": "mahaboob basha",
            "emails": [
              {
                "primary": true,
                "type": "work",
                "value": "mahaboob.basha@infracloud.io"
              }
            ],
            "external_ids": [],
            "filter": null,
            "id": "91b3adaa-c041-704e-aa10-a6fb161549c2",
            "identity_store_id": "d-9f672ca174",
            "locale": "",
            "name": [
              {
                "family_name": "basha",
                "formatted": "",
                "given_name": "mahaboob",
                "honorific_prefix": "",
                "honorific_suffix": "",
                "middle_name": ""
              }
            ],
            "nickname": "",
            "phone_numbers": [],
            "preferred_language": "",
            "profile_url": "",
            "timezone": "",
            "title": "",
            "user_id": "91b3adaa-c041-704e-aa10-a6fb161549c2",
            "user_name": "mahaboob.basha@infracloud.io",
            "user_type": ""
          },
          "sensitive_attributes": []
        },
        {
          "index_key": "mahesh.baliga@infracloud.io",
          "schema_version": 0,
          "attributes": {
            "addresses": [],
            "alternate_identifier": [
              {
                "external_id": [],
                "unique_attribute": [
                  {
                    "attribute_path": "UserName",
                    "attribute_value": "mahesh.baliga@infracloud.io"
                  }
                ]
              }
            ],
            "display_name": "Mahesh Baliga",
            "emails": [
              {
                "primary": true,
                "type": "work",
                "value": "mahesh.baliga@infracloud.io"
              }
            ],
            "external_ids": [],
            "filter": null,
            "id": "71c3dd0a-7031-708b-b2b3-212fb14e1fe7",
            "identity_store_id": "d-9f672ca174",
            "locale": "",
            "name": [
              {
                "family_name": "Baliga",
                "formatted": "",
                "given_name": "Mahesh",
                "honorific_prefix": "",
                "honorific_suffix": "",
                "middle_name": ""
              }
            ],
            "nickname": "",
            "phone_numbers": [],
            "preferred_language": "",
            "profile_url": "",
            "timezone": "",
            "title": "",
            "user_id": "71c3dd0a-7031-708b-b2b3-212fb14e1fe7",
            "user_name": "mahesh.baliga@infracloud.io",
            "user_type": ""
          },
          "sensitive_attributes": []
        },
        {
          "index_key": "mohammed.l@infracloud.io",
          "schema_version": 0,
          "attributes": {
            "addresses": [],
            "alternate_identifier": [
              {
                "external_id": [],
                "unique_attribute": [
                  {
                    "attribute_path": "UserName",
                    "attribute_value": "mohammed.l@infracloud.io"
                  }
                ]
              }
            ],
            "display_name": "Mohammed  Afzal",
            "emails": [
              {
                "primary": true,
                "type": "work",
                "value": "mohammed.l@infracloud.io"
              }
            ],
            "external_ids": [],
            "filter": null,
            "id": "9f672ca174-83c37d2c-8778-4921-a7ad-428a8c265b59",
            "identity_store_id": "d-9f672ca174",
            "locale": "",
            "name": [
              {
                "family_name": "Afzal",
                "formatted": "",
                "given_name": "Mohammed ",
                "honorific_prefix": "",
                "honorific_suffix": "",
                "middle_name": ""
              }
            ],
            "nickname": "",
            "phone_numbers": [],
            "preferred_language": "",
            "profile_url": "",
            "timezone": "",
            "title": "",
            "user_id": "9f672ca174-83c37d2c-8778-4921-a7ad-428a8c265b59",
            "user_name": "mohammed.l@infracloud.io",
            "user_type": ""
          },
          "sensitive_attributes": []
        },
        {
          "index_key": "nikhil.purva@infracloud.io",
          "schema_version": 0,
          "attributes": {
            "addresses": [],
            "alternate_identifier": [
              {
                "external_id": [],
                "unique_attribute": [
                  {
                    "attribute_path": "UserName",
                    "attribute_value": "nikhil.purva@infracloud.io"
                  }
                ]
              }
            ],
            "display_name": "nikhil purva",
            "emails": [
              {
                "primary": true,
                "type": "work",
                "value": "nikhil.purva@infracloud.io"
              }
            ],
            "external_ids": [],
            "filter": null,
            "id": "9f672ca174-c49c5cda-8c0d-4d3c-8169-37fbefc3c720",
            "identity_store_id": "d-9f672ca174",
            "locale": "",
            "name": [
              {
                "family_name": "purva",
                "formatted": "",
                "given_name": "nikhil",
                "honorific_prefix": "",
                "honorific_suffix": "",
                "middle_name": ""
              }
            ],
            "nickname": "",
            "phone_numbers": [],
            "preferred_language": "",
            "profile_url": "",
            "timezone": "",
            "title": "",
            "user_id": "9f672ca174-c49c5cda-8c0d-4d3c-8169-37fbefc3c720",
            "user_name": "nikhil.purva@infracloud.io",
            "user_type": ""
          },
          "sensitive_attributes": []
        },
        {
          "index_key": "ninad@infracloud.io",
          "schema_version": 0,
          "attributes": {
            "addresses": [],
            "alternate_identifier": [
              {
                "external_id": [],
                "unique_attribute": [
                  {
                    "attribute_path": "UserName",
                    "attribute_value": "ninad@infracloud.io"
                  }
                ]
              }
            ],
            "display_name": "Ninad Desai",
            "emails": [
              {
                "primary": true,
                "type": "work",
                "value": "ninad@infracloud.io"
              }
            ],
            "external_ids": [],
            "filter": null,
            "id": "9f672ca174-84698c43-7e98-452a-8afe-d18a11580f93",
            "identity_store_id": "d-9f672ca174",
            "locale": "",
            "name": [
              {
                "family_name": "Desai",
                "formatted": "",
                "given_name": "Ninad",
                "honorific_prefix": "",
                "honorific_suffix": "",
                "middle_name": ""
              }
            ],
            "nickname": "",
            "phone_numbers": [],
            "preferred_language": "",
            "profile_url": "",
            "timezone": "",
            "title": "",
            "user_id": "9f672ca174-84698c43-7e98-452a-8afe-d18a11580f93",
            "user_name": "ninad@infracloud.io",
            "user_type": ""
          },
          "sensitive_attributes": []
        },
        {
          "index_key": "nishant.barola@infracloud.io",
          "schema_version": 0,
          "attributes": {
            "addresses": [],
            "alternate_identifier": [
              {
                "external_id": [],
                "unique_attribute": [
                  {
                    "attribute_path": "UserName",
                    "attribute_value": "nishant.barola@infracloud.io"
                  }
                ]
              }
            ],
            "display_name": "Nishant Barola",
            "emails": [
              {
                "primary": true,
                "type": "work",
                "value": "nishant.barola@infracloud.io"
              }
            ],
            "external_ids": [],
            "filter": null,
            "id": "11835d5a-e001-703a-142c-3ad38ebaf266",
            "identity_store_id": "d-9f672ca174",
            "locale": "",
            "name": [
              {
                "family_name": "Barola",
                "formatted": "",
                "given_name": "Nishant",
                "honorific_prefix": "",
                "honorific_suffix": "",
                "middle_name": ""
              }
            ],
            "nickname": "",
            "phone_numbers": [],
            "preferred_language": "",
            "profile_url": "",
            "timezone": "",
            "title": "",
            "user_id": "11835d5a-e001-703a-142c-3ad38ebaf266",
            "user_name": "nishant.barola@infracloud.io",
            "user_type": ""
          },
          "sensitive_attributes": []
        },
        {
          "index_key": "nitesh@infracloud.io",
          "schema_version": 0,
          "attributes": {
            "addresses": [],
            "alternate_identifier": [
              {
                "external_id": [],
                "unique_attribute": [
                  {
                    "attribute_path": "UserName",
                    "attribute_value": "nitesh@infracloud.io"
                  }
                ]
              }
            ],
            "display_name": "Nitesh Saini",
            "emails": [
              {
                "primary": true,
                "type": "work",
                "value": "nitesh@infracloud.io"
              }
            ],
            "external_ids": [],
            "filter": null,
            "id": "9f672ca174-fa10cd69-b13c-4d85-aa0b-dc07a8351a64",
            "identity_store_id": "d-9f672ca174",
            "locale": "",
            "name": [
              {
                "family_name": "Saini",
                "formatted": "",
                "given_name": "Nitesh",
                "honorific_prefix": "",
                "honorific_suffix": "",
                "middle_name": ""
              }
            ],
            "nickname": "",
            "phone_numbers": [],
            "preferred_language": "",
            "profile_url": "",
            "timezone": "",
            "title": "",
            "user_id": "9f672ca174-fa10cd69-b13c-4d85-aa0b-dc07a8351a64",
            "user_name": "nitesh@infracloud.io",
            "user_type": ""
          },
          "sensitive_attributes": []
        },
        {
          "index_key": "nitin.naidu@infracloud.io",
          "schema_version": 0,
          "attributes": {
            "addresses": [],
            "alternate_identifier": [
              {
                "external_id": [],
                "unique_attribute": [
                  {
                    "attribute_path": "UserName",
                    "attribute_value": "nitin.naidu@infracloud.io"
                  }
                ]
              }
            ],
            "display_name": "nitin naidu",
            "emails": [
              {
                "primary": true,
                "type": "work",
                "value": "nitin.naidu@infracloud.io"
              }
            ],
            "external_ids": [],
            "filter": null,
            "id": "91637d2a-e0c1-7041-2c18-e01097eabcee",
            "identity_store_id": "d-9f672ca174",
            "locale": "",
            "name": [
              {
                "family_name": "naidu",
                "formatted": "",
                "given_name": "nitin",
                "honorific_prefix": "",
                "honorific_suffix": "",
                "middle_name": ""
              }
            ],
            "nickname": "",
            "phone_numbers": [],
            "preferred_language": "",
            "profile_url": "",
            "timezone": "",
            "title": "",
            "user_id": "91637d2a-e0c1-7041-2c18-e01097eabcee",
            "user_name": "nitin.naidu@infracloud.io",
            "user_type": ""
          },
          "sensitive_attributes": []
        },
        {
          "index_key": "pavan.ng@infracloud.io",
          "schema_version": 0,
          "attributes": {
            "addresses": [],
            "alternate_identifier": [
              {
                "external_id": [],
                "unique_attribute": [
                  {
                    "attribute_path": "UserName",
                    "attribute_value": "pavan.ng@infracloud.io"
                  }
                ]
              }
            ],
            "display_name": "Pavan N G",
            "emails": [
              {
                "primary": true,
                "type": "work",
                "value": "pavan.ng@infracloud.io"
              }
            ],
            "external_ids": [],
            "filter": null,
            "id": "21f32dba-f041-7057-02fb-4316657470c3",
            "identity_store_id": "d-9f672ca174",
            "locale": "",
            "name": [
              {
                "family_name": "N G",
                "formatted": "",
                "given_name": "Pavan",
                "honorific_prefix": "",
                "honorific_suffix": "",
                "middle_name": ""
              }
            ],
            "nickname": "",
            "phone_numbers": [],
            "preferred_language": "",
            "profile_url": "",
            "timezone": "",
            "title": "",
            "user_id": "21f32dba-f041-7057-02fb-4316657470c3",
            "user_name": "pavan.ng@infracloud.io",
            "user_type": ""
          },
          "sensitive_attributes": []
        },
        {
          "index_key": "pooja@infracloud.io",
          "schema_version": 0,
          "attributes": {
            "addresses": [],
            "alternate_identifier": [
              {
                "external_id": [],
                "unique_attribute": [
                  {
                    "attribute_path": "UserName",
                    "attribute_value": "pooja@infracloud.io"
                  }
                ]
              }
            ],
            "display_name": "Pooja Dhoot",
            "emails": [
              {
                "primary": true,
                "type": "work",
                "value": "pooja@infracloud.io"
              }
            ],
            "external_ids": [],
            "filter": null,
            "id": "31d33daa-50e1-7031-36e7-76ab31a931c3",
            "identity_store_id": "d-9f672ca174",
            "locale": "",
            "name": [
              {
                "family_name": "Dhoot",
                "formatted": "",
                "given_name": "Pooja",
                "honorific_prefix": "",
                "honorific_suffix": "",
                "middle_name": ""
              }
            ],
            "nickname": "",
            "phone_numbers": [],
            "preferred_language": "",
            "profile_url": "",
            "timezone": "",
            "title": "",
            "user_id": "31d33daa-50e1-7031-36e7-76ab31a931c3",
            "user_name": "pooja@infracloud.io",
            "user_type": ""
          },
          "sensitive_attributes": []
        },
        {
          "index_key": "pratheesh.p@infracloud.io",
          "schema_version": 0,
          "attributes": {
            "addresses": [],
            "alternate_identifier": [
              {
                "external_id": [],
                "unique_attribute": [
                  {
                    "attribute_path": "UserName",
                    "attribute_value": "pratheesh.p@infracloud.io"
                  }
                ]
              }
            ],
            "display_name": "Pratheesh P",
            "emails": [
              {
                "primary": true,
                "type": "work",
                "value": "pratheesh.p@infracloud.io"
              }
            ],
            "external_ids": [],
            "filter": null,
            "id": "01e39d6a-5051-7059-5ac2-20c4c30c79df",
            "identity_store_id": "d-9f672ca174",
            "locale": "",
            "name": [
              {
                "family_name": "P",
                "formatted": "",
                "given_name": "Pratheesh",
                "honorific_prefix": "",
                "honorific_suffix": "",
                "middle_name": ""
              }
            ],
            "nickname": "",
            "phone_numbers": [],
            "preferred_language": "",
            "profile_url": "",
            "timezone": "",
            "title": "",
            "user_id": "01e39d6a-5051-7059-5ac2-20c4c30c79df",
            "user_name": "pratheesh.p@infracloud.io",
            "user_type": ""
          },
          "sensitive_attributes": []
        },
        {
          "index_key": "pratik@infracloud.io",
          "schema_version": 0,
          "attributes": {
            "addresses": [],
            "alternate_identifier": [
              {
                "external_id": [],
                "unique_attribute": [
                  {
                    "attribute_path": "UserName",
                    "attribute_value": "pratik@infracloud.io"
                  }
                ]
              }
            ],
            "display_name": "Pratik Shah",
            "emails": [
              {
                "primary": true,
                "type": "work",
                "value": "pratik@infracloud.io"
              }
            ],
            "external_ids": [],
            "filter": null,
            "id": "81334d4a-f091-702e-ca38-94204c02d77d",
            "identity_store_id": "d-9f672ca174",
            "locale": "",
            "name": [
              {
                "family_name": "Shah",
                "formatted": "",
                "given_name": "Pratik",
                "honorific_prefix": "",
                "honorific_suffix": "",
                "middle_name": ""
              }
            ],
            "nickname": "",
            "phone_numbers": [],
            "preferred_language": "",
            "profile_url": "",
            "timezone": "",
            "title": "",
            "user_id": "81334d4a-f091-702e-ca38-94204c02d77d",
            "user_name": "pratik@infracloud.io",
            "user_type": ""
          },
          "sensitive_attributes": []
        },
        {
          "index_key": "purushottam.reddy@infracloud.io",
          "schema_version": 0,
          "attributes": {
            "addresses": [],
            "alternate_identifier": [
              {
                "external_id": [],
                "unique_attribute": [
                  {
                    "attribute_path": "UserName",
                    "attribute_value": "purushottam.reddy@infracloud.io"
                  }
                ]
              }
            ],
            "display_name": "Purushottam Reddy",
            "emails": [
              {
                "primary": true,
                "type": "work",
                "value": "purushottam.reddy@infracloud.io"
              }
            ],
            "external_ids": [],
            "filter": null,
            "id": "71535d5a-f031-7030-ca5d-9980ca53af95",
            "identity_store_id": "d-9f672ca174",
            "locale": "",
            "name": [
              {
                "family_name": "Reddy",
                "formatted": "",
                "given_name": "Purushottam",
                "honorific_prefix": "",
                "honorific_suffix": "",
                "middle_name": ""
              }
            ],
            "nickname": "",
            "phone_numbers": [],
            "preferred_language": "",
            "profile_url": "",
            "timezone": "",
            "title": "",
            "user_id": "71535d5a-f031-7030-ca5d-9980ca53af95",
            "user_name": "purushottam.reddy@infracloud.io",
            "user_type": ""
          },
          "sensitive_attributes": []
        },
        {
          "index_key": "rajesh.kumar@infracloud.io",
          "schema_version": 0,
          "attributes": {
            "addresses": [],
            "alternate_identifier": [
              {
                "external_id": [],
                "unique_attribute": [
                  {
                    "attribute_path": "UserName",
                    "attribute_value": "rajesh.kumar@infracloud.io"
                  }
                ]
              }
            ],
            "display_name": "rajesh kumar",
            "emails": [
              {
                "primary": true,
                "type": "work",
                "value": "rajesh.kumar@infracloud.io"
              }
            ],
            "external_ids": [],
            "filter": null,
            "id": "d1c38d2a-8041-70e0-015c-387ee008077e",
            "identity_store_id": "d-9f672ca174",
            "locale": "",
            "name": [
              {
                "family_name": "kumar",
                "formatted": "",
                "given_name": "rajesh",
                "honorific_prefix": "",
                "honorific_suffix": "",
                "middle_name": ""
              }
            ],
            "nickname": "",
            "phone_numbers": [],
            "preferred_language": "",
            "profile_url": "",
            "timezone": "",
            "title": "",
            "user_id": "d1c38d2a-8041-70e0-015c-387ee008077e",
            "user_name": "rajesh.kumar@infracloud.io",
            "user_type": ""
          },
          "sensitive_attributes": []
        },
        {
          "index_key": "rayan.das@infracloud.io",
          "schema_version": 0,
          "attributes": {
            "addresses": [],
            "alternate_identifier": [
              {
                "external_id": [],
                "unique_attribute": [
                  {
                    "attribute_path": "UserName",
                    "attribute_value": "rayan.das@infracloud.io"
                  }
                ]
              }
            ],
            "display_name": "Rayan Das",
            "emails": [
              {
                "primary": true,
                "type": "work",
                "value": "rayan.das@infracloud.io"
              }
            ],
            "external_ids": [],
            "filter": null,
            "id": "9f672ca174-f0b0d136-209f-43f9-af82-f09a82aec387",
            "identity_store_id": "d-9f672ca174",
            "locale": "",
            "name": [
              {
                "family_name": "Das",
                "formatted": "",
                "given_name": "Rayan",
                "honorific_prefix": "",
                "honorific_suffix": "",
                "middle_name": ""
              }
            ],
            "nickname": "",
            "phone_numbers": [],
            "preferred_language": "",
            "profile_url": "",
            "timezone": "",
            "title": "",
            "user_id": "9f672ca174-f0b0d136-209f-43f9-af82-f09a82aec387",
            "user_name": "rayan.das@infracloud.io",
            "user_type": ""
          },
          "sensitive_attributes": []
        },
        {
          "index_key": "richa.mishra@infracloud.io",
          "schema_version": 0,
          "attributes": {
            "addresses": [],
            "alternate_identifier": [
              {
                "external_id": [],
                "unique_attribute": [
                  {
                    "attribute_path": "UserName",
                    "attribute_value": "richa.mishra@infracloud.io"
                  }
                ]
              }
            ],
            "display_name": "Richa Mishra",
            "emails": [
              {
                "primary": true,
                "type": "work",
                "value": "richa.mishra@infracloud.io"
              }
            ],
            "external_ids": [],
            "filter": null,
            "id": "9f672ca174-d52a039b-bacf-4261-bf03-e2ca959388a1",
            "identity_store_id": "d-9f672ca174",
            "locale": "",
            "name": [
              {
                "family_name": "Mishra",
                "formatted": "",
                "given_name": "Richa",
                "honorific_prefix": "",
                "honorific_suffix": "",
                "middle_name": ""
              }
            ],
            "nickname": "",
            "phone_numbers": [],
            "preferred_language": "",
            "profile_url": "",
            "timezone": "",
            "title": "",
            "user_id": "9f672ca174-d52a039b-bacf-4261-bf03-e2ca959388a1",
            "user_name": "richa.mishra@infracloud.io",
            "user_type": ""
          },
          "sensitive_attributes": []
        },
        {
          "index_key": "rounak.upadhye@infracloud.io",
          "schema_version": 0,
          "attributes": {
            "addresses": [],
            "alternate_identifier": [
              {
                "external_id": [],
                "unique_attribute": [
                  {
                    "attribute_path": "UserName",
                    "attribute_value": "rounak.upadhye@infracloud.io"
                  }
                ]
              }
            ],
            "display_name": "Rounak u",
            "emails": [
              {
                "primary": true,
                "type": "work",
                "value": "rounak.upadhye@infracloud.io"
              }
            ],
            "external_ids": [],
            "filter": null,
            "id": "4153cd3a-0071-7021-7bb0-827600d5c4e2",
            "identity_store_id": "d-9f672ca174",
            "locale": "",
            "name": [
              {
                "family_name": "u",
                "formatted": "",
                "given_name": "Rounak",
                "honorific_prefix": "",
                "honorific_suffix": "",
                "middle_name": ""
              }
            ],
            "nickname": "",
            "phone_numbers": [],
            "preferred_language": "",
            "profile_url": "",
            "timezone": "",
            "title": "",
            "user_id": "4153cd3a-0071-7021-7bb0-827600d5c4e2",
            "user_name": "rounak.upadhye@infracloud.io",
            "user_type": ""
          },
          "sensitive_attributes": []
        },
        {
          "index_key": "rucha.bhange@infracloud.io",
          "schema_version": 0,
          "attributes": {
            "addresses": [],
            "alternate_identifier": [
              {
                "external_id": [],
                "unique_attribute": [
                  {
                    "attribute_path": "UserName",
                    "attribute_value": "rucha.bhange@infracloud.io"
                  }
                ]
              }
            ],
            "display_name": "Ruch  bhange",
            "emails": [
              {
                "primary": true,
                "type": "work",
                "value": "rucha.bhange@infracloud.io"
              }
            ],
            "external_ids": [],
            "filter": null,
            "id": "7173fd9a-1021-7030-6914-f77b86b8589c",
            "identity_store_id": "d-9f672ca174",
            "locale": "",
            "name": [
              {
                "family_name": "bhange",
                "formatted": "",
                "given_name": "Ruch ",
                "honorific_prefix": "",
                "honorific_suffix": "",
                "middle_name": ""
              }
            ],
            "nickname": "",
            "phone_numbers": [],
            "preferred_language": "",
            "profile_url": "",
            "timezone": "",
            "title": "",
            "user_id": "7173fd9a-1021-7030-6914-f77b86b8589c",
            "user_name": "rucha.bhange@infracloud.io",
            "user_type": ""
          },
          "sensitive_attributes": []
        },
        {
          "index_key": "runit.misra@infracloud.io",
          "schema_version": 0,
          "attributes": {
            "addresses": [],
            "alternate_identifier": [
              {
                "external_id": [],
                "unique_attribute": [
                  {
                    "attribute_path": "UserName",
                    "attribute_value": "runit.misra@infracloud.io"
                  }
                ]
              }
            ],
            "display_name": "runit misra",
            "emails": [
              {
                "primary": true,
                "type": "work",
                "value": "runit.misra@infracloud.io"
              }
            ],
            "external_ids": [],
            "filter": null,
            "id": "11c3ddea-7071-7056-ab77-164935647da8",
            "identity_store_id": "d-9f672ca174",
            "locale": "",
            "name": [
              {
                "family_name": "misra",
                "formatted": "",
                "given_name": "runit",
                "honorific_prefix": "",
                "honorific_suffix": "",
                "middle_name": ""
              }
            ],
            "nickname": "",
            "phone_numbers": [],
            "preferred_language": "",
            "profile_url": "",
            "timezone": "",
            "title": "",
            "user_id": "11c3ddea-7071-7056-ab77-164935647da8",
            "user_name": "runit.misra@infracloud.io",
            "user_type": ""
          },
          "sensitive_attributes": []
        },
        {
          "index_key": "sahil@infracloud.io",
          "schema_version": 0,
          "attributes": {
            "addresses": [],
            "alternate_identifier": [
              {
                "external_id": [],
                "unique_attribute": [
                  {
                    "attribute_path": "UserName",
                    "attribute_value": "sahil@infracloud.io"
                  }
                ]
              }
            ],
            "display_name": "Sahil Lakhwani",
            "emails": [
              {
                "primary": true,
                "type": "work",
                "value": "sahil@infracloud.io"
              }
            ],
            "external_ids": [],
            "filter": null,
            "id": "6173ad4a-c0f1-7017-e99d-9a457713a847",
            "identity_store_id": "d-9f672ca174",
            "locale": "",
            "name": [
              {
                "family_name": "Lakhwani",
                "formatted": "",
                "given_name": "Sahil",
                "honorific_prefix": "",
                "honorific_suffix": "",
                "middle_name": ""
              }
            ],
            "nickname": "",
            "phone_numbers": [],
            "preferred_language": "",
            "profile_url": "",
            "timezone": "",
            "title": "",
            "user_id": "6173ad4a-c0f1-7017-e99d-9a457713a847",
            "user_name": "sahil@infracloud.io",
            "user_type": ""
          },
          "sensitive_attributes": []
        },
        {
          "index_key": "sandeepraj.bhandari@infracloud.io",
          "schema_version": 0,
          "attributes": {
            "addresses": [],
            "alternate_identifier": [
              {
                "external_id": [],
                "unique_attribute": [
                  {
                    "attribute_path": "UserName",
                    "attribute_value": "sandeepraj.bhandari@infracloud.io"
                  }
                ]
              }
            ],
            "display_name": "Sandeepraj Bhandari",
            "emails": [
              {
                "primary": true,
                "type": "work",
                "value": "sandeepraj.bhandari@infracloud.io"
              }
            ],
            "external_ids": [],
            "filter": null,
            "id": "e1233daa-1021-70f8-19fd-46fb5d1dfa11",
            "identity_store_id": "d-9f672ca174",
            "locale": "",
            "name": [
              {
                "family_name": "Bhandari",
                "formatted": "",
                "given_name": "Sandeepraj",
                "honorific_prefix": "",
                "honorific_suffix": "",
                "middle_name": ""
              }
            ],
            "nickname": "",
            "phone_numbers": [],
            "preferred_language": "",
            "profile_url": "",
            "timezone": "",
            "title": "",
            "user_id": "e1233daa-1021-70f8-19fd-46fb5d1dfa11",
            "user_name": "sandeepraj.bhandari@infracloud.io",
            "user_type": ""
          },
          "sensitive_attributes": []
        },
        {
          "index_key": "santosh.gajawada@infracloud.io",
          "schema_version": 0,
          "attributes": {
            "addresses": [],
            "alternate_identifier": [
              {
                "external_id": [],
                "unique_attribute": [
                  {
                    "attribute_path": "UserName",
                    "attribute_value": "santosh.gajawada@infracloud.io"
                  }
                ]
              }
            ],
            "display_name": "Santosh Gajawada",
            "emails": [
              {
                "primary": true,
                "type": "work",
                "value": "santosh.gajawada@infracloud.io"
              }
            ],
            "external_ids": [],
            "filter": null,
            "id": "51b3bdaa-e071-70b5-e91a-5357673b14c2",
            "identity_store_id": "d-9f672ca174",
            "locale": "",
            "name": [
              {
                "family_name": "Gajawada",
                "formatted": "",
                "given_name": "Santosh",
                "honorific_prefix": "",
                "honorific_suffix": "",
                "middle_name": ""
              }
            ],
            "nickname": "",
            "phone_numbers": [],
            "preferred_language": "",
            "profile_url": "",
            "timezone": "",
            "title": "",
            "user_id": "51b3bdaa-e071-70b5-e91a-5357673b14c2",
            "user_name": "santosh.gajawada@infracloud.io",
            "user_type": ""
          },
          "sensitive_attributes": []
        },
        {
          "index_key": "sarvanand.jannu@infracloud.io",
          "schema_version": 0,
          "attributes": {
            "addresses": [],
            "alternate_identifier": [
              {
                "external_id": [],
                "unique_attribute": [
                  {
                    "attribute_path": "UserName",
                    "attribute_value": "sarvanand.jannu@infracloud.io"
                  }
                ]
              }
            ],
            "display_name": "Sarvanand P Jannu",
            "emails": [
              {
                "primary": true,
                "type": "work",
                "value": "sarvanand.jannu@infracloud.io"
              }
            ],
            "external_ids": [],
            "filter": null,
            "id": "9f672ca174-d5f9dcae-4fbb-4b39-bc6e-28ee95710276",
            "identity_store_id": "d-9f672ca174",
            "locale": "",
            "name": [
              {
                "family_name": "P Jannu",
                "formatted": "",
                "given_name": "Sarvanand",
                "honorific_prefix": "",
                "honorific_suffix": "",
                "middle_name": ""
              }
            ],
            "nickname": "",
            "phone_numbers": [],
            "preferred_language": "",
            "profile_url": "",
            "timezone": "",
            "title": "",
            "user_id": "9f672ca174-d5f9dcae-4fbb-4b39-bc6e-28ee95710276",
            "user_name": "sarvanand.jannu@infracloud.io",
            "user_type": ""
          },
          "sensitive_attributes": []
        },
        {
          "index_key": "security+main@infracloud.io",
          "schema_version": 0,
          "attributes": {
            "addresses": [],
            "alternate_identifier": [
              {
                "external_id": [],
                "unique_attribute": [
                  {
                    "attribute_path": "UserName",
                    "attribute_value": "security+main@infracloud.io"
                  }
                ]
              }
            ],
            "display_name": "AWS Control Tower Admin",
            "emails": [
              {
                "primary": false,
                "type": "",
                "value": "security+main@infracloud.io"
              }
            ],
            "external_ids": [],
            "filter": null,
            "id": "9f672ca174-7ea96c89-362a-4798-9e21-3a117a4ed7ed",
            "identity_store_id": "d-9f672ca174",
            "locale": "",
            "name": [
              {
                "family_name": "Admin",
                "formatted": "",
                "given_name": "AWS Control Tower",
                "honorific_prefix": "",
                "honorific_suffix": "",
                "middle_name": ""
              }
            ],
            "nickname": "",
            "phone_numbers": [],
            "preferred_language": "",
            "profile_url": "",
            "timezone": "",
            "title": "",
            "user_id": "9f672ca174-7ea96c89-362a-4798-9e21-3a117a4ed7ed",
            "user_name": "security+main@infracloud.io",
            "user_type": ""
          },
          "sensitive_attributes": []
        },
        {
          "index_key": "security@infracloud.io",
          "schema_version": 0,
          "attributes": {
            "addresses": [],
            "alternate_identifier": [
              {
                "external_id": [],
                "unique_attribute": [
                  {
                    "attribute_path": "UserName",
                    "attribute_value": "security@infracloud.io"
                  }
                ]
              }
            ],
            "display_name": "InfoSec Team",
            "emails": [
              {
                "primary": false,
                "type": "",
                "value": "security@infracloud.io"
              }
            ],
            "external_ids": [],
            "filter": null,
            "id": "11a30d5a-50e1-70c7-f69d-823eb72b5d93",
            "identity_store_id": "d-9f672ca174",
            "locale": "",
            "name": [
              {
                "family_name": "Team",
                "formatted": "",
                "given_name": "InfoSec",
                "honorific_prefix": "",
                "honorific_suffix": "",
                "middle_name": ""
              }
            ],
            "nickname": "",
            "phone_numbers": [],
            "preferred_language": "",
            "profile_url": "",
            "timezone": "",
            "title": "",
            "user_id": "11a30d5a-50e1-70c7-f69d-823eb72b5d93",
            "user_name": "security@infracloud.io",
            "user_type": ""
          },
          "sensitive_attributes": []
        },
        {
          "index_key": "shehbaz.khan@infracloud.io",
          "schema_version": 0,
          "attributes": {
            "addresses": [],
            "alternate_identifier": [
              {
                "external_id": [],
                "unique_attribute": [
                  {
                    "attribute_path": "UserName",
                    "attribute_value": "shehbaz.khan@infracloud.io"
                  }
                ]
              }
            ],
            "display_name": "Shehbaz Khan",
            "emails": [
              {
                "primary": true,
                "type": "work",
                "value": "shehbaz.khan@infracloud.io"
              }
            ],
            "external_ids": [],
            "filter": null,
            "id": "9143bd6a-0091-70bf-d328-93d25393751e",
            "identity_store_id": "d-9f672ca174",
            "locale": "",
            "name": [
              {
                "family_name": "Khan",
                "formatted": "",
                "given_name": "Shehbaz",
                "honorific_prefix": "",
                "honorific_suffix": "",
                "middle_name": ""
              }
            ],
            "nickname": "",
            "phone_numbers": [],
            "preferred_language": "",
            "profile_url": "",
            "timezone": "",
            "title": "",
            "user_id": "9143bd6a-0091-70bf-d328-93d25393751e",
            "user_name": "shehbaz.khan@infracloud.io",
            "user_type": ""
          },
          "sensitive_attributes": []
        },
        {
          "index_key": "shraddha.totala@infracloud.io",
          "schema_version": 0,
          "attributes": {
            "addresses": [],
            "alternate_identifier": [
              {
                "external_id": [],
                "unique_attribute": [
                  {
                    "attribute_path": "UserName",
                    "attribute_value": "shraddha.totala@infracloud.io"
                  }
                ]
              }
            ],
            "display_name": "Shraddha Totala",
            "emails": [
              {
                "primary": true,
                "type": "work",
                "value": "shraddha.totala@infracloud.io"
              }
            ],
            "external_ids": [],
            "filter": null,
            "id": "9183ed4a-c0e1-7049-7d14-92171fd9a96e",
            "identity_store_id": "d-9f672ca174",
            "locale": "",
            "name": [
              {
                "family_name": "Totala",
                "formatted": "",
                "given_name": "Shraddha",
                "honorific_prefix": "",
                "honorific_suffix": "",
                "middle_name": ""
              }
            ],
            "nickname": "",
            "phone_numbers": [],
            "preferred_language": "",
            "profile_url": "",
            "timezone": "",
            "title": "",
            "user_id": "9183ed4a-c0e1-7049-7d14-92171fd9a96e",
            "user_name": "shraddha.totala@infracloud.io",
            "user_type": ""
          },
          "sensitive_attributes": []
        },
        {
          "index_key": "shubhada.rathor@infracloud.io",
          "schema_version": 0,
          "attributes": {
            "addresses": [],
            "alternate_identifier": [
              {
                "external_id": [],
                "unique_attribute": [
                  {
                    "attribute_path": "UserName",
                    "attribute_value": "shubhada.rathor@infracloud.io"
                  }
                ]
              }
            ],
            "display_name": "shubhada rathor",
            "emails": [
              {
                "primary": true,
                "type": "work",
                "value": "shubhada.rathor@infracloud.io"
              }
            ],
            "external_ids": [],
            "filter": null,
            "id": "51137d0a-e0a1-701c-ad41-f5fea3dae417",
            "identity_store_id": "d-9f672ca174",
            "locale": "",
            "name": [
              {
                "family_name": "rathor",
                "formatted": "",
                "given_name": "shubhada",
                "honorific_prefix": "",
                "honorific_suffix": "",
                "middle_name": ""
              }
            ],
            "nickname": "",
            "phone_numbers": [],
            "preferred_language": "",
            "profile_url": "",
            "timezone": "",
            "title": "",
            "user_id": "51137d0a-e0a1-701c-ad41-f5fea3dae417",
            "user_name": "shubhada.rathor@infracloud.io",
            "user_type": ""
          },
          "sensitive_attributes": []
        },
        {
          "index_key": "sudarshan.sr@infracloud.io",
          "schema_version": 0,
          "attributes": {
            "addresses": [],
            "alternate_identifier": [
              {
                "external_id": [],
                "unique_attribute": [
                  {
                    "attribute_path": "UserName",
                    "attribute_value": "sudarshan.sr@infracloud.io"
                  }
                ]
              }
            ],
            "display_name": "Sudarshan S R",
            "emails": [
              {
                "primary": true,
                "type": "work",
                "value": "sudarshan.sr@infracloud.io"
              }
            ],
            "external_ids": [],
            "filter": null,
            "id": "21535dca-b0e1-7083-642a-f59c6fc98dfc",
            "identity_store_id": "d-9f672ca174",
            "locale": "",
            "name": [
              {
                "family_name": "S R",
                "formatted": "",
                "given_name": "Sudarshan",
                "honorific_prefix": "",
                "honorific_suffix": "",
                "middle_name": ""
              }
            ],
            "nickname": "",
            "phone_numbers": [],
            "preferred_language": "",
            "profile_url": "",
            "timezone": "",
            "title": "",
            "user_id": "21535dca-b0e1-7083-642a-f59c6fc98dfc",
            "user_name": "sudarshan.sr@infracloud.io",
            "user_type": ""
          },
          "sensitive_attributes": []
        },
        {
          "index_key": "sunil.subramanya@infracloud.io",
          "schema_version": 0,
          "attributes": {
            "addresses": [],
            "alternate_identifier": [
              {
                "external_id": [],
                "unique_attribute": [
                  {
                    "attribute_path": "UserName",
                    "attribute_value": "sunil.subramanya@infracloud.io"
                  }
                ]
              }
            ],
            "display_name": "sunil s",
            "emails": [
              {
                "primary": true,
                "type": "work",
                "value": "sunil.subramanya@infracloud.io"
              }
            ],
            "external_ids": [],
            "filter": null,
            "id": "c1e3ad1a-90a1-7052-8fcb-53ea796ac782",
            "identity_store_id": "d-9f672ca174",
            "locale": "",
            "name": [
              {
                "family_name": "s",
                "formatted": "",
                "given_name": "sunil",
                "honorific_prefix": "",
                "honorific_suffix": "",
                "middle_name": ""
              }
            ],
            "nickname": "",
            "phone_numbers": [],
            "preferred_language": "",
            "profile_url": "",
            "timezone": "",
            "title": "",
            "user_id": "c1e3ad1a-90a1-7052-8fcb-53ea796ac782",
            "user_name": "sunil.subramanya@infracloud.io",
            "user_type": ""
          },
          "sensitive_attributes": []
        },
        {
          "index_key": "ubaid.ansari@infracloud.io",
          "schema_version": 0,
          "attributes": {
            "addresses": [],
            "alternate_identifier": [
              {
                "external_id": [],
                "unique_attribute": [
                  {
                    "attribute_path": "UserName",
                    "attribute_value": "ubaid.ansari@infracloud.io"
                  }
                ]
              }
            ],
            "display_name": "ubaid ansari",
            "emails": [
              {
                "primary": true,
                "type": "work",
                "value": "ubaid.ansari@infracloud.io"
              }
            ],
            "external_ids": [],
            "filter": null,
            "id": "d1032d8a-e011-70c5-9636-dd2004f1335e",
            "identity_store_id": "d-9f672ca174",
            "locale": "",
            "name": [
              {
                "family_name": "ansari",
                "formatted": "",
                "given_name": "ubaid",
                "honorific_prefix": "",
                "honorific_suffix": "",
                "middle_name": ""
              }
            ],
            "nickname": "",
            "phone_numbers": [],
            "preferred_language": "",
            "profile_url": "",
            "timezone": "",
            "title": "",
            "user_id": "d1032d8a-e011-70c5-9636-dd2004f1335e",
            "user_name": "ubaid.ansari@infracloud.io",
            "user_type": ""
          },
          "sensitive_attributes": []
        },
        {
          "index_key": "vaibhav.gupta@infracloud.io",
          "schema_version": 0,
          "attributes": {
            "addresses": [],
            "alternate_identifier": [
              {
                "external_id": [],
                "unique_attribute": [
                  {
                    "attribute_path": "UserName",
                    "attribute_value": "vaibhav.gupta@infracloud.io"
                  }
                ]
              }
            ],
            "display_name": "Vaibhav Gupta",
            "emails": [
              {
                "primary": true,
                "type": "work",
                "value": "vaibhav.gupta@infracloud.io"
              }
            ],
            "external_ids": [],
            "filter": null,
            "id": "b1831daa-f021-7075-87f6-11e9192a5532",
            "identity_store_id": "d-9f672ca174",
            "locale": "",
            "name": [
              {
                "family_name": "Gupta",
                "formatted": "",
                "given_name": "Vaibhav",
                "honorific_prefix": "",
                "honorific_suffix": "",
                "middle_name": ""
              }
            ],
            "nickname": "",
            "phone_numbers": [],
            "preferred_language": "",
            "profile_url": "",
            "timezone": "",
            "title": "",
            "user_id": "b1831daa-f021-7075-87f6-11e9192a5532",
            "user_name": "vaibhav.gupta@infracloud.io",
            "user_type": ""
          },
          "sensitive_attributes": []
        },
        {
          "index_key": "varun.kumar@infracloud.io",
          "schema_version": 0,
          "attributes": {
            "addresses": [],
            "alternate_identifier": [
              {
                "external_id": [],
                "unique_attribute": [
                  {
                    "attribute_path": "UserName",
                    "attribute_value": "varun.kumar@infracloud.io"
                  }
                ]
              }
            ],
            "display_name": "Varun Kumar",
            "emails": [
              {
                "primary": true,
                "type": "work",
                "value": "varun.kumar@infracloud.io"
              }
            ],
            "external_ids": [],
            "filter": null,
            "id": "9f672ca174-19b663a1-8d0b-4f25-8caa-c97eb2f56487",
            "identity_store_id": "d-9f672ca174",
            "locale": "",
            "name": [
              {
                "family_name": "Kumar",
                "formatted": "",
                "given_name": "Varun",
                "honorific_prefix": "",
                "honorific_suffix": "",
                "middle_name": ""
              }
            ],
            "nickname": "",
            "phone_numbers": [],
            "preferred_language": "",
            "profile_url": "",
            "timezone": "",
            "title": "",
            "user_id": "9f672ca174-19b663a1-8d0b-4f25-8caa-c97eb2f56487",
            "user_name": "varun.kumar@infracloud.io",
            "user_type": ""
          },
          "sensitive_attributes": []
        },
        {
          "index_key": "vishal@infracloud.io",
          "schema_version": 0,
          "attributes": {
            "addresses": [],
            "alternate_identifier": [
              {
                "external_id": [],
                "unique_attribute": [
                  {
                    "attribute_path": "UserName",
                    "attribute_value": "vishal@infracloud.io"
                  }
                ]
              }
            ],
            "display_name": "Vishal Biyani",
            "emails": [
              {
                "primary": true,
                "type": "work",
                "value": "vishal@infracloud.io"
              }
            ],
            "external_ids": [],
            "filter": null,
            "id": "9f672ca174-7eb95e45-e0ed-4901-bc2d-9ba2594f9156",
            "identity_store_id": "d-9f672ca174",
            "locale": "",
            "name": [
              {
                "family_name": "Biyani",
                "formatted": "",
                "given_name": "Vishal",
                "honorific_prefix": "",
                "honorific_suffix": "",
                "middle_name": ""
              }
            ],
            "nickname": "",
            "phone_numbers": [],
            "preferred_language": "",
            "profile_url": "",
            "timezone": "",
            "title": "",
            "user_id": "9f672ca174-7eb95e45-e0ed-4901-bc2d-9ba2594f9156",
            "user_name": "vishal@infracloud.io",
            "user_type": ""
          },
          "sensitive_attributes": []
        }
      ]
    },
    {
      "mode": "data",
      "type": "aws_ssoadmin_instances",
      "name": "example",
      "provider": "provider[\"registry.terraform.io/hashicorp/aws\"]",
      "instances": [
        {
          "schema_version": 0,
          "attributes": {
            "arns": [
              "arn:aws:sso:::instance/ssoins-6595b36b2cbf3a38"
            ],
            "id": "ap-south-1",
            "identity_store_ids": [
              "d-9f672ca174"
            ]
          },
          "sensitive_attributes": []
        }
      ]
    },
    {
      "mode": "data",
      "type": "aws_ssoadmin_instances",
      "name": "this",
      "provider": "provider[\"registry.terraform.io/hashicorp/aws\"]",
      "instances": [
        {
          "schema_version": 0,
          "attributes": {
            "arns": [
              "arn:aws:sso:::instance/ssoins-6595b36b2cbf3a38"
            ],
            "id": "ap-south-1",
            "identity_store_ids": [
              "d-9f672ca174"
            ]
          },
          "sensitive_attributes": []
        }
      ]
    },
    {
      "mode": "managed",
      "type": "aws_identitystore_group",
      "name": "this",
      "provider": "provider[\"registry.terraform.io/hashicorp/aws\"]",
      "instances": [
        {
          "index_key": "AWSAccountFactory",
          "schema_version": 0,
          "attributes": {
            "description": "Read-only access to account factory in AWS Service Catalog for end users",
            "display_name": "AWSAccountFactory",
            "external_ids": [],
            "group_id": "9f672ca174-6d9014df-c888-493f-bf68-bfa08317c3ca",
            "id": "d-9f672ca174/9f672ca174-6d9014df-c888-493f-bf68-bfa08317c3ca",
            "identity_store_id": "d-9f672ca174"
          },
          "sensitive_attributes": [],
          "private": "eyJzY2hlbWFfdmVyc2lvbiI6IjAifQ=="
        },
        {
          "index_key": "AWSAuditAccountAdmins",
          "schema_version": 0,
          "attributes": {
            "description": "Admin rights to cross-account audit account",
            "display_name": "AWSAuditAccountAdmins",
            "external_ids": [],
            "group_id": "9f672ca174-e34d916b-48ae-453a-bf85-f720cb98a90a",
            "id": "d-9f672ca174/9f672ca174-e34d916b-48ae-453a-bf85-f720cb98a90a",
            "identity_store_id": "d-9f672ca174"
          },
          "sensitive_attributes": [],
          "private": "eyJzY2hlbWFfdmVyc2lvbiI6IjAifQ=="
        },
        {
          "index_key": "AWSControlTowerAdmins",
          "schema_version": 0,
          "attributes": {
            "description": "Admin rights to AWS Control Tower core and provisioned accounts",
            "display_name": "AWSControlTowerAdmins",
            "external_ids": [],
            "group_id": "9f672ca174-fd81864c-5927-4bab-a2ef-0bb01d176f07",
            "id": "d-9f672ca174/9f672ca174-fd81864c-5927-4bab-a2ef-0bb01d176f07",
            "identity_store_id": "d-9f672ca174"
          },
          "sensitive_attributes": [],
          "private": "eyJzY2hlbWFfdmVyc2lvbiI6IjAifQ=="
        },
        {
          "index_key": "AWSLogArchiveAdmins",
          "schema_version": 0,
          "attributes": {
            "description": "Admin rights to log archive account",
            "display_name": "AWSLogArchiveAdmins",
            "external_ids": [],
            "group_id": "9f672ca174-5005dec0-d5a7-4ee5-9e37-9f659adcc48c",
            "id": "d-9f672ca174/9f672ca174-5005dec0-d5a7-4ee5-9e37-9f659adcc48c",
            "identity_store_id": "d-9f672ca174"
          },
          "sensitive_attributes": [],
          "private": "eyJzY2hlbWFfdmVyc2lvbiI6IjAifQ=="
        },
        {
          "index_key": "AWSLogArchiveViewers",
          "schema_version": 0,
          "attributes": {
            "description": "Read-only access to log archive account",
            "display_name": "AWSLogArchiveViewers",
            "external_ids": [],
            "group_id": "9f672ca174-085e812a-f578-4126-94bf-4d233dbe5b7b",
            "id": "d-9f672ca174/9f672ca174-085e812a-f578-4126-94bf-4d233dbe5b7b",
            "identity_store_id": "d-9f672ca174"
          },
          "sensitive_attributes": [],
          "private": "eyJzY2hlbWFfdmVyc2lvbiI6IjAifQ=="
        },
        {
          "index_key": "AWSSecurityAuditPowerUsers",
          "schema_version": 0,
          "attributes": {
            "description": "Power user access to all accounts for security audits",
            "display_name": "AWSSecurityAuditPowerUsers",
            "external_ids": [],
            "group_id": "9f672ca174-e361c028-2480-478d-a0ac-0ff9f3b2e9d0",
            "id": "d-9f672ca174/9f672ca174-e361c028-2480-478d-a0ac-0ff9f3b2e9d0",
            "identity_store_id": "d-9f672ca174"
          },
          "sensitive_attributes": [],
          "private": "eyJzY2hlbWFfdmVyc2lvbiI6IjAifQ=="
        },
        {
          "index_key": "AWSSecurityAuditors",
          "schema_version": 0,
          "attributes": {
            "description": "Read-only access to all accounts for security audits",
            "display_name": "AWSSecurityAuditors",
            "external_ids": [],
            "group_id": "9f672ca174-7115bcda-2be1-4ff0-be1e-fb27e4a5122c",
            "id": "d-9f672ca174/9f672ca174-7115bcda-2be1-4ff0-be1e-fb27e4a5122c",
            "identity_store_id": "d-9f672ca174"
          },
          "sensitive_attributes": [],
          "private": "eyJzY2hlbWFfdmVyc2lvbiI6IjAifQ=="
        },
        {
          "index_key": "AWSServiceCatalogAdmins",
          "schema_version": 0,
          "attributes": {
            "description": "Admin rights to account factory in AWS Service Catalog",
            "display_name": "AWSServiceCatalogAdmins",
            "external_ids": [],
            "group_id": "9f672ca174-3893482e-8668-440f-9c0e-482bc88f3de6",
            "id": "d-9f672ca174/9f672ca174-3893482e-8668-440f-9c0e-482bc88f3de6",
            "identity_store_id": "d-9f672ca174"
          },
          "sensitive_attributes": [],
          "private": "eyJzY2hlbWFfdmVyc2lvbiI6IjAifQ=="
        },
        {
          "index_key": "Inception",
          "schema_version": 0,
          "attributes": {
            "description": "",
            "display_name": "Inception",
            "external_ids": [],
            "group_id": "61536d5a-80e1-70e6-65c7-d1e8d12131ea",
            "id": "d-9f672ca174/61536d5a-80e1-70e6-65c7-d1e8d12131ea",
            "identity_store_id": "d-9f672ca174"
          },
          "sensitive_attributes": [],
          "private": "eyJzY2hlbWFfdmVyc2lvbiI6IjAifQ=="
        },
        {
          "index_key": "InfoSec-team",
          "schema_version": 0,
          "attributes": {
            "description": "",
            "display_name": "InfoSec-team",
            "external_ids": [],
            "group_id": "01731d8a-d041-7098-f34b-f545a19e74e1",
            "id": "d-9f672ca174/01731d8a-d041-7098-f34b-f545a19e74e1",
            "identity_store_id": "d-9f672ca174"
          },
          "sensitive_attributes": [],
          "private": "eyJzY2hlbWFfdmVyc2lvbiI6IjAifQ=="
        },
        {
          "index_key": "Managed-service-dev",
          "schema_version": 0,
          "attributes": {
            "description": "Group for managed service dev team",
            "display_name": "Managed-service-dev",
            "external_ids": [],
            "group_id": "d1232d2a-c0d1-70ca-aa8d-d8718e784f7c",
            "id": "d-9f672ca174/d1232d2a-c0d1-70ca-aa8d-d8718e784f7c",
            "identity_store_id": "d-9f672ca174"
          },
          "sensitive_attributes": [],
          "private": "eyJzY2hlbWFfdmVyc2lvbiI6IjAifQ=="
        }
      ]
    },
    {
      "mode": "managed",
      "type": "aws_identitystore_group_membership",
      "name": "example",
      "provider": "provider[\"registry.terraform.io/hashicorp/aws\"]",
      "instances": [
        {
          "index_key": "amar.chand@infracloud.io.Managed-service-dev",
          "schema_version": 0,
          "attributes": {
            "group_id": "d1232d2a-c0d1-70ca-aa8d-d8718e784f7c",
            "id": "d-9f672ca174/f1137dea-30a1-7038-00c0-b0514aba5592",
            "identity_store_id": "d-9f672ca174",
            "member_id": "9f672ca174-5a8317a7-50f9-427e-82dc-54bfa1bf5bdb",
            "membership_id": "f1137dea-30a1-7038-00c0-b0514aba5592"
          },
          "sensitive_attributes": [],
          "private": "eyJzY2hlbWFfdmVyc2lvbiI6IjAifQ=="
        },
        {
          "index_key": "ayesha.saha@infracloud.io.InfoSec-team",
          "schema_version": 0,
          "attributes": {
            "group_id": "01731d8a-d041-7098-f34b-f545a19e74e1",
            "id": "d-9f672ca174/11239d9a-6071-70ff-0c8e-cbd0a006c938",
            "identity_store_id": "d-9f672ca174",
            "member_id": "9f672ca174-29477237-329d-4685-b7a2-240cf6cf053c",
            "membership_id": "11239d9a-6071-70ff-0c8e-cbd0a006c938"
          },
          "sensitive_attributes": [],
          "private": "eyJzY2hlbWFfdmVyc2lvbiI6IjAifQ=="
        },
        {
          "index_key": "bhagyesh.soni@infracloud.io.Inception",
          "schema_version": 0,
          "attributes": {
            "group_id": "61536d5a-80e1-70e6-65c7-d1e8d12131ea",
            "id": "d-9f672ca174/71c36d3a-f0e1-702a-33ec-73772b9e18f8",
            "identity_store_id": "d-9f672ca174",
            "member_id": "91431dca-d091-70fa-15f2-c9411a1580a4",
            "membership_id": "71c36d3a-f0e1-702a-33ec-73772b9e18f8"
          },
          "sensitive_attributes": [],
          "private": "eyJzY2hlbWFfdmVyc2lvbiI6IjAifQ=="
        },
        {
          "index_key": "burhanuddin.shaikh@infracloud.io.Inception",
          "schema_version": 0,
          "attributes": {
            "group_id": "61536d5a-80e1-70e6-65c7-d1e8d12131ea",
            "id": "d-9f672ca174/d183bd4a-e0e1-70d2-e135-f99430eef7fc",
            "identity_store_id": "d-9f672ca174",
            "member_id": "11a3edda-50f1-70e4-d9a3-92eab38e4141",
            "membership_id": "d183bd4a-e0e1-70d2-e135-f99430eef7fc"
          },
          "sensitive_attributes": [],
          "private": "eyJzY2hlbWFfdmVyc2lvbiI6IjAifQ=="
        },
        {
          "index_key": "dada.gore@infracloud.io.Inception",
          "schema_version": 0,
          "attributes": {
            "group_id": "61536d5a-80e1-70e6-65c7-d1e8d12131ea",
            "id": "d-9f672ca174/41432dda-10a1-7052-d2f9-ac9fb0b059fe",
            "identity_store_id": "d-9f672ca174",
            "member_id": "d163fd6a-90d1-70a5-ac7c-92a741935d36",
            "membership_id": "41432dda-10a1-7052-d2f9-ac9fb0b059fe"
          },
          "sensitive_attributes": [],
          "private": "eyJzY2hlbWFfdmVyc2lvbiI6IjAifQ=="
        },
        {
          "index_key": "dhruv.mewada@infracloud.io.Inception",
          "schema_version": 0,
          "attributes": {
            "group_id": "61536d5a-80e1-70e6-65c7-d1e8d12131ea",
            "id": "d-9f672ca174/a1236d5a-1001-70c7-083e-66b9033f60c1",
            "identity_store_id": "d-9f672ca174",
            "member_id": "41935d1a-0071-7052-c014-133354dcb7dd",
            "membership_id": "a1236d5a-1001-70c7-083e-66b9033f60c1"
          },
          "sensitive_attributes": [],
          "private": "eyJzY2hlbWFfdmVyc2lvbiI6IjAifQ=="
        },
        {
          "index_key": "dipali.bhujbal@infracloud.io.Inception",
          "schema_version": 0,
          "attributes": {
            "group_id": "61536d5a-80e1-70e6-65c7-d1e8d12131ea",
            "id": "d-9f672ca174/e1438dca-2001-709c-7f32-b67416287720",
            "identity_store_id": "d-9f672ca174",
            "member_id": "a1930dca-d0c1-704f-3002-e0f3beca6150",
            "membership_id": "e1438dca-2001-709c-7f32-b67416287720"
          },
          "sensitive_attributes": [],
          "private": "eyJzY2hlbWFfdmVyc2lvbiI6IjAifQ=="
        },
        {
          "index_key": "gaurav@infracloud.io.InfoSec-team",
          "schema_version": 0,
          "attributes": {
            "group_id": "01731d8a-d041-7098-f34b-f545a19e74e1",
            "id": "d-9f672ca174/c183cd4a-20f1-705f-5c2c-d4c82517cf14",
            "identity_store_id": "d-9f672ca174",
            "member_id": "9f672ca174-059e2d28-7d3d-4355-bea8-d8842563877a",
            "membership_id": "c183cd4a-20f1-705f-5c2c-d4c82517cf14"
          },
          "sensitive_attributes": [],
          "private": "eyJzY2hlbWFfdmVyc2lvbiI6IjAifQ=="
        },
        {
          "index_key": "harsha.chitale@infracloud.io.Inception",
          "schema_version": 0,
          "attributes": {
            "group_id": "61536d5a-80e1-70e6-65c7-d1e8d12131ea",
            "id": "d-9f672ca174/1163ed9a-1021-70f5-af3a-24f4bf881bf9",
            "identity_store_id": "d-9f672ca174",
            "member_id": "f1d35d7a-90b1-70be-cac6-7f592e2a4971",
            "membership_id": "1163ed9a-1021-70f5-af3a-24f4bf881bf9"
          },
          "sensitive_attributes": [],
          "private": "eyJzY2hlbWFfdmVyc2lvbiI6IjAifQ=="
        },
        {
          "index_key": "harshal.yadwadkar@infracloud.io.Inception",
          "schema_version": 0,
          "attributes": {
            "group_id": "61536d5a-80e1-70e6-65c7-d1e8d12131ea",
            "id": "d-9f672ca174/81032dea-c0f1-701a-2383-116e8bf0827e",
            "identity_store_id": "d-9f672ca174",
            "member_id": "d1f36d4a-2091-70e2-0911-bfdc961b1495",
            "membership_id": "81032dea-c0f1-701a-2383-116e8bf0827e"
          },
          "sensitive_attributes": [],
          "private": "eyJzY2hlbWFfdmVyc2lvbiI6IjAifQ=="
        },
        {
          "index_key": "inesh.shyamala@infracloud.io.Inception",
          "schema_version": 0,
          "attributes": {
            "group_id": "61536d5a-80e1-70e6-65c7-d1e8d12131ea",
            "id": "d-9f672ca174/b133dd5a-d031-708c-09ec-a0b7133a0917",
            "identity_store_id": "d-9f672ca174",
            "member_id": "b1338d8a-4011-70dc-036f-e8171d33fc13",
            "membership_id": "b133dd5a-d031-708c-09ec-a0b7133a0917"
          },
          "sensitive_attributes": [],
          "private": "eyJzY2hlbWFfdmVyc2lvbiI6IjAifQ=="
        },
        {
          "index_key": "jeet.desai@infracloud.io.Inception",
          "schema_version": 0,
          "attributes": {
            "group_id": "61536d5a-80e1-70e6-65c7-d1e8d12131ea",
            "id": "d-9f672ca174/61e37d2a-b0f1-70c3-4093-9a6a442cf2dd",
            "identity_store_id": "d-9f672ca174",
            "member_id": "21d38dda-5091-70c7-08d0-e86ee436ad95",
            "membership_id": "61e37d2a-b0f1-70c3-4093-9a6a442cf2dd"
          },
          "sensitive_attributes": [],
          "private": "eyJzY2hlbWFfdmVyc2lvbiI6IjAifQ=="
        },
        {
          "index_key": "khushboo.khatter@infracloud.io.Inception",
          "schema_version": 0,
          "attributes": {
            "group_id": "61536d5a-80e1-70e6-65c7-d1e8d12131ea",
            "id": "d-9f672ca174/2133ad0a-9051-70b7-c26f-d0aad09009df",
            "identity_store_id": "d-9f672ca174",
            "member_id": "a1531dea-d0b1-7007-8292-062e94670f71",
            "membership_id": "2133ad0a-9051-70b7-c26f-d0aad09009df"
          },
          "sensitive_attributes": [],
          "private": "eyJzY2hlbWFfdmVyc2lvbiI6IjAifQ=="
        },
        {
          "index_key": "mahaboob.basha@infracloud.io.Inception",
          "schema_version": 0,
          "attributes": {
            "group_id": "61536d5a-80e1-70e6-65c7-d1e8d12131ea",
            "id": "d-9f672ca174/71135d1a-1031-7068-52a0-c87a19992a97",
            "identity_store_id": "d-9f672ca174",
            "member_id": "91b3adaa-c041-704e-aa10-a6fb161549c2",
            "membership_id": "71135d1a-1031-7068-52a0-c87a19992a97"
          },
          "sensitive_attributes": [],
          "private": "eyJzY2hlbWFfdmVyc2lvbiI6IjAifQ=="
        },
        {
          "index_key": "mohammed.l@infracloud.io.Managed-service-dev",
          "schema_version": 0,
          "attributes": {
            "group_id": "d1232d2a-c0d1-70ca-aa8d-d8718e784f7c",
            "id": "d-9f672ca174/51839d6a-a021-7015-f6ae-12751ba9e399",
            "identity_store_id": "d-9f672ca174",
            "member_id": "9f672ca174-83c37d2c-8778-4921-a7ad-428a8c265b59",
            "membership_id": "51839d6a-a021-7015-f6ae-12751ba9e399"
          },
          "sensitive_attributes": [],
          "private": "eyJzY2hlbWFfdmVyc2lvbiI6IjAifQ=="
        },
        {
          "index_key": "nikhil.purva@infracloud.io.Managed-service-dev",
          "schema_version": 0,
          "attributes": {
            "group_id": "d1232d2a-c0d1-70ca-aa8d-d8718e784f7c",
            "id": "d-9f672ca174/e1d31d7a-60a1-7022-5030-f5a206d261db",
            "identity_store_id": "d-9f672ca174",
            "member_id": "9f672ca174-c49c5cda-8c0d-4d3c-8169-37fbefc3c720",
            "membership_id": "e1d31d7a-60a1-7022-5030-f5a206d261db"
          },
          "sensitive_attributes": [],
          "private": "eyJzY2hlbWFfdmVyc2lvbiI6IjAifQ=="
        },
        {
          "index_key": "ninad@infracloud.io.Managed-service-dev",
          "schema_version": 0,
          "attributes": {
            "group_id": "d1232d2a-c0d1-70ca-aa8d-d8718e784f7c",
            "id": "d-9f672ca174/d1e3ed3a-40b1-7083-93b5-5d8e4de89ca4",
            "identity_store_id": "d-9f672ca174",
            "member_id": "9f672ca174-84698c43-7e98-452a-8afe-d18a11580f93",
            "membership_id": "d1e3ed3a-40b1-7083-93b5-5d8e4de89ca4"
          },
          "sensitive_attributes": [],
          "private": "eyJzY2hlbWFfdmVyc2lvbiI6IjAifQ=="
        },
        {
          "index_key": "nishant.barola@infracloud.io.Inception",
          "schema_version": 0,
          "attributes": {
            "group_id": "61536d5a-80e1-70e6-65c7-d1e8d12131ea",
            "id": "d-9f672ca174/d1738dea-3011-70f5-9668-4f102571a947",
            "identity_store_id": "d-9f672ca174",
            "member_id": "11835d5a-e001-703a-142c-3ad38ebaf266",
            "membership_id": "d1738dea-3011-70f5-9668-4f102571a947"
          },
          "sensitive_attributes": [],
          "private": "eyJzY2hlbWFfdmVyc2lvbiI6IjAifQ=="
        },
        {
          "index_key": "nitesh@infracloud.io.InfoSec-team",
          "schema_version": 0,
          "attributes": {
            "group_id": "01731d8a-d041-7098-f34b-f545a19e74e1",
            "id": "d-9f672ca174/51933d7a-f011-705d-9c09-b55904835206",
            "identity_store_id": "d-9f672ca174",
            "member_id": "9f672ca174-fa10cd69-b13c-4d85-aa0b-dc07a8351a64",
            "membership_id": "51933d7a-f011-705d-9c09-b55904835206"
          },
          "sensitive_attributes": [],
          "private": "eyJzY2hlbWFfdmVyc2lvbiI6IjAifQ=="
        },
        {
          "index_key": "nitin.naidu@infracloud.io.Inception",
          "schema_version": 0,
          "attributes": {
            "group_id": "61536d5a-80e1-70e6-65c7-d1e8d12131ea",
            "id": "d-9f672ca174/21930dfa-9081-7080-02e5-a0081975550c",
            "identity_store_id": "d-9f672ca174",
            "member_id": "91637d2a-e0c1-7041-2c18-e01097eabcee",
            "membership_id": "21930dfa-9081-7080-02e5-a0081975550c"
          },
          "sensitive_attributes": [],
          "private": "eyJzY2hlbWFfdmVyc2lvbiI6IjAifQ=="
        },
        {
          "index_key": "pavan.ng@infracloud.io.Inception",
          "schema_version": 0,
          "attributes": {
            "group_id": "61536d5a-80e1-70e6-65c7-d1e8d12131ea",
            "id": "d-9f672ca174/f1336dba-1071-7087-5ec9-6e2097625714",
            "identity_store_id": "d-9f672ca174",
            "member_id": "21f32dba-f041-7057-02fb-4316657470c3",
            "membership_id": "f1336dba-1071-7087-5ec9-6e2097625714"
          },
          "sensitive_attributes": [],
          "private": "eyJzY2hlbWFfdmVyc2lvbiI6IjAifQ=="
        },
        {
          "index_key": "pratheesh.p@infracloud.io.Inception",
          "schema_version": 0,
          "attributes": {
            "group_id": "61536d5a-80e1-70e6-65c7-d1e8d12131ea",
            "id": "d-9f672ca174/c1f3adea-c0d1-70c3-84a2-57c74c3fdf67",
            "identity_store_id": "d-9f672ca174",
            "member_id": "01e39d6a-5051-7059-5ac2-20c4c30c79df",
            "membership_id": "c1f3adea-c0d1-70c3-84a2-57c74c3fdf67"
          },
          "sensitive_attributes": [],
          "private": "eyJzY2hlbWFfdmVyc2lvbiI6IjAifQ=="
        },
        {
          "index_key": "rajesh.kumar@infracloud.io.Inception",
          "schema_version": 0,
          "attributes": {
            "group_id": "61536d5a-80e1-70e6-65c7-d1e8d12131ea",
            "id": "d-9f672ca174/d123fd6a-d081-70af-befd-4e6668e0bf95",
            "identity_store_id": "d-9f672ca174",
            "member_id": "d1c38d2a-8041-70e0-015c-387ee008077e",
            "membership_id": "d123fd6a-d081-70af-befd-4e6668e0bf95"
          },
          "sensitive_attributes": [],
          "private": "eyJzY2hlbWFfdmVyc2lvbiI6IjAifQ=="
        },
        {
          "index_key": "rayan.das@infracloud.io.Managed-service-dev",
          "schema_version": 0,
          "attributes": {
            "group_id": "d1232d2a-c0d1-70ca-aa8d-d8718e784f7c",
            "id": "d-9f672ca174/f1b39d1a-a071-70ce-e4e3-133ef6fe2181",
            "identity_store_id": "d-9f672ca174",
            "member_id": "9f672ca174-f0b0d136-209f-43f9-af82-f09a82aec387",
            "membership_id": "f1b39d1a-a071-70ce-e4e3-133ef6fe2181"
          },
          "sensitive_attributes": [],
          "private": "eyJzY2hlbWFfdmVyc2lvbiI6IjAifQ=="
        },
        {
          "index_key": "richa.mishra@infracloud.io.Managed-service-dev",
          "schema_version": 0,
          "attributes": {
            "group_id": "d1232d2a-c0d1-70ca-aa8d-d8718e784f7c",
            "id": "d-9f672ca174/91d3bd1a-5001-7001-03d6-76fc0bf9ced2",
            "identity_store_id": "d-9f672ca174",
            "member_id": "9f672ca174-d52a039b-bacf-4261-bf03-e2ca959388a1",
            "membership_id": "91d3bd1a-5001-7001-03d6-76fc0bf9ced2"
          },
          "sensitive_attributes": [],
          "private": "eyJzY2hlbWFfdmVyc2lvbiI6IjAifQ=="
        },
        {
          "index_key": "rounak.upadhye@infracloud.io.Inception",
          "schema_version": 0,
          "attributes": {
            "group_id": "61536d5a-80e1-70e6-65c7-d1e8d12131ea",
            "id": "d-9f672ca174/91434d7a-50c1-701f-d940-e6ef76b0a8d9",
            "identity_store_id": "d-9f672ca174",
            "member_id": "4153cd3a-0071-7021-7bb0-827600d5c4e2",
            "membership_id": "91434d7a-50c1-701f-d940-e6ef76b0a8d9"
          },
          "sensitive_attributes": [],
          "private": "eyJzY2hlbWFfdmVyc2lvbiI6IjAifQ=="
        },
        {
          "index_key": "rucha.bhange@infracloud.io.Inception",
          "schema_version": 0,
          "attributes": {
            "group_id": "61536d5a-80e1-70e6-65c7-d1e8d12131ea",
            "id": "d-9f672ca174/81830d9a-c0e1-702e-660c-bd25a50f8d9c",
            "identity_store_id": "d-9f672ca174",
            "member_id": "7173fd9a-1021-7030-6914-f77b86b8589c",
            "membership_id": "81830d9a-c0e1-702e-660c-bd25a50f8d9c"
          },
          "sensitive_attributes": [],
          "private": "eyJzY2hlbWFfdmVyc2lvbiI6IjAifQ=="
        },
        {
          "index_key": "runit.misra@infracloud.io.Inception",
          "schema_version": 0,
          "attributes": {
            "group_id": "61536d5a-80e1-70e6-65c7-d1e8d12131ea",
            "id": "d-9f672ca174/71e30d8a-a021-70b9-a251-e5f8487e59a3",
            "identity_store_id": "d-9f672ca174",
            "member_id": "11c3ddea-7071-7056-ab77-164935647da8",
            "membership_id": "71e30d8a-a021-70b9-a251-e5f8487e59a3"
          },
          "sensitive_attributes": [],
          "private": "eyJzY2hlbWFfdmVyc2lvbiI6IjAifQ=="
        },
        {
          "index_key": "sarvanand.jannu@infracloud.io.Managed-service-dev",
          "schema_version": 0,
          "attributes": {
            "group_id": "d1232d2a-c0d1-70ca-aa8d-d8718e784f7c",
            "id": "d-9f672ca174/b1a32d7a-d021-7002-5e44-f17a7fa938f1",
            "identity_store_id": "d-9f672ca174",
            "member_id": "9f672ca174-d5f9dcae-4fbb-4b39-bc6e-28ee95710276",
            "membership_id": "b1a32d7a-d021-7002-5e44-f17a7fa938f1"
          },
          "sensitive_attributes": [],
          "private": "eyJzY2hlbWFfdmVyc2lvbiI6IjAifQ=="
        },
        {
          "index_key": "security+main@infracloud.io.AWSAccountFactory",
          "schema_version": 0,
          "attributes": {
            "group_id": "9f672ca174-6d9014df-c888-493f-bf68-bfa08317c3ca",
            "id": "d-9f672ca174/31635dba-1051-7094-4235-850a9eec6487",
            "identity_store_id": "d-9f672ca174",
            "member_id": "9f672ca174-7ea96c89-362a-4798-9e21-3a117a4ed7ed",
            "membership_id": "31635dba-1051-7094-4235-850a9eec6487"
          },
          "sensitive_attributes": [],
          "private": "eyJzY2hlbWFfdmVyc2lvbiI6IjAifQ=="
        },
        {
          "index_key": "security+main@infracloud.io.AWSControlTowerAdmins",
          "schema_version": 0,
          "attributes": {
            "group_id": "9f672ca174-fd81864c-5927-4bab-a2ef-0bb01d176f07",
            "id": "d-9f672ca174/c1732daa-7081-70be-1b84-d9b3a2926551",
            "identity_store_id": "d-9f672ca174",
            "member_id": "9f672ca174-7ea96c89-362a-4798-9e21-3a117a4ed7ed",
            "membership_id": "c1732daa-7081-70be-1b84-d9b3a2926551"
          },
          "sensitive_attributes": [],
          "private": "eyJzY2hlbWFfdmVyc2lvbiI6IjAifQ=="
        },
        {
          "index_key": "shubhada.rathor@infracloud.io.Inception",
          "schema_version": 0,
          "attributes": {
            "group_id": "61536d5a-80e1-70e6-65c7-d1e8d12131ea",
            "id": "d-9f672ca174/8183ed0a-30d1-7068-e175-3f779dc91324",
            "identity_store_id": "d-9f672ca174",
            "member_id": "51137d0a-e0a1-701c-ad41-f5fea3dae417",
            "membership_id": "8183ed0a-30d1-7068-e175-3f779dc91324"
          },
          "sensitive_attributes": [],
          "private": "eyJzY2hlbWFfdmVyc2lvbiI6IjAifQ=="
        },
        {
          "index_key": "sudarshan.sr@infracloud.io.Inception",
          "schema_version": 0,
          "attributes": {
            "group_id": "61536d5a-80e1-70e6-65c7-d1e8d12131ea",
            "id": "d-9f672ca174/d1239daa-b001-70e0-76e5-5c0644b0eced",
            "identity_store_id": "d-9f672ca174",
            "member_id": "21535dca-b0e1-7083-642a-f59c6fc98dfc",
            "membership_id": "d1239daa-b001-70e0-76e5-5c0644b0eced"
          },
          "sensitive_attributes": [],
          "private": "eyJzY2hlbWFfdmVyc2lvbiI6IjAifQ=="
        },
        {
          "index_key": "sunil.subramanya@infracloud.io.Inception",
          "schema_version": 0,
          "attributes": {
            "group_id": "61536d5a-80e1-70e6-65c7-d1e8d12131ea",
            "id": "d-9f672ca174/41a3bd3a-3011-7083-5581-8dd52eeeb8d3",
            "identity_store_id": "d-9f672ca174",
            "member_id": "c1e3ad1a-90a1-7052-8fcb-53ea796ac782",
            "membership_id": "41a3bd3a-3011-7083-5581-8dd52eeeb8d3"
          },
          "sensitive_attributes": [],
          "private": "eyJzY2hlbWFfdmVyc2lvbiI6IjAifQ=="
        },
        {
          "index_key": "ubaid.ansari@infracloud.io.Inception",
          "schema_version": 0,
          "attributes": {
            "group_id": "61536d5a-80e1-70e6-65c7-d1e8d12131ea",
            "id": "d-9f672ca174/9183adba-0011-7035-d323-a0f6bcb5f1c8",
            "identity_store_id": "d-9f672ca174",
            "member_id": "d1032d8a-e011-70c5-9636-dd2004f1335e",
            "membership_id": "9183adba-0011-7035-d323-a0f6bcb5f1c8"
          },
          "sensitive_attributes": [],
          "private": "eyJzY2hlbWFfdmVyc2lvbiI6IjAifQ=="
        },
        {
          "index_key": "varun.kumar@infracloud.io.AWSAccountFactory",
          "schema_version": 0,
          "attributes": {
            "group_id": "9f672ca174-6d9014df-c888-493f-bf68-bfa08317c3ca",
            "id": "d-9f672ca174/71b35d4a-b0b1-7091-d071-d814bc0089a9",
            "identity_store_id": "d-9f672ca174",
            "member_id": "9f672ca174-19b663a1-8d0b-4f25-8caa-c97eb2f56487",
            "membership_id": "71b35d4a-b0b1-7091-d071-d814bc0089a9"
          },
          "sensitive_attributes": [],
          "private": "eyJzY2hlbWFfdmVyc2lvbiI6IjAifQ=="
        },
        {
          "index_key": "varun.kumar@infracloud.io.InfoSec-team",
          "schema_version": 0,
          "attributes": {
            "group_id": "01731d8a-d041-7098-f34b-f545a19e74e1",
            "id": "d-9f672ca174/31d3ad5a-2081-7044-8f68-90d33ff11a9c",
            "identity_store_id": "d-9f672ca174",
            "member_id": "9f672ca174-19b663a1-8d0b-4f25-8caa-c97eb2f56487",
            "membership_id": "31d3ad5a-2081-7044-8f68-90d33ff11a9c"
          },
          "sensitive_attributes": [],
          "private": "eyJzY2hlbWFfdmVyc2lvbiI6IjAifQ=="
        },
        {
          "index_key": "vishal@infracloud.io.Managed-service-dev",
          "schema_version": 0,
          "attributes": {
            "group_id": "d1232d2a-c0d1-70ca-aa8d-d8718e784f7c",
            "id": "d-9f672ca174/71334d1a-4091-704a-ef43-aa89af148545",
            "identity_store_id": "d-9f672ca174",
            "member_id": "9f672ca174-7eb95e45-e0ed-4901-bc2d-9ba2594f9156",
            "membership_id": "71334d1a-4091-704a-ef43-aa89af148545"
          },
          "sensitive_attributes": [],
          "private": "eyJzY2hlbWFfdmVyc2lvbiI6IjAifQ=="
        }
      ]
    },
    {
      "mode": "managed",
      "type": "aws_identitystore_user",
      "name": "example",
      "provider": "provider[\"registry.terraform.io/hashicorp/aws\"]",
      "instances": [
        {
          "index_key": "aashi.modi@infracloud.io",
          "schema_version": 0,
          "attributes": {
            "addresses": [],
            "display_name": "Aashi Modi",
            "emails": [
              {
                "primary": true,
                "type": "work",
                "value": "aashi.modi@infracloud.io"
              }
            ],
            "external_ids": [],
            "id": "d-9f672ca174/41f30d3a-80a1-7051-a5ab-26788c11c5b0",
            "identity_store_id": "d-9f672ca174",
            "locale": "",
            "name": [
              {
                "family_name": "Modi",
                "formatted": "",
                "given_name": "Aashi",
                "honorific_prefix": "",
                "honorific_suffix": "",
                "middle_name": ""
              }
            ],
            "nickname": "",
            "phone_numbers": [],
            "preferred_language": "",
            "profile_url": "",
            "timezone": "",
            "title": "",
            "user_id": "41f30d3a-80a1-7051-a5ab-26788c11c5b0",
            "user_name": "aashi.modi@infracloud.io",
            "user_type": ""
          },
          "sensitive_attributes": [],
          "private": "eyJzY2hlbWFfdmVyc2lvbiI6IjAifQ=="
        },
        {
          "index_key": "abhay.tomar@infracloud.io",
          "schema_version": 0,
          "attributes": {
            "addresses": [],
            "display_name": "Abhay Tomar",
            "emails": [
              {
                "primary": true,
                "type": "work",
                "value": "abhay.tomar@infracloud.io"
              }
            ],
            "external_ids": [],
            "id": "d-9f672ca174/61b3bdfa-6011-70c4-4157-3946a8a2ad90",
            "identity_store_id": "d-9f672ca174",
            "locale": "",
            "name": [
              {
                "family_name": "Tomar",
                "formatted": "",
                "given_name": "Abhay",
                "honorific_prefix": "",
                "honorific_suffix": "",
                "middle_name": ""
              }
            ],
            "nickname": "",
            "phone_numbers": [],
            "preferred_language": "",
            "profile_url": "",
            "timezone": "",
            "title": "",
            "user_id": "61b3bdfa-6011-70c4-4157-3946a8a2ad90",
            "user_name": "abhay.tomar@infracloud.io",
            "user_type": ""
          },
          "sensitive_attributes": [],
          "private": "eyJzY2hlbWFfdmVyc2lvbiI6IjAifQ=="
        },
        {
          "index_key": "abhijit.mukherjee@infracloud.io",
          "schema_version": 0,
          "attributes": {
            "addresses": [],
            "display_name": "Abhijit Mukherjee",
            "emails": [
              {
                "primary": true,
                "type": "work",
                "value": "abhijit.mukherjee@infracloud.io"
              }
            ],
            "external_ids": [],
            "id": "d-9f672ca174/e113cdda-e091-70c8-8cb5-c0e8350d82bf",
            "identity_store_id": "d-9f672ca174",
            "locale": "",
            "name": [
              {
                "family_name": "Mukherjee",
                "formatted": "",
                "given_name": "Abhijit",
                "honorific_prefix": "",
                "honorific_suffix": "",
                "middle_name": ""
              }
            ],
            "nickname": "",
            "phone_numbers": [],
            "preferred_language": "",
            "profile_url": "",
            "timezone": "",
            "title": "",
            "user_id": "e113cdda-e091-70c8-8cb5-c0e8350d82bf",
            "user_name": "abhijit.mukherjee@infracloud.io",
            "user_type": ""
          },
          "sensitive_attributes": [],
          "private": "eyJzY2hlbWFfdmVyc2lvbiI6IjAifQ=="
        },
        {
          "index_key": "abhishek.majumdar@infracloud.io",
          "schema_version": 0,
          "attributes": {
            "addresses": [],
            "display_name": "Abhishek Majumdar",
            "emails": [
              {
                "primary": true,
                "type": "work",
                "value": "abhishek.majumdar@infracloud.io"
              }
            ],
            "external_ids": [],
            "id": "d-9f672ca174/7183ad2a-10a1-708a-f7d8-200ec09dd377",
            "identity_store_id": "d-9f672ca174",
            "locale": "",
            "name": [
              {
                "family_name": "Majumdar",
                "formatted": "",
                "given_name": "Abhishek",
                "honorific_prefix": "",
                "honorific_suffix": "",
                "middle_name": ""
              }
            ],
            "nickname": "",
            "phone_numbers": [],
            "preferred_language": "",
            "profile_url": "",
            "timezone": "",
            "title": "",
            "user_id": "7183ad2a-10a1-708a-f7d8-200ec09dd377",
            "user_name": "abhishek.majumdar@infracloud.io",
            "user_type": ""
          },
          "sensitive_attributes": [],
          "private": "eyJzY2hlbWFfdmVyc2lvbiI6IjAifQ=="
        },
        {
          "index_key": "aiman.shahbad@infracloud.io",
          "schema_version": 0,
          "attributes": {
            "addresses": [],
            "display_name": "Aiman Shahbad",
            "emails": [
              {
                "primary": true,
                "type": "work",
                "value": "aiman.shahbad@infracloud.io"
              }
            ],
            "external_ids": [],
            "id": "d-9f672ca174/41931d3a-5061-701f-cb4b-4e77946c4350",
            "identity_store_id": "d-9f672ca174",
            "locale": "",
            "name": [
              {
                "family_name": "Shahbad",
                "formatted": "",
                "given_name": "Aiman",
                "honorific_prefix": "",
                "honorific_suffix": "",
                "middle_name": ""
              }
            ],
            "nickname": "",
            "phone_numbers": [],
            "preferred_language": "",
            "profile_url": "",
            "timezone": "",
            "title": "",
            "user_id": "41931d3a-5061-701f-cb4b-4e77946c4350",
            "user_name": "aiman.shahbad@infracloud.io",
            "user_type": ""
          },
          "sensitive_attributes": [],
          "private": "eyJzY2hlbWFfdmVyc2lvbiI6IjAifQ=="
        },
        {
          "index_key": "ajay.joshi@infracloud.io",
          "schema_version": 0,
          "attributes": {
            "addresses": [],
            "display_name": "Ajay Joshi",
            "emails": [
              {
                "primary": true,
                "type": "work",
                "value": "ajay.joshi@infracloud.io"
              }
            ],
            "external_ids": [],
            "id": "d-9f672ca174/4163fdba-1081-7097-78b5-d1f333ad8709",
            "identity_store_id": "d-9f672ca174",
            "locale": "",
            "name": [
              {
                "family_name": "Joshi",
                "formatted": "",
                "given_name": "Ajay",
                "honorific_prefix": "",
                "honorific_suffix": "",
                "middle_name": ""
              }
            ],
            "nickname": "",
            "phone_numbers": [],
            "preferred_language": "",
            "profile_url": "",
            "timezone": "",
            "title": "",
            "user_id": "4163fdba-1081-7097-78b5-d1f333ad8709",
            "user_name": "ajay.joshi@infracloud.io",
            "user_type": ""
          },
          "sensitive_attributes": [],
          "private": "eyJzY2hlbWFfdmVyc2lvbiI6IjAifQ=="
        },
        {
          "index_key": "akshay.awate@infracloud.io",
          "schema_version": 0,
          "attributes": {
            "addresses": [],
            "display_name": "Akshay Awate",
            "emails": [
              {
                "primary": true,
                "type": "work",
                "value": "akshay.awate@infracloud.io"
              }
            ],
            "external_ids": [],
            "id": "d-9f672ca174/6163bd6a-60b1-705e-b714-4559eb44ed5d",
            "identity_store_id": "d-9f672ca174",
            "locale": "",
            "name": [
              {
                "family_name": "Awate",
                "formatted": "",
                "given_name": "Akshay",
                "honorific_prefix": "",
                "honorific_suffix": "",
                "middle_name": ""
              }
            ],
            "nickname": "",
            "phone_numbers": [],
            "preferred_language": "",
            "profile_url": "",
            "timezone": "",
            "title": "",
            "user_id": "6163bd6a-60b1-705e-b714-4559eb44ed5d",
            "user_name": "akshay.awate@infracloud.io",
            "user_type": ""
          },
          "sensitive_attributes": [],
          "private": "eyJzY2hlbWFfdmVyc2lvbiI6IjAifQ=="
        },
        {
          "index_key": "amanjuneja@infracloud.io",
          "schema_version": 0,
          "attributes": {
            "addresses": [],
            "display_name": "Aman Juneja",
            "emails": [
              {
                "primary": true,
                "type": "work",
                "value": "amanjuneja@infracloud.io"
              }
            ],
            "external_ids": [],
            "id": "d-9f672ca174/b113adfa-5081-70e1-e779-8fd1ca0dd61d",
            "identity_store_id": "d-9f672ca174",
            "locale": "",
            "name": [
              {
                "family_name": "Juneja",
                "formatted": "",
                "given_name": "Aman",
                "honorific_prefix": "",
                "honorific_suffix": "",
                "middle_name": ""
              }
            ],
            "nickname": "",
            "phone_numbers": [],
            "preferred_language": "",
            "profile_url": "",
            "timezone": "",
            "title": "",
            "user_id": "b113adfa-5081-70e1-e779-8fd1ca0dd61d",
            "user_name": "amanjuneja@infracloud.io",
            "user_type": ""
          },
          "sensitive_attributes": [],
          "private": "eyJzY2hlbWFfdmVyc2lvbiI6IjAifQ=="
        },
        {
          "index_key": "amar.chand@infracloud.io",
          "schema_version": 0,
          "attributes": {
            "addresses": [],
            "display_name": "Amar Chand",
            "emails": [
              {
                "primary": true,
                "type": "work",
                "value": "amar.chand@infracloud.io"
              }
            ],
            "external_ids": [],
            "id": "d-9f672ca174/9f672ca174-5a8317a7-50f9-427e-82dc-54bfa1bf5bdb",
            "identity_store_id": "d-9f672ca174",
            "locale": "",
            "name": [
              {
                "family_name": "Chand",
                "formatted": "",
                "given_name": "Amar",
                "honorific_prefix": "",
                "honorific_suffix": "",
                "middle_name": ""
              }
            ],
            "nickname": "",
            "phone_numbers": [],
            "preferred_language": "",
            "profile_url": "",
            "timezone": "",
            "title": "",
            "user_id": "9f672ca174-5a8317a7-50f9-427e-82dc-54bfa1bf5bdb",
            "user_name": "amar.chand@infracloud.io",
            "user_type": ""
          },
          "sensitive_attributes": [],
          "private": "eyJzY2hlbWFfdmVyc2lvbiI6IjAifQ=="
        },
        {
          "index_key": "amey.rivankar@infracloud.io",
          "schema_version": 0,
          "attributes": {
            "addresses": [],
            "display_name": "Amey Rivankar",
            "emails": [
              {
                "primary": true,
                "type": "work",
                "value": "amey.rivankar@infracloud.io"
              }
            ],
            "external_ids": [],
            "id": "d-9f672ca174/f1f30d7a-8001-70e3-88ef-6bf7ff286836",
            "identity_store_id": "d-9f672ca174",
            "locale": "",
            "name": [
              {
                "family_name": "Rivankar",
                "formatted": "",
                "given_name": "Amey",
                "honorific_prefix": "",
                "honorific_suffix": "",
                "middle_name": ""
              }
            ],
            "nickname": "",
            "phone_numbers": [],
            "preferred_language": "",
            "profile_url": "",
            "timezone": "",
            "title": "",
            "user_id": "f1f30d7a-8001-70e3-88ef-6bf7ff286836",
            "user_name": "amey.rivankar@infracloud.io",
            "user_type": ""
          },
          "sensitive_attributes": [],
          "private": "eyJzY2hlbWFfdmVyc2lvbiI6IjAifQ=="
        },
        {
          "index_key": "amit.kulkarni@infracloud.io",
          "schema_version": 0,
          "attributes": {
            "addresses": [],
            "display_name": "Amit Kulkarni",
            "emails": [
              {
                "primary": true,
                "type": "work",
                "value": "amit.kulkarni@infracloud.io"
              }
            ],
            "external_ids": [],
            "id": "d-9f672ca174/01e3fdca-0081-70e8-d8ea-18fbcdd48b72",
            "identity_store_id": "d-9f672ca174",
            "locale": "",
            "name": [
              {
                "family_name": "Kulkarni",
                "formatted": "",
                "given_name": "Amit",
                "honorific_prefix": "",
                "honorific_suffix": "",
                "middle_name": ""
              }
            ],
            "nickname": "",
            "phone_numbers": [],
            "preferred_language": "",
            "profile_url": "",
            "timezone": "",
            "title": "",
            "user_id": "01e3fdca-0081-70e8-d8ea-18fbcdd48b72",
            "user_name": "amit.kulkarni@infracloud.io",
            "user_type": ""
          },
          "sensitive_attributes": [],
          "private": "eyJzY2hlbWFfdmVyc2lvbiI6IjAifQ=="
        },
        {
          "index_key": "arjun.av@infracloud.io",
          "schema_version": 0,
          "attributes": {
            "addresses": [],
            "display_name": "Arjun AV",
            "emails": [
              {
                "primary": true,
                "type": "work",
                "value": "arjun.av@infracloud.io"
              }
            ],
            "external_ids": [],
            "id": "d-9f672ca174/a1b35dfa-a011-70b1-7c28-f31dde28030d",
            "identity_store_id": "d-9f672ca174",
            "locale": "",
            "name": [
              {
                "family_name": "AV",
                "formatted": "",
                "given_name": "Arjun",
                "honorific_prefix": "",
                "honorific_suffix": "",
                "middle_name": ""
              }
            ],
            "nickname": "",
            "phone_numbers": [],
            "preferred_language": "",
            "profile_url": "",
            "timezone": "",
            "title": "",
            "user_id": "a1b35dfa-a011-70b1-7c28-f31dde28030d",
            "user_name": "arjun.av@infracloud.io",
            "user_type": ""
          },
          "sensitive_attributes": [],
          "private": "eyJzY2hlbWFfdmVyc2lvbiI6IjAifQ=="
        },
        {
          "index_key": "ayesha.saha@infracloud.io",
          "schema_version": 0,
          "attributes": {
            "addresses": [],
            "display_name": "Ayesha Saha",
            "emails": [
              {
                "primary": true,
                "type": "work",
                "value": "ayesha.saha@infracloud.io"
              }
            ],
            "external_ids": [],
            "id": "d-9f672ca174/9f672ca174-29477237-329d-4685-b7a2-240cf6cf053c",
            "identity_store_id": "d-9f672ca174",
            "locale": "",
            "name": [
              {
                "family_name": "Saha",
                "formatted": "",
                "given_name": "Ayesha",
                "honorific_prefix": "",
                "honorific_suffix": "",
                "middle_name": ""
              }
            ],
            "nickname": "",
            "phone_numbers": [],
            "preferred_language": "",
            "profile_url": "",
            "timezone": "",
            "title": "",
            "user_id": "9f672ca174-29477237-329d-4685-b7a2-240cf6cf053c",
            "user_name": "ayesha.saha@infracloud.io",
            "user_type": ""
          },
          "sensitive_attributes": [],
          "private": "eyJzY2hlbWFfdmVyc2lvbiI6IjAifQ=="
        },
        {
          "index_key": "ayush.surana@infracloud.io",
          "schema_version": 0,
          "attributes": {
            "addresses": [],
            "display_name": "Ayush Surana",
            "emails": [
              {
                "primary": true,
                "type": "work",
                "value": "ayush.surana@infracloud.io"
              }
            ],
            "external_ids": [],
            "id": "d-9f672ca174/c1537d3a-20d1-7060-23b0-5357edcb1cd5",
            "identity_store_id": "d-9f672ca174",
            "locale": "",
            "name": [
              {
                "family_name": "Surana",
                "formatted": "",
                "given_name": "Ayush",
                "honorific_prefix": "",
                "honorific_suffix": "",
                "middle_name": ""
              }
            ],
            "nickname": "",
            "phone_numbers": [],
            "preferred_language": "",
            "profile_url": "",
            "timezone": "",
            "title": "",
            "user_id": "c1537d3a-20d1-7060-23b0-5357edcb1cd5",
            "user_name": "ayush.surana@infracloud.io",
            "user_type": ""
          },
          "sensitive_attributes": [],
          "private": "eyJzY2hlbWFfdmVyc2lvbiI6IjAifQ=="
        },
        {
          "index_key": "bhagyesh.soni@infracloud.io",
          "schema_version": 0,
          "attributes": {
            "addresses": [],
            "display_name": "bhagyesh soni",
            "emails": [
              {
                "primary": true,
                "type": "work",
                "value": "bhagyesh.soni@infracloud.io"
              }
            ],
            "external_ids": [],
            "id": "d-9f672ca174/91431dca-d091-70fa-15f2-c9411a1580a4",
            "identity_store_id": "d-9f672ca174",
            "locale": "",
            "name": [
              {
                "family_name": "soni",
                "formatted": "",
                "given_name": "bhagyesh",
                "honorific_prefix": "",
                "honorific_suffix": "",
                "middle_name": ""
              }
            ],
            "nickname": "",
            "phone_numbers": [],
            "preferred_language": "",
            "profile_url": "",
            "timezone": "",
            "title": "",
            "user_id": "91431dca-d091-70fa-15f2-c9411a1580a4",
            "user_name": "bhagyesh.soni@infracloud.io",
            "user_type": ""
          },
          "sensitive_attributes": [],
          "private": "eyJzY2hlbWFfdmVyc2lvbiI6IjAifQ=="
        },
        {
          "index_key": "burhanuddin.shaikh@infracloud.io",
          "schema_version": 0,
          "attributes": {
            "addresses": [],
            "display_name": "burhan shaikh",
            "emails": [
              {
                "primary": true,
                "type": "work",
                "value": "burhanuddin.shaikh@infracloud.io"
              }
            ],
            "external_ids": [],
            "id": "d-9f672ca174/11a3edda-50f1-70e4-d9a3-92eab38e4141",
            "identity_store_id": "d-9f672ca174",
            "locale": "",
            "name": [
              {
                "family_name": "shaikh",
                "formatted": "",
                "given_name": "burhan",
                "honorific_prefix": "",
                "honorific_suffix": "",
                "middle_name": ""
              }
            ],
            "nickname": "",
            "phone_numbers": [],
            "preferred_language": "",
            "profile_url": "",
            "timezone": "",
            "title": "",
            "user_id": "11a3edda-50f1-70e4-d9a3-92eab38e4141",
            "user_name": "burhanuddin.shaikh@infracloud.io",
            "user_type": ""
          },
          "sensitive_attributes": [],
          "private": "eyJzY2hlbWFfdmVyc2lvbiI6IjAifQ=="
        },
        {
          "index_key": "charan.karuparthi@infracloud.io",
          "schema_version": 0,
          "attributes": {
            "addresses": [],
            "display_name": "Charan Karuparthi",
            "emails": [
              {
                "primary": true,
                "type": "work",
                "value": "charan.karuparthi@infracloud.io"
              }
            ],
            "external_ids": [],
            "id": "d-9f672ca174/a133adea-a0d1-70e1-ac70-57bf858255dc",
            "identity_store_id": "d-9f672ca174",
            "locale": "",
            "name": [
              {
                "family_name": "Karuparthi",
                "formatted": "",
                "given_name": "Charan",
                "honorific_prefix": "",
                "honorific_suffix": "",
                "middle_name": ""
              }
            ],
            "nickname": "",
            "phone_numbers": [],
            "preferred_language": "",
            "profile_url": "",
            "timezone": "",
            "title": "",
            "user_id": "a133adea-a0d1-70e1-ac70-57bf858255dc",
            "user_name": "charan.karuparthi@infracloud.io",
            "user_type": ""
          },
          "sensitive_attributes": [],
          "private": "eyJzY2hlbWFfdmVyc2lvbiI6IjAifQ=="
        },
        {
          "index_key": "chendilkumar.manoharan@infracloud.io",
          "schema_version": 0,
          "attributes": {
            "addresses": [],
            "display_name": "Chendil Kumar Manoharan",
            "emails": [
              {
                "primary": true,
                "type": "work",
                "value": "chendilkumar.manoharan@infracloud.io"
              }
            ],
            "external_ids": [],
            "id": "d-9f672ca174/61639dda-90a1-7052-6152-9a0a00dc9491",
            "identity_store_id": "d-9f672ca174",
            "locale": "",
            "name": [
              {
                "family_name": "Kumar Manoharan",
                "formatted": "",
                "given_name": "Chendil",
                "honorific_prefix": "",
                "honorific_suffix": "",
                "middle_name": ""
              }
            ],
            "nickname": "",
            "phone_numbers": [],
            "preferred_language": "",
            "profile_url": "",
            "timezone": "",
            "title": "",
            "user_id": "61639dda-90a1-7052-6152-9a0a00dc9491",
            "user_name": "chendilkumar.manoharan@infracloud.io",
            "user_type": ""
          },
          "sensitive_attributes": [],
          "private": "eyJzY2hlbWFfdmVyc2lvbiI6IjAifQ=="
        },
        {
          "index_key": "dada.gore@infracloud.io",
          "schema_version": 0,
          "attributes": {
            "addresses": [],
            "display_name": "Dada Gore",
            "emails": [
              {
                "primary": true,
                "type": "work",
                "value": "dada.gore@infracloud.io"
              }
            ],
            "external_ids": [],
            "id": "d-9f672ca174/d163fd6a-90d1-70a5-ac7c-92a741935d36",
            "identity_store_id": "d-9f672ca174",
            "locale": "",
            "name": [
              {
                "family_name": "Gore",
                "formatted": "",
                "given_name": "Dada",
                "honorific_prefix": "",
                "honorific_suffix": "",
                "middle_name": ""
              }
            ],
            "nickname": "",
            "phone_numbers": [],
            "preferred_language": "",
            "profile_url": "",
            "timezone": "",
            "title": "",
            "user_id": "d163fd6a-90d1-70a5-ac7c-92a741935d36",
            "user_name": "dada.gore@infracloud.io",
            "user_type": ""
          },
          "sensitive_attributes": [],
          "private": "eyJzY2hlbWFfdmVyc2lvbiI6IjAifQ=="
        },
        {
          "index_key": "dhruv.mewada@infracloud.io",
          "schema_version": 0,
          "attributes": {
            "addresses": [],
            "display_name": "Dhruv Mewada",
            "emails": [
              {
                "primary": true,
                "type": "work",
                "value": "dhruv.mewada@infracloud.io"
              }
            ],
            "external_ids": [],
            "id": "d-9f672ca174/41935d1a-0071-7052-c014-133354dcb7dd",
            "identity_store_id": "d-9f672ca174",
            "locale": "",
            "name": [
              {
                "family_name": "Mewada",
                "formatted": "",
                "given_name": "Dhruv",
                "honorific_prefix": "",
                "honorific_suffix": "",
                "middle_name": ""
              }
            ],
            "nickname": "",
            "phone_numbers": [],
            "preferred_language": "",
            "profile_url": "",
            "timezone": "",
            "title": "",
            "user_id": "41935d1a-0071-7052-c014-133354dcb7dd",
            "user_name": "dhruv.mewada@infracloud.io",
            "user_type": ""
          },
          "sensitive_attributes": [],
          "private": "eyJzY2hlbWFfdmVyc2lvbiI6IjAifQ=="
        },
        {
          "index_key": "dipali.bhujbal@infracloud.io",
          "schema_version": 0,
          "attributes": {
            "addresses": [],
            "display_name": "Dipali Bhujbal",
            "emails": [
              {
                "primary": true,
                "type": "work",
                "value": "dipali.bhujbal@infracloud.io"
              }
            ],
            "external_ids": [],
            "id": "d-9f672ca174/a1930dca-d0c1-704f-3002-e0f3beca6150",
            "identity_store_id": "d-9f672ca174",
            "locale": "",
            "name": [
              {
                "family_name": "Bhujbal",
                "formatted": "",
                "given_name": "Dipali",
                "honorific_prefix": "",
                "honorific_suffix": "",
                "middle_name": ""
              }
            ],
            "nickname": "",
            "phone_numbers": [],
            "preferred_language": "",
            "profile_url": "",
            "timezone": "",
            "title": "",
            "user_id": "a1930dca-d0c1-704f-3002-e0f3beca6150",
            "user_name": "dipali.bhujbal@infracloud.io",
            "user_type": ""
          },
          "sensitive_attributes": [],
          "private": "eyJzY2hlbWFfdmVyc2lvbiI6IjAifQ=="
        },
        {
          "index_key": "gaurav@infracloud.io",
          "schema_version": 0,
          "attributes": {
            "addresses": [],
            "display_name": "Gaurav Chaware",
            "emails": [
              {
                "primary": true,
                "type": "work",
                "value": "gaurav@infracloud.io"
              }
            ],
            "external_ids": [],
            "id": "d-9f672ca174/9f672ca174-059e2d28-7d3d-4355-bea8-d8842563877a",
            "identity_store_id": "d-9f672ca174",
            "locale": "",
            "name": [
              {
                "family_name": "Chaware",
                "formatted": "",
                "given_name": "Gaurav",
                "honorific_prefix": "",
                "honorific_suffix": "",
                "middle_name": ""
              }
            ],
            "nickname": "",
            "phone_numbers": [],
            "preferred_language": "",
            "profile_url": "",
            "timezone": "",
            "title": "",
            "user_id": "9f672ca174-059e2d28-7d3d-4355-bea8-d8842563877a",
            "user_name": "gaurav@infracloud.io",
            "user_type": ""
          },
          "sensitive_attributes": [],
          "private": "eyJzY2hlbWFfdmVyc2lvbiI6IjAifQ=="
        },
        {
          "index_key": "harsha.chitale@infracloud.io",
          "schema_version": 0,
          "attributes": {
            "addresses": [],
            "display_name": "harsha chitale",
            "emails": [
              {
                "primary": true,
                "type": "work",
                "value": "harsha.chitale@infracloud.io"
              }
            ],
            "external_ids": [],
            "id": "d-9f672ca174/f1d35d7a-90b1-70be-cac6-7f592e2a4971",
            "identity_store_id": "d-9f672ca174",
            "locale": "",
            "name": [
              {
                "family_name": "chitale",
                "formatted": "",
                "given_name": "harsha",
                "honorific_prefix": "",
                "honorific_suffix": "",
                "middle_name": ""
              }
            ],
            "nickname": "",
            "phone_numbers": [],
            "preferred_language": "",
            "profile_url": "",
            "timezone": "",
            "title": "",
            "user_id": "f1d35d7a-90b1-70be-cac6-7f592e2a4971",
            "user_name": "harsha.chitale@infracloud.io",
            "user_type": ""
          },
          "sensitive_attributes": [],
          "private": "eyJzY2hlbWFfdmVyc2lvbiI6IjAifQ=="
        },
        {
          "index_key": "harshal.yadwadkar@infracloud.io",
          "schema_version": 0,
          "attributes": {
            "addresses": [],
            "display_name": "Harshal Yadwadkar",
            "emails": [
              {
                "primary": true,
                "type": "work",
                "value": "harshal.yadwadkar@infracloud.io"
              }
            ],
            "external_ids": [],
            "id": "d-9f672ca174/d1f36d4a-2091-70e2-0911-bfdc961b1495",
            "identity_store_id": "d-9f672ca174",
            "locale": "",
            "name": [
              {
                "family_name": "Yadwadkar",
                "formatted": "",
                "given_name": "Harshal",
                "honorific_prefix": "",
                "honorific_suffix": "",
                "middle_name": ""
              }
            ],
            "nickname": "",
            "phone_numbers": [],
            "preferred_language": "",
            "profile_url": "",
            "timezone": "",
            "title": "",
            "user_id": "d1f36d4a-2091-70e2-0911-bfdc961b1495",
            "user_name": "harshal.yadwadkar@infracloud.io",
            "user_type": ""
          },
          "sensitive_attributes": [],
          "private": "eyJzY2hlbWFfdmVyc2lvbiI6IjAifQ=="
        },
        {
          "index_key": "hrishikesh@infracloud.io",
          "schema_version": 0,
          "attributes": {
            "addresses": [],
            "display_name": "Hrishi Kesh",
            "emails": [
              {
                "primary": true,
                "type": "work",
                "value": "hrishikesh@infracloud.io"
              }
            ],
            "external_ids": [],
            "id": "d-9f672ca174/71434d8a-d051-7038-eef5-4aba78513f92",
            "identity_store_id": "d-9f672ca174",
            "locale": "",
            "name": [
              {
                "family_name": "Kesh",
                "formatted": "",
                "given_name": "Hrishi",
                "honorific_prefix": "",
                "honorific_suffix": "",
                "middle_name": ""
              }
            ],
            "nickname": "",
            "phone_numbers": [],
            "preferred_language": "",
            "profile_url": "",
            "timezone": "",
            "title": "",
            "user_id": "71434d8a-d051-7038-eef5-4aba78513f92",
            "user_name": "hrishikesh@infracloud.io",
            "user_type": ""
          },
          "sensitive_attributes": [],
          "private": "eyJzY2hlbWFfdmVyc2lvbiI6IjAifQ=="
        },
        {
          "index_key": "inesh.shyamala@infracloud.io",
          "schema_version": 0,
          "attributes": {
            "addresses": [],
            "display_name": "Inesh shyamala",
            "emails": [
              {
                "primary": true,
                "type": "work",
                "value": "inesh.shyamala@infracloud.io"
              }
            ],
            "external_ids": [],
            "id": "d-9f672ca174/b1338d8a-4011-70dc-036f-e8171d33fc13",
            "identity_store_id": "d-9f672ca174",
            "locale": "",
            "name": [
              {
                "family_name": "shyamala",
                "formatted": "",
                "given_name": "Inesh",
                "honorific_prefix": "",
                "honorific_suffix": "",
                "middle_name": ""
              }
            ],
            "nickname": "",
            "phone_numbers": [],
            "preferred_language": "",
            "profile_url": "",
            "timezone": "",
            "title": "",
            "user_id": "b1338d8a-4011-70dc-036f-e8171d33fc13",
            "user_name": "inesh.shyamala@infracloud.io",
            "user_type": ""
          },
          "sensitive_attributes": [],
          "private": "eyJzY2hlbWFfdmVyc2lvbiI6IjAifQ=="
        },
        {
          "index_key": "jeet.desai@infracloud.io",
          "schema_version": 0,
          "attributes": {
            "addresses": [],
            "display_name": "Jeet desai",
            "emails": [
              {
                "primary": true,
                "type": "work",
                "value": "jeet.desai@infracloud.io"
              }
            ],
            "external_ids": [],
            "id": "d-9f672ca174/21d38dda-5091-70c7-08d0-e86ee436ad95",
            "identity_store_id": "d-9f672ca174",
            "locale": "",
            "name": [
              {
                "family_name": "desai",
                "formatted": "",
                "given_name": "Jeet",
                "honorific_prefix": "",
                "honorific_suffix": "",
                "middle_name": ""
              }
            ],
            "nickname": "",
            "phone_numbers": [],
            "preferred_language": "",
            "profile_url": "",
            "timezone": "",
            "title": "",
            "user_id": "21d38dda-5091-70c7-08d0-e86ee436ad95",
            "user_name": "jeet.desai@infracloud.io",
            "user_type": ""
          },
          "sensitive_attributes": [],
          "private": "eyJzY2hlbWFfdmVyc2lvbiI6IjAifQ=="
        },
        {
          "index_key": "khushboo.khatter@infracloud.io",
          "schema_version": 0,
          "attributes": {
            "addresses": [],
            "display_name": "khushboo khatter",
            "emails": [
              {
                "primary": true,
                "type": "work",
                "value": "khushboo.khatter@infracloud.io"
              }
            ],
            "external_ids": [],
            "id": "d-9f672ca174/a1531dea-d0b1-7007-8292-062e94670f71",
            "identity_store_id": "d-9f672ca174",
            "locale": "",
            "name": [
              {
                "family_name": "khatter",
                "formatted": "",
                "given_name": "khushboo",
                "honorific_prefix": "",
                "honorific_suffix": "",
                "middle_name": ""
              }
            ],
            "nickname": "",
            "phone_numbers": [],
            "preferred_language": "",
            "profile_url": "",
            "timezone": "",
            "title": "",
            "user_id": "a1531dea-d0b1-7007-8292-062e94670f71",
            "user_name": "khushboo.khatter@infracloud.io",
            "user_type": ""
          },
          "sensitive_attributes": [],
          "private": "eyJzY2hlbWFfdmVyc2lvbiI6IjAifQ=="
        },
        {
          "index_key": "lakshmanan.samynathan@infracloud.io",
          "schema_version": 0,
          "attributes": {
            "addresses": [],
            "display_name": "lakshmanan samynathan",
            "emails": [
              {
                "primary": true,
                "type": "work",
                "value": "lakshmanan.samynathan@infracloud.io"
              }
            ],
            "external_ids": [],
            "id": "d-9f672ca174/0183ddaa-f0d1-707f-3979-10583b8434e9",
            "identity_store_id": "d-9f672ca174",
            "locale": "",
            "name": [
              {
                "family_name": "samynathan",
                "formatted": "",
                "given_name": "lakshmanan",
                "honorific_prefix": "",
                "honorific_suffix": "",
                "middle_name": ""
              }
            ],
            "nickname": "",
            "phone_numbers": [],
            "preferred_language": "",
            "profile_url": "",
            "timezone": "",
            "title": "",
            "user_id": "0183ddaa-f0d1-707f-3979-10583b8434e9",
            "user_name": "lakshmanan.samynathan@infracloud.io",
            "user_type": ""
          },
          "sensitive_attributes": [],
          "private": "eyJzY2hlbWFfdmVyc2lvbiI6IjAifQ=="
        },
        {
          "index_key": "lakshmikanth.s@infracloud.io",
          "schema_version": 0,
          "attributes": {
            "addresses": [],
            "display_name": "Lakshmikanth Shivanna",
            "emails": [
              {
                "primary": true,
                "type": "work",
                "value": "lakshmikanth.s@infracloud.io"
              }
            ],
            "external_ids": [],
            "id": "d-9f672ca174/51831d3a-00f1-7080-eee2-a466fde7cc9e",
            "identity_store_id": "d-9f672ca174",
            "locale": "",
            "name": [
              {
                "family_name": "Shivanna",
                "formatted": "",
                "given_name": "Lakshmikanth",
                "honorific_prefix": "",
                "honorific_suffix": "",
                "middle_name": ""
              }
            ],
            "nickname": "",
            "phone_numbers": [],
            "preferred_language": "",
            "profile_url": "",
            "timezone": "",
            "title": "",
            "user_id": "51831d3a-00f1-7080-eee2-a466fde7cc9e",
            "user_name": "lakshmikanth.s@infracloud.io",
            "user_type": ""
          },
          "sensitive_attributes": [],
          "private": "eyJzY2hlbWFfdmVyc2lvbiI6IjAifQ=="
        },
        {
          "index_key": "mahaboob.basha@infracloud.io",
          "schema_version": 0,
          "attributes": {
            "addresses": [],
            "display_name": "mahaboob basha",
            "emails": [
              {
                "primary": true,
                "type": "work",
                "value": "mahaboob.basha@infracloud.io"
              }
            ],
            "external_ids": [],
            "id": "d-9f672ca174/91b3adaa-c041-704e-aa10-a6fb161549c2",
            "identity_store_id": "d-9f672ca174",
            "locale": "",
            "name": [
              {
                "family_name": "basha",
                "formatted": "",
                "given_name": "mahaboob",
                "honorific_prefix": "",
                "honorific_suffix": "",
                "middle_name": ""
              }
            ],
            "nickname": "",
            "phone_numbers": [],
            "preferred_language": "",
            "profile_url": "",
            "timezone": "",
            "title": "",
            "user_id": "91b3adaa-c041-704e-aa10-a6fb161549c2",
            "user_name": "mahaboob.basha@infracloud.io",
            "user_type": ""
          },
          "sensitive_attributes": [],
          "private": "eyJzY2hlbWFfdmVyc2lvbiI6IjAifQ=="
        },
        {
          "index_key": "mahesh.baliga@infracloud.io",
          "schema_version": 0,
          "attributes": {
            "addresses": [],
            "display_name": "Mahesh Baliga",
            "emails": [
              {
                "primary": true,
                "type": "work",
                "value": "mahesh.baliga@infracloud.io"
              }
            ],
            "external_ids": [],
            "id": "d-9f672ca174/71c3dd0a-7031-708b-b2b3-212fb14e1fe7",
            "identity_store_id": "d-9f672ca174",
            "locale": "",
            "name": [
              {
                "family_name": "Baliga",
                "formatted": "",
                "given_name": "Mahesh",
                "honorific_prefix": "",
                "honorific_suffix": "",
                "middle_name": ""
              }
            ],
            "nickname": "",
            "phone_numbers": [],
            "preferred_language": "",
            "profile_url": "",
            "timezone": "",
            "title": "",
            "user_id": "71c3dd0a-7031-708b-b2b3-212fb14e1fe7",
            "user_name": "mahesh.baliga@infracloud.io",
            "user_type": ""
          },
          "sensitive_attributes": [],
          "private": "eyJzY2hlbWFfdmVyc2lvbiI6IjAifQ=="
        },
        {
          "index_key": "mohammed.l@infracloud.io",
          "schema_version": 0,
          "attributes": {
            "addresses": [],
            "display_name": "Mohammed  Afzal",
            "emails": [
              {
                "primary": true,
                "type": "work",
                "value": "mohammed.l@infracloud.io"
              }
            ],
            "external_ids": [],
            "id": "d-9f672ca174/9f672ca174-83c37d2c-8778-4921-a7ad-428a8c265b59",
            "identity_store_id": "d-9f672ca174",
            "locale": "",
            "name": [
              {
                "family_name": "Afzal",
                "formatted": "",
                "given_name": "Mohammed ",
                "honorific_prefix": "",
                "honorific_suffix": "",
                "middle_name": ""
              }
            ],
            "nickname": "",
            "phone_numbers": [],
            "preferred_language": "",
            "profile_url": "",
            "timezone": "",
            "title": "",
            "user_id": "9f672ca174-83c37d2c-8778-4921-a7ad-428a8c265b59",
            "user_name": "mohammed.l@infracloud.io",
            "user_type": ""
          },
          "sensitive_attributes": [],
          "private": "eyJzY2hlbWFfdmVyc2lvbiI6IjAifQ=="
        },
        {
          "index_key": "nikhil.purva@infracloud.io",
          "schema_version": 0,
          "attributes": {
            "addresses": [],
            "display_name": "nikhil purva",
            "emails": [
              {
                "primary": true,
                "type": "work",
                "value": "nikhil.purva@infracloud.io"
              }
            ],
            "external_ids": [],
            "id": "d-9f672ca174/9f672ca174-c49c5cda-8c0d-4d3c-8169-37fbefc3c720",
            "identity_store_id": "d-9f672ca174",
            "locale": "",
            "name": [
              {
                "family_name": "purva",
                "formatted": "",
                "given_name": "nikhil",
                "honorific_prefix": "",
                "honorific_suffix": "",
                "middle_name": ""
              }
            ],
            "nickname": "",
            "phone_numbers": [],
            "preferred_language": "",
            "profile_url": "",
            "timezone": "",
            "title": "",
            "user_id": "9f672ca174-c49c5cda-8c0d-4d3c-8169-37fbefc3c720",
            "user_name": "nikhil.purva@infracloud.io",
            "user_type": ""
          },
          "sensitive_attributes": [],
          "private": "eyJzY2hlbWFfdmVyc2lvbiI6IjAifQ=="
        },
        {
          "index_key": "ninad@infracloud.io",
          "schema_version": 0,
          "attributes": {
            "addresses": [],
            "display_name": "Ninad Desai",
            "emails": [
              {
                "primary": true,
                "type": "work",
                "value": "ninad@infracloud.io"
              }
            ],
            "external_ids": [],
            "id": "d-9f672ca174/9f672ca174-84698c43-7e98-452a-8afe-d18a11580f93",
            "identity_store_id": "d-9f672ca174",
            "locale": "",
            "name": [
              {
                "family_name": "Desai",
                "formatted": "",
                "given_name": "Ninad",
                "honorific_prefix": "",
                "honorific_suffix": "",
                "middle_name": ""
              }
            ],
            "nickname": "",
            "phone_numbers": [],
            "preferred_language": "",
            "profile_url": "",
            "timezone": "",
            "title": "",
            "user_id": "9f672ca174-84698c43-7e98-452a-8afe-d18a11580f93",
            "user_name": "ninad@infracloud.io",
            "user_type": ""
          },
          "sensitive_attributes": [],
          "private": "eyJzY2hlbWFfdmVyc2lvbiI6IjAifQ=="
        },
        {
          "index_key": "nishant.barola@infracloud.io",
          "schema_version": 0,
          "attributes": {
            "addresses": [],
            "display_name": "Nishant Barola",
            "emails": [
              {
                "primary": true,
                "type": "work",
                "value": "nishant.barola@infracloud.io"
              }
            ],
            "external_ids": [],
            "id": "d-9f672ca174/11835d5a-e001-703a-142c-3ad38ebaf266",
            "identity_store_id": "d-9f672ca174",
            "locale": "",
            "name": [
              {
                "family_name": "Barola",
                "formatted": "",
                "given_name": "Nishant",
                "honorific_prefix": "",
                "honorific_suffix": "",
                "middle_name": ""
              }
            ],
            "nickname": "",
            "phone_numbers": [],
            "preferred_language": "",
            "profile_url": "",
            "timezone": "",
            "title": "",
            "user_id": "11835d5a-e001-703a-142c-3ad38ebaf266",
            "user_name": "nishant.barola@infracloud.io",
            "user_type": ""
          },
          "sensitive_attributes": [],
          "private": "eyJzY2hlbWFfdmVyc2lvbiI6IjAifQ=="
        },
        {
          "index_key": "nitesh@infracloud.io",
          "schema_version": 0,
          "attributes": {
            "addresses": [],
            "display_name": "Nitesh Saini",
            "emails": [
              {
                "primary": true,
                "type": "work",
                "value": "nitesh@infracloud.io"
              }
            ],
            "external_ids": [],
            "id": "d-9f672ca174/9f672ca174-fa10cd69-b13c-4d85-aa0b-dc07a8351a64",
            "identity_store_id": "d-9f672ca174",
            "locale": "",
            "name": [
              {
                "family_name": "Saini",
                "formatted": "",
                "given_name": "Nitesh",
                "honorific_prefix": "",
                "honorific_suffix": "",
                "middle_name": ""
              }
            ],
            "nickname": "",
            "phone_numbers": [],
            "preferred_language": "",
            "profile_url": "",
            "timezone": "",
            "title": "",
            "user_id": "9f672ca174-fa10cd69-b13c-4d85-aa0b-dc07a8351a64",
            "user_name": "nitesh@infracloud.io",
            "user_type": ""
          },
          "sensitive_attributes": [],
          "private": "eyJzY2hlbWFfdmVyc2lvbiI6IjAifQ=="
        },
        {
          "index_key": "nitin.naidu@infracloud.io",
          "schema_version": 0,
          "attributes": {
            "addresses": [],
            "display_name": "nitin naidu",
            "emails": [
              {
                "primary": true,
                "type": "work",
                "value": "nitin.naidu@infracloud.io"
              }
            ],
            "external_ids": [],
            "id": "d-9f672ca174/91637d2a-e0c1-7041-2c18-e01097eabcee",
            "identity_store_id": "d-9f672ca174",
            "locale": "",
            "name": [
              {
                "family_name": "naidu",
                "formatted": "",
                "given_name": "nitin",
                "honorific_prefix": "",
                "honorific_suffix": "",
                "middle_name": ""
              }
            ],
            "nickname": "",
            "phone_numbers": [],
            "preferred_language": "",
            "profile_url": "",
            "timezone": "",
            "title": "",
            "user_id": "91637d2a-e0c1-7041-2c18-e01097eabcee",
            "user_name": "nitin.naidu@infracloud.io",
            "user_type": ""
          },
          "sensitive_attributes": [],
          "private": "eyJzY2hlbWFfdmVyc2lvbiI6IjAifQ=="
        },
        {
          "index_key": "pavan.ng@infracloud.io",
          "schema_version": 0,
          "attributes": {
            "addresses": [],
            "display_name": "Pavan N G",
            "emails": [
              {
                "primary": true,
                "type": "work",
                "value": "pavan.ng@infracloud.io"
              }
            ],
            "external_ids": [],
            "id": "d-9f672ca174/21f32dba-f041-7057-02fb-4316657470c3",
            "identity_store_id": "d-9f672ca174",
            "locale": "",
            "name": [
              {
                "family_name": "N G",
                "formatted": "",
                "given_name": "Pavan",
                "honorific_prefix": "",
                "honorific_suffix": "",
                "middle_name": ""
              }
            ],
            "nickname": "",
            "phone_numbers": [],
            "preferred_language": "",
            "profile_url": "",
            "timezone": "",
            "title": "",
            "user_id": "21f32dba-f041-7057-02fb-4316657470c3",
            "user_name": "pavan.ng@infracloud.io",
            "user_type": ""
          },
          "sensitive_attributes": [],
          "private": "eyJzY2hlbWFfdmVyc2lvbiI6IjAifQ=="
        },
        {
          "index_key": "pooja@infracloud.io",
          "schema_version": 0,
          "attributes": {
            "addresses": [],
            "display_name": "Pooja Dhoot",
            "emails": [
              {
                "primary": true,
                "type": "work",
                "value": "pooja@infracloud.io"
              }
            ],
            "external_ids": [],
            "id": "d-9f672ca174/31d33daa-50e1-7031-36e7-76ab31a931c3",
            "identity_store_id": "d-9f672ca174",
            "locale": "",
            "name": [
              {
                "family_name": "Dhoot",
                "formatted": "",
                "given_name": "Pooja",
                "honorific_prefix": "",
                "honorific_suffix": "",
                "middle_name": ""
              }
            ],
            "nickname": "",
            "phone_numbers": [],
            "preferred_language": "",
            "profile_url": "",
            "timezone": "",
            "title": "",
            "user_id": "31d33daa-50e1-7031-36e7-76ab31a931c3",
            "user_name": "pooja@infracloud.io",
            "user_type": ""
          },
          "sensitive_attributes": [],
          "private": "eyJzY2hlbWFfdmVyc2lvbiI6IjAifQ=="
        },
        {
          "index_key": "pratheesh.p@infracloud.io",
          "schema_version": 0,
          "attributes": {
            "addresses": [],
            "display_name": "Pratheesh P",
            "emails": [
              {
                "primary": true,
                "type": "work",
                "value": "pratheesh.p@infracloud.io"
              }
            ],
            "external_ids": [],
            "id": "d-9f672ca174/01e39d6a-5051-7059-5ac2-20c4c30c79df",
            "identity_store_id": "d-9f672ca174",
            "locale": "",
            "name": [
              {
                "family_name": "P",
                "formatted": "",
                "given_name": "Pratheesh",
                "honorific_prefix": "",
                "honorific_suffix": "",
                "middle_name": ""
              }
            ],
            "nickname": "",
            "phone_numbers": [],
            "preferred_language": "",
            "profile_url": "",
            "timezone": "",
            "title": "",
            "user_id": "01e39d6a-5051-7059-5ac2-20c4c30c79df",
            "user_name": "pratheesh.p@infracloud.io",
            "user_type": ""
          },
          "sensitive_attributes": [],
          "private": "eyJzY2hlbWFfdmVyc2lvbiI6IjAifQ=="
        },
        {
          "index_key": "pratik@infracloud.io",
          "schema_version": 0,
          "attributes": {
            "addresses": [],
            "display_name": "Pratik Shah",
            "emails": [
              {
                "primary": true,
                "type": "work",
                "value": "pratik@infracloud.io"
              }
            ],
            "external_ids": [],
            "id": "d-9f672ca174/81334d4a-f091-702e-ca38-94204c02d77d",
            "identity_store_id": "d-9f672ca174",
            "locale": "",
            "name": [
              {
                "family_name": "Shah",
                "formatted": "",
                "given_name": "Pratik",
                "honorific_prefix": "",
                "honorific_suffix": "",
                "middle_name": ""
              }
            ],
            "nickname": "",
            "phone_numbers": [],
            "preferred_language": "",
            "profile_url": "",
            "timezone": "",
            "title": "",
            "user_id": "81334d4a-f091-702e-ca38-94204c02d77d",
            "user_name": "pratik@infracloud.io",
            "user_type": ""
          },
          "sensitive_attributes": [],
          "private": "eyJzY2hlbWFfdmVyc2lvbiI6IjAifQ=="
        },
        {
          "index_key": "purushottam.reddy@infracloud.io",
          "schema_version": 0,
          "attributes": {
            "addresses": [],
            "display_name": "Purushottam Reddy",
            "emails": [
              {
                "primary": true,
                "type": "work",
                "value": "purushottam.reddy@infracloud.io"
              }
            ],
            "external_ids": [],
            "id": "d-9f672ca174/71535d5a-f031-7030-ca5d-9980ca53af95",
            "identity_store_id": "d-9f672ca174",
            "locale": "",
            "name": [
              {
                "family_name": "Reddy",
                "formatted": "",
                "given_name": "Purushottam",
                "honorific_prefix": "",
                "honorific_suffix": "",
                "middle_name": ""
              }
            ],
            "nickname": "",
            "phone_numbers": [],
            "preferred_language": "",
            "profile_url": "",
            "timezone": "",
            "title": "",
            "user_id": "71535d5a-f031-7030-ca5d-9980ca53af95",
            "user_name": "purushottam.reddy@infracloud.io",
            "user_type": ""
          },
          "sensitive_attributes": [],
          "private": "eyJzY2hlbWFfdmVyc2lvbiI6IjAifQ=="
        },
        {
          "index_key": "rahul.sawra@infracloud.io",
          "schema_version": 0,
          "attributes": {
            "addresses": [],
            "display_name": "Rahul Sawra",
            "emails": [
              {
                "primary": true,
                "type": "work",
                "value": "rahul.sawra@infracloud.io"
              }
            ],
            "external_ids": [],
            "id": "d-9f672ca174/71535d5a-f011-7096-634d-d2763f819680",
            "identity_store_id": "d-9f672ca174",
            "locale": "",
            "name": [
              {
                "family_name": "Sawra",
                "formatted": "",
                "given_name": "Rahul",
                "honorific_prefix": "",
                "honorific_suffix": "",
                "middle_name": ""
              }
            ],
            "nickname": "",
            "phone_numbers": [],
            "preferred_language": "",
            "profile_url": "",
            "timezone": "",
            "title": "",
            "user_id": "71535d5a-f011-7096-634d-d2763f819680",
            "user_name": "rahul.sawra@infracloud.io",
            "user_type": ""
          },
          "sensitive_attributes": [],
          "private": "eyJzY2hlbWFfdmVyc2lvbiI6IjAifQ=="
        },
        {
          "index_key": "rajesh.kumar@infracloud.io",
          "schema_version": 0,
          "attributes": {
            "addresses": [],
            "display_name": "rajesh kumar",
            "emails": [
              {
                "primary": true,
                "type": "work",
                "value": "rajesh.kumar@infracloud.io"
              }
            ],
            "external_ids": [],
            "id": "d-9f672ca174/d1c38d2a-8041-70e0-015c-387ee008077e",
            "identity_store_id": "d-9f672ca174",
            "locale": "",
            "name": [
              {
                "family_name": "kumar",
                "formatted": "",
                "given_name": "rajesh",
                "honorific_prefix": "",
                "honorific_suffix": "",
                "middle_name": ""
              }
            ],
            "nickname": "",
            "phone_numbers": [],
            "preferred_language": "",
            "profile_url": "",
            "timezone": "",
            "title": "",
            "user_id": "d1c38d2a-8041-70e0-015c-387ee008077e",
            "user_name": "rajesh.kumar@infracloud.io",
            "user_type": ""
          },
          "sensitive_attributes": [],
          "private": "eyJzY2hlbWFfdmVyc2lvbiI6IjAifQ=="
        },
        {
          "index_key": "rayan.das@infracloud.io",
          "schema_version": 0,
          "attributes": {
            "addresses": [],
            "display_name": "Rayan Das",
            "emails": [
              {
                "primary": true,
                "type": "work",
                "value": "rayan.das@infracloud.io"
              }
            ],
            "external_ids": [],
            "id": "d-9f672ca174/9f672ca174-f0b0d136-209f-43f9-af82-f09a82aec387",
            "identity_store_id": "d-9f672ca174",
            "locale": "",
            "name": [
              {
                "family_name": "Das",
                "formatted": "",
                "given_name": "Rayan",
                "honorific_prefix": "",
                "honorific_suffix": "",
                "middle_name": ""
              }
            ],
            "nickname": "",
            "phone_numbers": [],
            "preferred_language": "",
            "profile_url": "",
            "timezone": "",
            "title": "",
            "user_id": "9f672ca174-f0b0d136-209f-43f9-af82-f09a82aec387",
            "user_name": "rayan.das@infracloud.io",
            "user_type": ""
          },
          "sensitive_attributes": [],
          "private": "eyJzY2hlbWFfdmVyc2lvbiI6IjAifQ=="
        },
        {
          "index_key": "richa.mishra@infracloud.io",
          "schema_version": 0,
          "attributes": {
            "addresses": [],
            "display_name": "Richa Mishra",
            "emails": [
              {
                "primary": true,
                "type": "work",
                "value": "richa.mishra@infracloud.io"
              }
            ],
            "external_ids": [],
            "id": "d-9f672ca174/9f672ca174-d52a039b-bacf-4261-bf03-e2ca959388a1",
            "identity_store_id": "d-9f672ca174",
            "locale": "",
            "name": [
              {
                "family_name": "Mishra",
                "formatted": "",
                "given_name": "Richa",
                "honorific_prefix": "",
                "honorific_suffix": "",
                "middle_name": ""
              }
            ],
            "nickname": "",
            "phone_numbers": [],
            "preferred_language": "",
            "profile_url": "",
            "timezone": "",
            "title": "",
            "user_id": "9f672ca174-d52a039b-bacf-4261-bf03-e2ca959388a1",
            "user_name": "richa.mishra@infracloud.io",
            "user_type": ""
          },
          "sensitive_attributes": [],
          "private": "eyJzY2hlbWFfdmVyc2lvbiI6IjAifQ=="
        },
        {
          "index_key": "rounak.upadhye@infracloud.io",
          "schema_version": 0,
          "attributes": {
            "addresses": [],
            "display_name": "Rounak u",
            "emails": [
              {
                "primary": true,
                "type": "work",
                "value": "rounak.upadhye@infracloud.io"
              }
            ],
            "external_ids": [],
            "id": "d-9f672ca174/4153cd3a-0071-7021-7bb0-827600d5c4e2",
            "identity_store_id": "d-9f672ca174",
            "locale": "",
            "name": [
              {
                "family_name": "u",
                "formatted": "",
                "given_name": "Rounak",
                "honorific_prefix": "",
                "honorific_suffix": "",
                "middle_name": ""
              }
            ],
            "nickname": "",
            "phone_numbers": [],
            "preferred_language": "",
            "profile_url": "",
            "timezone": "",
            "title": "",
            "user_id": "4153cd3a-0071-7021-7bb0-827600d5c4e2",
            "user_name": "rounak.upadhye@infracloud.io",
            "user_type": ""
          },
          "sensitive_attributes": [],
          "private": "eyJzY2hlbWFfdmVyc2lvbiI6IjAifQ=="
        },
        {
          "index_key": "rucha.bhange@infracloud.io",
          "schema_version": 0,
          "attributes": {
            "addresses": [],
            "display_name": "Ruch  bhange",
            "emails": [
              {
                "primary": true,
                "type": "work",
                "value": "rucha.bhange@infracloud.io"
              }
            ],
            "external_ids": [],
            "id": "d-9f672ca174/7173fd9a-1021-7030-6914-f77b86b8589c",
            "identity_store_id": "d-9f672ca174",
            "locale": "",
            "name": [
              {
                "family_name": "bhange",
                "formatted": "",
                "given_name": "Ruch ",
                "honorific_prefix": "",
                "honorific_suffix": "",
                "middle_name": ""
              }
            ],
            "nickname": "",
            "phone_numbers": [],
            "preferred_language": "",
            "profile_url": "",
            "timezone": "",
            "title": "",
            "user_id": "7173fd9a-1021-7030-6914-f77b86b8589c",
            "user_name": "rucha.bhange@infracloud.io",
            "user_type": ""
          },
          "sensitive_attributes": [],
          "private": "eyJzY2hlbWFfdmVyc2lvbiI6IjAifQ=="
        },
        {
          "index_key": "runit.misra@infracloud.io",
          "schema_version": 0,
          "attributes": {
            "addresses": [],
            "display_name": "runit misra",
            "emails": [
              {
                "primary": true,
                "type": "work",
                "value": "runit.misra@infracloud.io"
              }
            ],
            "external_ids": [],
            "id": "d-9f672ca174/11c3ddea-7071-7056-ab77-164935647da8",
            "identity_store_id": "d-9f672ca174",
            "locale": "",
            "name": [
              {
                "family_name": "misra",
                "formatted": "",
                "given_name": "runit",
                "honorific_prefix": "",
                "honorific_suffix": "",
                "middle_name": ""
              }
            ],
            "nickname": "",
            "phone_numbers": [],
            "preferred_language": "",
            "profile_url": "",
            "timezone": "",
            "title": "",
            "user_id": "11c3ddea-7071-7056-ab77-164935647da8",
            "user_name": "runit.misra@infracloud.io",
            "user_type": ""
          },
          "sensitive_attributes": [],
          "private": "eyJzY2hlbWFfdmVyc2lvbiI6IjAifQ=="
        },
        {
          "index_key": "sahil@infracloud.io",
          "schema_version": 0,
          "attributes": {
            "addresses": [],
            "display_name": "Sahil Lakhwani",
            "emails": [
              {
                "primary": true,
                "type": "work",
                "value": "sahil@infracloud.io"
              }
            ],
            "external_ids": [],
            "id": "d-9f672ca174/6173ad4a-c0f1-7017-e99d-9a457713a847",
            "identity_store_id": "d-9f672ca174",
            "locale": "",
            "name": [
              {
                "family_name": "Lakhwani",
                "formatted": "",
                "given_name": "Sahil",
                "honorific_prefix": "",
                "honorific_suffix": "",
                "middle_name": ""
              }
            ],
            "nickname": "",
            "phone_numbers": [],
            "preferred_language": "",
            "profile_url": "",
            "timezone": "",
            "title": "",
            "user_id": "6173ad4a-c0f1-7017-e99d-9a457713a847",
            "user_name": "sahil@infracloud.io",
            "user_type": ""
          },
          "sensitive_attributes": [],
          "private": "eyJzY2hlbWFfdmVyc2lvbiI6IjAifQ=="
        },
        {
          "index_key": "sandeepraj.bhandari@infracloud.io",
          "schema_version": 0,
          "attributes": {
            "addresses": [],
            "display_name": "Sandeepraj Bhandari",
            "emails": [
              {
                "primary": true,
                "type": "work",
                "value": "sandeepraj.bhandari@infracloud.io"
              }
            ],
            "external_ids": [],
            "id": "d-9f672ca174/e1233daa-1021-70f8-19fd-46fb5d1dfa11",
            "identity_store_id": "d-9f672ca174",
            "locale": "",
            "name": [
              {
                "family_name": "Bhandari",
                "formatted": "",
                "given_name": "Sandeepraj",
                "honorific_prefix": "",
                "honorific_suffix": "",
                "middle_name": ""
              }
            ],
            "nickname": "",
            "phone_numbers": [],
            "preferred_language": "",
            "profile_url": "",
            "timezone": "",
            "title": "",
            "user_id": "e1233daa-1021-70f8-19fd-46fb5d1dfa11",
            "user_name": "sandeepraj.bhandari@infracloud.io",
            "user_type": ""
          },
          "sensitive_attributes": [],
          "private": "eyJzY2hlbWFfdmVyc2lvbiI6IjAifQ=="
        },
        {
          "index_key": "santosh.gajawada@infracloud.io",
          "schema_version": 0,
          "attributes": {
            "addresses": [],
            "display_name": "Santosh Gajawada",
            "emails": [
              {
                "primary": true,
                "type": "work",
                "value": "santosh.gajawada@infracloud.io"
              }
            ],
            "external_ids": [],
            "id": "d-9f672ca174/51b3bdaa-e071-70b5-e91a-5357673b14c2",
            "identity_store_id": "d-9f672ca174",
            "locale": "",
            "name": [
              {
                "family_name": "Gajawada",
                "formatted": "",
                "given_name": "Santosh",
                "honorific_prefix": "",
                "honorific_suffix": "",
                "middle_name": ""
              }
            ],
            "nickname": "",
            "phone_numbers": [],
            "preferred_language": "",
            "profile_url": "",
            "timezone": "",
            "title": "",
            "user_id": "51b3bdaa-e071-70b5-e91a-5357673b14c2",
            "user_name": "santosh.gajawada@infracloud.io",
            "user_type": ""
          },
          "sensitive_attributes": [],
          "private": "eyJzY2hlbWFfdmVyc2lvbiI6IjAifQ=="
        },
        {
          "index_key": "sarvanand.jannu@infracloud.io",
          "schema_version": 0,
          "attributes": {
            "addresses": [],
            "display_name": "Sarvanand P Jannu",
            "emails": [
              {
                "primary": true,
                "type": "work",
                "value": "sarvanand.jannu@infracloud.io"
              }
            ],
            "external_ids": [],
            "id": "d-9f672ca174/9f672ca174-d5f9dcae-4fbb-4b39-bc6e-28ee95710276",
            "identity_store_id": "d-9f672ca174",
            "locale": "",
            "name": [
              {
                "family_name": "P Jannu",
                "formatted": "",
                "given_name": "Sarvanand",
                "honorific_prefix": "",
                "honorific_suffix": "",
                "middle_name": ""
              }
            ],
            "nickname": "",
            "phone_numbers": [],
            "preferred_language": "",
            "profile_url": "",
            "timezone": "",
            "title": "",
            "user_id": "9f672ca174-d5f9dcae-4fbb-4b39-bc6e-28ee95710276",
            "user_name": "sarvanand.jannu@infracloud.io",
            "user_type": ""
          },
          "sensitive_attributes": [],
          "private": "eyJzY2hlbWFfdmVyc2lvbiI6IjAifQ=="
        },
        {
          "index_key": "security+main@infracloud.io",
          "schema_version": 0,
          "attributes": {
            "addresses": [],
            "display_name": "AWS Control Tower Admin",
            "emails": [
              {
                "primary": false,
                "type": "",
                "value": "security+main@infracloud.io"
              }
            ],
            "external_ids": [],
            "id": "d-9f672ca174/9f672ca174-7ea96c89-362a-4798-9e21-3a117a4ed7ed",
            "identity_store_id": "d-9f672ca174",
            "locale": "",
            "name": [
              {
                "family_name": "Admin",
                "formatted": "",
                "given_name": "AWS Control Tower",
                "honorific_prefix": "",
                "honorific_suffix": "",
                "middle_name": ""
              }
            ],
            "nickname": "",
            "phone_numbers": [],
            "preferred_language": "",
            "profile_url": "",
            "timezone": "",
            "title": "",
            "user_id": "9f672ca174-7ea96c89-362a-4798-9e21-3a117a4ed7ed",
            "user_name": "security+main@infracloud.io",
            "user_type": ""
          },
          "sensitive_attributes": [],
          "private": "eyJzY2hlbWFfdmVyc2lvbiI6IjAifQ=="
        },
        {
          "index_key": "security@infracloud.io",
          "schema_version": 0,
          "attributes": {
            "addresses": [],
            "display_name": "InfoSec Team",
            "emails": [
              {
                "primary": false,
                "type": "",
                "value": "security@infracloud.io"
              }
            ],
            "external_ids": [],
            "id": "d-9f672ca174/11a30d5a-50e1-70c7-f69d-823eb72b5d93",
            "identity_store_id": "d-9f672ca174",
            "locale": "",
            "name": [
              {
                "family_name": "Team",
                "formatted": "",
                "given_name": "InfoSec",
                "honorific_prefix": "",
                "honorific_suffix": "",
                "middle_name": ""
              }
            ],
            "nickname": "",
            "phone_numbers": [],
            "preferred_language": "",
            "profile_url": "",
            "timezone": "",
            "title": "",
            "user_id": "11a30d5a-50e1-70c7-f69d-823eb72b5d93",
            "user_name": "security@infracloud.io",
            "user_type": ""
          },
          "sensitive_attributes": [],
          "private": "eyJzY2hlbWFfdmVyc2lvbiI6IjAifQ=="
        },
        {
          "index_key": "shehbaz.khan@infracloud.io",
          "schema_version": 0,
          "attributes": {
            "addresses": [],
            "display_name": "Shehbaz Khan",
            "emails": [
              {
                "primary": true,
                "type": "work",
                "value": "shehbaz.khan@infracloud.io"
              }
            ],
            "external_ids": [],
            "id": "d-9f672ca174/9143bd6a-0091-70bf-d328-93d25393751e",
            "identity_store_id": "d-9f672ca174",
            "locale": "",
            "name": [
              {
                "family_name": "Khan",
                "formatted": "",
                "given_name": "Shehbaz",
                "honorific_prefix": "",
                "honorific_suffix": "",
                "middle_name": ""
              }
            ],
            "nickname": "",
            "phone_numbers": [],
            "preferred_language": "",
            "profile_url": "",
            "timezone": "",
            "title": "",
            "user_id": "9143bd6a-0091-70bf-d328-93d25393751e",
            "user_name": "shehbaz.khan@infracloud.io",
            "user_type": ""
          },
          "sensitive_attributes": [],
          "private": "eyJzY2hlbWFfdmVyc2lvbiI6IjAifQ=="
        },
        {
          "index_key": "shraddha.totala@infracloud.io",
          "schema_version": 0,
          "attributes": {
            "addresses": [],
            "display_name": "Shraddha Totala",
            "emails": [
              {
                "primary": true,
                "type": "work",
                "value": "shraddha.totala@infracloud.io"
              }
            ],
            "external_ids": [],
            "id": "d-9f672ca174/9183ed4a-c0e1-7049-7d14-92171fd9a96e",
            "identity_store_id": "d-9f672ca174",
            "locale": "",
            "name": [
              {
                "family_name": "Totala",
                "formatted": "",
                "given_name": "Shraddha",
                "honorific_prefix": "",
                "honorific_suffix": "",
                "middle_name": ""
              }
            ],
            "nickname": "",
            "phone_numbers": [],
            "preferred_language": "",
            "profile_url": "",
            "timezone": "",
            "title": "",
            "user_id": "9183ed4a-c0e1-7049-7d14-92171fd9a96e",
            "user_name": "shraddha.totala@infracloud.io",
            "user_type": ""
          },
          "sensitive_attributes": [],
          "private": "eyJzY2hlbWFfdmVyc2lvbiI6IjAifQ=="
        },
        {
          "index_key": "shubhada.rathor@infracloud.io",
          "schema_version": 0,
          "attributes": {
            "addresses": [],
            "display_name": "shubhada rathor",
            "emails": [
              {
                "primary": true,
                "type": "work",
                "value": "shubhada.rathor@infracloud.io"
              }
            ],
            "external_ids": [],
            "id": "d-9f672ca174/51137d0a-e0a1-701c-ad41-f5fea3dae417",
            "identity_store_id": "d-9f672ca174",
            "locale": "",
            "name": [
              {
                "family_name": "rathor",
                "formatted": "",
                "given_name": "shubhada",
                "honorific_prefix": "",
                "honorific_suffix": "",
                "middle_name": ""
              }
            ],
            "nickname": "",
            "phone_numbers": [],
            "preferred_language": "",
            "profile_url": "",
            "timezone": "",
            "title": "",
            "user_id": "51137d0a-e0a1-701c-ad41-f5fea3dae417",
            "user_name": "shubhada.rathor@infracloud.io",
            "user_type": ""
          },
          "sensitive_attributes": [],
          "private": "eyJzY2hlbWFfdmVyc2lvbiI6IjAifQ=="
        },
        {
          "index_key": "sudarshan.sr@infracloud.io",
          "schema_version": 0,
          "attributes": {
            "addresses": [],
            "display_name": "Sudarshan S R",
            "emails": [
              {
                "primary": true,
                "type": "work",
                "value": "sudarshan.sr@infracloud.io"
              }
            ],
            "external_ids": [],
            "id": "d-9f672ca174/21535dca-b0e1-7083-642a-f59c6fc98dfc",
            "identity_store_id": "d-9f672ca174",
            "locale": "",
            "name": [
              {
                "family_name": "S R",
                "formatted": "",
                "given_name": "Sudarshan",
                "honorific_prefix": "",
                "honorific_suffix": "",
                "middle_name": ""
              }
            ],
            "nickname": "",
            "phone_numbers": [],
            "preferred_language": "",
            "profile_url": "",
            "timezone": "",
            "title": "",
            "user_id": "21535dca-b0e1-7083-642a-f59c6fc98dfc",
            "user_name": "sudarshan.sr@infracloud.io",
            "user_type": ""
          },
          "sensitive_attributes": [],
          "private": "eyJzY2hlbWFfdmVyc2lvbiI6IjAifQ=="
        },
        {
          "index_key": "sunil.subramanya@infracloud.io",
          "schema_version": 0,
          "attributes": {
            "addresses": [],
            "display_name": "sunil s",
            "emails": [
              {
                "primary": true,
                "type": "work",
                "value": "sunil.subramanya@infracloud.io"
              }
            ],
            "external_ids": [],
            "id": "d-9f672ca174/c1e3ad1a-90a1-7052-8fcb-53ea796ac782",
            "identity_store_id": "d-9f672ca174",
            "locale": "",
            "name": [
              {
                "family_name": "s",
                "formatted": "",
                "given_name": "sunil",
                "honorific_prefix": "",
                "honorific_suffix": "",
                "middle_name": ""
              }
            ],
            "nickname": "",
            "phone_numbers": [],
            "preferred_language": "",
            "profile_url": "",
            "timezone": "",
            "title": "",
            "user_id": "c1e3ad1a-90a1-7052-8fcb-53ea796ac782",
            "user_name": "sunil.subramanya@infracloud.io",
            "user_type": ""
          },
          "sensitive_attributes": [],
          "private": "eyJzY2hlbWFfdmVyc2lvbiI6IjAifQ=="
        },
        {
          "index_key": "ubaid.ansari@infracloud.io",
          "schema_version": 0,
          "attributes": {
            "addresses": [],
            "display_name": "ubaid ansari",
            "emails": [
              {
                "primary": true,
                "type": "work",
                "value": "ubaid.ansari@infracloud.io"
              }
            ],
            "external_ids": [],
            "id": "d-9f672ca174/d1032d8a-e011-70c5-9636-dd2004f1335e",
            "identity_store_id": "d-9f672ca174",
            "locale": "",
            "name": [
              {
                "family_name": "ansari",
                "formatted": "",
                "given_name": "ubaid",
                "honorific_prefix": "",
                "honorific_suffix": "",
                "middle_name": ""
              }
            ],
            "nickname": "",
            "phone_numbers": [],
            "preferred_language": "",
            "profile_url": "",
            "timezone": "",
            "title": "",
            "user_id": "d1032d8a-e011-70c5-9636-dd2004f1335e",
            "user_name": "ubaid.ansari@infracloud.io",
            "user_type": ""
          },
          "sensitive_attributes": [],
          "private": "eyJzY2hlbWFfdmVyc2lvbiI6IjAifQ=="
        },
        {
          "index_key": "vaibhav.gupta@infracloud.io",
          "schema_version": 0,
          "attributes": {
            "addresses": [],
            "display_name": "Vaibhav Gupta",
            "emails": [
              {
                "primary": true,
                "type": "work",
                "value": "vaibhav.gupta@infracloud.io"
              }
            ],
            "external_ids": [],
            "id": "d-9f672ca174/b1831daa-f021-7075-87f6-11e9192a5532",
            "identity_store_id": "d-9f672ca174",
            "locale": "",
            "name": [
              {
                "family_name": "Gupta",
                "formatted": "",
                "given_name": "Vaibhav",
                "honorific_prefix": "",
                "honorific_suffix": "",
                "middle_name": ""
              }
            ],
            "nickname": "",
            "phone_numbers": [],
            "preferred_language": "",
            "profile_url": "",
            "timezone": "",
            "title": "",
            "user_id": "b1831daa-f021-7075-87f6-11e9192a5532",
            "user_name": "vaibhav.gupta@infracloud.io",
            "user_type": ""
          },
          "sensitive_attributes": [],
          "private": "eyJzY2hlbWFfdmVyc2lvbiI6IjAifQ=="
        },
        {
          "index_key": "varun.kumar@infracloud.io",
          "schema_version": 0,
          "attributes": {
            "addresses": [],
            "display_name": "Varun Kumar",
            "emails": [
              {
                "primary": true,
                "type": "work",
                "value": "varun.kumar@infracloud.io"
              }
            ],
            "external_ids": [],
            "id": "d-9f672ca174/9f672ca174-19b663a1-8d0b-4f25-8caa-c97eb2f56487",
            "identity_store_id": "d-9f672ca174",
            "locale": "",
            "name": [
              {
                "family_name": "Kumar",
                "formatted": "",
                "given_name": "Varun",
                "honorific_prefix": "",
                "honorific_suffix": "",
                "middle_name": ""
              }
            ],
            "nickname": "",
            "phone_numbers": [],
            "preferred_language": "",
            "profile_url": "",
            "timezone": "",
            "title": "",
            "user_id": "9f672ca174-19b663a1-8d0b-4f25-8caa-c97eb2f56487",
            "user_name": "varun.kumar@infracloud.io",
            "user_type": ""
          },
          "sensitive_attributes": [],
          "private": "eyJzY2hlbWFfdmVyc2lvbiI6IjAifQ=="
        },
        {
          "index_key": "vishal@infracloud.io",
          "schema_version": 0,
          "attributes": {
            "addresses": [],
            "display_name": "Vishal Biyani",
            "emails": [
              {
                "primary": true,
                "type": "work",
                "value": "vishal@infracloud.io"
              }
            ],
            "external_ids": [],
            "id": "d-9f672ca174/9f672ca174-7eb95e45-e0ed-4901-bc2d-9ba2594f9156",
            "identity_store_id": "d-9f672ca174",
            "locale": "",
            "name": [
              {
                "family_name": "Biyani",
                "formatted": "",
                "given_name": "Vishal",
                "honorific_prefix": "",
                "honorific_suffix": "",
                "middle_name": ""
              }
            ],
            "nickname": "",
            "phone_numbers": [],
            "preferred_language": "",
            "profile_url": "",
            "timezone": "",
            "title": "",
            "user_id": "9f672ca174-7eb95e45-e0ed-4901-bc2d-9ba2594f9156",
            "user_name": "vishal@infracloud.io",
            "user_type": ""
          },
          "sensitive_attributes": [],
          "private": "eyJzY2hlbWFfdmVyc2lvbiI6IjAifQ=="
        }
      ]
    },
    {
      "mode": "managed",
      "type": "aws_ssoadmin_account_assignment",
      "name": "example",
      "provider": "provider[\"registry.terraform.io/hashicorp/aws\"]",
      "instances": [
        {
          "index_key": "293695346124.arn:aws:sso:::permissionSet/ssoins-6595b36b2cbf3a38/ps-1bcb52c69b3156ab.9f672ca174-059e2d28-7d3d-4355-bea8-d8842563877a",
          "schema_version": 0,
          "attributes": {
            "id": "9f672ca174-059e2d28-7d3d-4355-bea8-d8842563877a,USER,293695346124,AWS_ACCOUNT,arn:aws:sso:::permissionSet/ssoins-6595b36b2cbf3a38/ps-1bcb52c69b3156ab,arn:aws:sso:::instance/ssoins-6595b36b2cbf3a38",
            "instance_arn": "arn:aws:sso:::instance/ssoins-6595b36b2cbf3a38",
            "permission_set_arn": "arn:aws:sso:::permissionSet/ssoins-6595b36b2cbf3a38/ps-1bcb52c69b3156ab",
            "principal_id": "9f672ca174-059e2d28-7d3d-4355-bea8-d8842563877a",
            "principal_type": "USER",
            "target_id": "293695346124",
            "target_type": "AWS_ACCOUNT"
          },
          "sensitive_attributes": [],
          "private": "eyJzY2hlbWFfdmVyc2lvbiI6IjAifQ=="
        },
        {
          "index_key": "293695346124.arn:aws:sso:::permissionSet/ssoins-6595b36b2cbf3a38/ps-1bcb52c69b3156ab.9f672ca174-19b663a1-8d0b-4f25-8caa-c97eb2f56487",
          "schema_version": 0,
          "attributes": {
            "id": "9f672ca174-19b663a1-8d0b-4f25-8caa-c97eb2f56487,USER,293695346124,AWS_ACCOUNT,arn:aws:sso:::permissionSet/ssoins-6595b36b2cbf3a38/ps-1bcb52c69b3156ab,arn:aws:sso:::instance/ssoins-6595b36b2cbf3a38",
            "instance_arn": "arn:aws:sso:::instance/ssoins-6595b36b2cbf3a38",
            "permission_set_arn": "arn:aws:sso:::permissionSet/ssoins-6595b36b2cbf3a38/ps-1bcb52c69b3156ab",
            "principal_id": "9f672ca174-19b663a1-8d0b-4f25-8caa-c97eb2f56487",
            "principal_type": "USER",
            "target_id": "293695346124",
            "target_type": "AWS_ACCOUNT"
          },
          "sensitive_attributes": [],
          "private": "eyJzY2hlbWFfdmVyc2lvbiI6IjAifQ=="
        },
        {
          "index_key": "293695346124.arn:aws:sso:::permissionSet/ssoins-6595b36b2cbf3a38/ps-1bcb52c69b3156ab.9f672ca174-29477237-329d-4685-b7a2-240cf6cf053c",
          "schema_version": 0,
          "attributes": {
            "id": "9f672ca174-29477237-329d-4685-b7a2-240cf6cf053c,USER,293695346124,AWS_ACCOUNT,arn:aws:sso:::permissionSet/ssoins-6595b36b2cbf3a38/ps-1bcb52c69b3156ab,arn:aws:sso:::instance/ssoins-6595b36b2cbf3a38",
            "instance_arn": "arn:aws:sso:::instance/ssoins-6595b36b2cbf3a38",
            "permission_set_arn": "arn:aws:sso:::permissionSet/ssoins-6595b36b2cbf3a38/ps-1bcb52c69b3156ab",
            "principal_id": "9f672ca174-29477237-329d-4685-b7a2-240cf6cf053c",
            "principal_type": "USER",
            "target_id": "293695346124",
            "target_type": "AWS_ACCOUNT"
          },
          "sensitive_attributes": [],
          "private": "eyJzY2hlbWFfdmVyc2lvbiI6IjAifQ=="
        },
        {
          "index_key": "293695346124.arn:aws:sso:::permissionSet/ssoins-6595b36b2cbf3a38/ps-1bcb52c69b3156ab.9f672ca174-fa10cd69-b13c-4d85-aa0b-dc07a8351a64",
          "schema_version": 0,
          "attributes": {
            "id": "9f672ca174-fa10cd69-b13c-4d85-aa0b-dc07a8351a64,USER,293695346124,AWS_ACCOUNT,arn:aws:sso:::permissionSet/ssoins-6595b36b2cbf3a38/ps-1bcb52c69b3156ab,arn:aws:sso:::instance/ssoins-6595b36b2cbf3a38",
            "instance_arn": "arn:aws:sso:::instance/ssoins-6595b36b2cbf3a38",
            "permission_set_arn": "arn:aws:sso:::permissionSet/ssoins-6595b36b2cbf3a38/ps-1bcb52c69b3156ab",
            "principal_id": "9f672ca174-fa10cd69-b13c-4d85-aa0b-dc07a8351a64",
            "principal_type": "USER",
            "target_id": "293695346124",
            "target_type": "AWS_ACCOUNT"
          },
          "sensitive_attributes": [],
          "private": "eyJzY2hlbWFfdmVyc2lvbiI6IjAifQ=="
        },
        {
          "index_key": "293695346124.arn:aws:sso:::permissionSet/ssoins-6595b36b2cbf3a38/ps-1bcb52c69b3156ab.9f672ca174-fd81864c-5927-4bab-a2ef-0bb01d176f07",
          "schema_version": 0,
          "attributes": {
            "id": "9f672ca174-fd81864c-5927-4bab-a2ef-0bb01d176f07,GROUP,293695346124,AWS_ACCOUNT,arn:aws:sso:::permissionSet/ssoins-6595b36b2cbf3a38/ps-1bcb52c69b3156ab,arn:aws:sso:::instance/ssoins-6595b36b2cbf3a38",
            "instance_arn": "arn:aws:sso:::instance/ssoins-6595b36b2cbf3a38",
            "permission_set_arn": "arn:aws:sso:::permissionSet/ssoins-6595b36b2cbf3a38/ps-1bcb52c69b3156ab",
            "principal_id": "9f672ca174-fd81864c-5927-4bab-a2ef-0bb01d176f07",
            "principal_type": "GROUP",
            "target_id": "293695346124",
            "target_type": "AWS_ACCOUNT"
          },
          "sensitive_attributes": [],
          "private": "eyJzY2hlbWFfdmVyc2lvbiI6IjAifQ=="
        },
        {
          "index_key": "293695346124.arn:aws:sso:::permissionSet/ssoins-6595b36b2cbf3a38/ps-3618f41193c2683b.9183ed4a-c0e1-7049-7d14-92171fd9a96e",
          "schema_version": 0,
          "attributes": {
            "id": "9183ed4a-c0e1-7049-7d14-92171fd9a96e,USER,293695346124,AWS_ACCOUNT,arn:aws:sso:::permissionSet/ssoins-6595b36b2cbf3a38/ps-3618f41193c2683b,arn:aws:sso:::instance/ssoins-6595b36b2cbf3a38",
            "instance_arn": "arn:aws:sso:::instance/ssoins-6595b36b2cbf3a38",
            "permission_set_arn": "arn:aws:sso:::permissionSet/ssoins-6595b36b2cbf3a38/ps-3618f41193c2683b",
            "principal_id": "9183ed4a-c0e1-7049-7d14-92171fd9a96e",
            "principal_type": "USER",
            "target_id": "293695346124",
            "target_type": "AWS_ACCOUNT"
          },
          "sensitive_attributes": [],
          "private": "eyJzY2hlbWFfdmVyc2lvbiI6IjAifQ=="
        },
        {
          "index_key": "293695346124.arn:aws:sso:::permissionSet/ssoins-6595b36b2cbf3a38/ps-3bf37f1ab4317f9d.9f672ca174-3893482e-8668-440f-9c0e-482bc88f3de6",
          "schema_version": 0,
          "attributes": {
            "id": "9f672ca174-3893482e-8668-440f-9c0e-482bc88f3de6,GROUP,293695346124,AWS_ACCOUNT,arn:aws:sso:::permissionSet/ssoins-6595b36b2cbf3a38/ps-3bf37f1ab4317f9d,arn:aws:sso:::instance/ssoins-6595b36b2cbf3a38",
            "instance_arn": "arn:aws:sso:::instance/ssoins-6595b36b2cbf3a38",
            "permission_set_arn": "arn:aws:sso:::permissionSet/ssoins-6595b36b2cbf3a38/ps-3bf37f1ab4317f9d",
            "principal_id": "9f672ca174-3893482e-8668-440f-9c0e-482bc88f3de6",
            "principal_type": "GROUP",
            "target_id": "293695346124",
            "target_type": "AWS_ACCOUNT"
          },
          "sensitive_attributes": [],
          "private": "eyJzY2hlbWFfdmVyc2lvbiI6IjAifQ=="
        },
        {
          "index_key": "293695346124.arn:aws:sso:::permissionSet/ssoins-6595b36b2cbf3a38/ps-3bf37f1ab4317f9d.9f672ca174-fa10cd69-b13c-4d85-aa0b-dc07a8351a64",
          "schema_version": 0,
          "attributes": {
            "id": "9f672ca174-fa10cd69-b13c-4d85-aa0b-dc07a8351a64,USER,293695346124,AWS_ACCOUNT,arn:aws:sso:::permissionSet/ssoins-6595b36b2cbf3a38/ps-3bf37f1ab4317f9d,arn:aws:sso:::instance/ssoins-6595b36b2cbf3a38",
            "instance_arn": "arn:aws:sso:::instance/ssoins-6595b36b2cbf3a38",
            "permission_set_arn": "arn:aws:sso:::permissionSet/ssoins-6595b36b2cbf3a38/ps-3bf37f1ab4317f9d",
            "principal_id": "9f672ca174-fa10cd69-b13c-4d85-aa0b-dc07a8351a64",
            "principal_type": "USER",
            "target_id": "293695346124",
            "target_type": "AWS_ACCOUNT"
          },
          "sensitive_attributes": [],
          "private": "eyJzY2hlbWFfdmVyc2lvbiI6IjAifQ=="
        },
        {
          "index_key": "293695346124.arn:aws:sso:::permissionSet/ssoins-6595b36b2cbf3a38/ps-67965c146cd829af.9f672ca174-7115bcda-2be1-4ff0-be1e-fb27e4a5122c",
          "schema_version": 0,
          "attributes": {
            "id": "9f672ca174-7115bcda-2be1-4ff0-be1e-fb27e4a5122c,GROUP,293695346124,AWS_ACCOUNT,arn:aws:sso:::permissionSet/ssoins-6595b36b2cbf3a38/ps-67965c146cd829af,arn:aws:sso:::instance/ssoins-6595b36b2cbf3a38",
            "instance_arn": "arn:aws:sso:::instance/ssoins-6595b36b2cbf3a38",
            "permission_set_arn": "arn:aws:sso:::permissionSet/ssoins-6595b36b2cbf3a38/ps-67965c146cd829af",
            "principal_id": "9f672ca174-7115bcda-2be1-4ff0-be1e-fb27e4a5122c",
            "principal_type": "GROUP",
            "target_id": "293695346124",
            "target_type": "AWS_ACCOUNT"
          },
          "sensitive_attributes": [],
          "private": "eyJzY2hlbWFfdmVyc2lvbiI6IjAifQ=="
        },
        {
          "index_key": "293695346124.arn:aws:sso:::permissionSet/ssoins-6595b36b2cbf3a38/ps-70a667ecf55833b5.9143bd6a-0091-70bf-d328-93d25393751e",
          "schema_version": 0,
          "attributes": {
            "id": "9143bd6a-0091-70bf-d328-93d25393751e,USER,293695346124,AWS_ACCOUNT,arn:aws:sso:::permissionSet/ssoins-6595b36b2cbf3a38/ps-70a667ecf55833b5,arn:aws:sso:::instance/ssoins-6595b36b2cbf3a38",
            "instance_arn": "arn:aws:sso:::instance/ssoins-6595b36b2cbf3a38",
            "permission_set_arn": "arn:aws:sso:::permissionSet/ssoins-6595b36b2cbf3a38/ps-70a667ecf55833b5",
            "principal_id": "9143bd6a-0091-70bf-d328-93d25393751e",
            "principal_type": "USER",
            "target_id": "293695346124",
            "target_type": "AWS_ACCOUNT"
          },
          "sensitive_attributes": [],
          "private": "eyJzY2hlbWFfdmVyc2lvbiI6IjAifQ=="
        },
        {
          "index_key": "293695346124.arn:aws:sso:::permissionSet/ssoins-6595b36b2cbf3a38/ps-70a667ecf55833b5.9f672ca174-e361c028-2480-478d-a0ac-0ff9f3b2e9d0",
          "schema_version": 0,
          "attributes": {
            "id": "9f672ca174-e361c028-2480-478d-a0ac-0ff9f3b2e9d0,GROUP,293695346124,AWS_ACCOUNT,arn:aws:sso:::permissionSet/ssoins-6595b36b2cbf3a38/ps-70a667ecf55833b5,arn:aws:sso:::instance/ssoins-6595b36b2cbf3a38",
            "instance_arn": "arn:aws:sso:::instance/ssoins-6595b36b2cbf3a38",
            "permission_set_arn": "arn:aws:sso:::permissionSet/ssoins-6595b36b2cbf3a38/ps-70a667ecf55833b5",
            "principal_id": "9f672ca174-e361c028-2480-478d-a0ac-0ff9f3b2e9d0",
            "principal_type": "GROUP",
            "target_id": "293695346124",
            "target_type": "AWS_ACCOUNT"
          },
          "sensitive_attributes": [],
          "private": "eyJzY2hlbWFfdmVyc2lvbiI6IjAifQ=="
        },
        {
          "index_key": "293695346124.arn:aws:sso:::permissionSet/ssoins-6595b36b2cbf3a38/ps-d5ad2b5bea3e56c5.9143bd6a-0091-70bf-d328-93d25393751e",
          "schema_version": 0,
          "attributes": {
            "id": "9143bd6a-0091-70bf-d328-93d25393751e,USER,293695346124,AWS_ACCOUNT,arn:aws:sso:::permissionSet/ssoins-6595b36b2cbf3a38/ps-d5ad2b5bea3e56c5,arn:aws:sso:::instance/ssoins-6595b36b2cbf3a38",
            "instance_arn": "arn:aws:sso:::instance/ssoins-6595b36b2cbf3a38",
            "permission_set_arn": "arn:aws:sso:::permissionSet/ssoins-6595b36b2cbf3a38/ps-d5ad2b5bea3e56c5",
            "principal_id": "9143bd6a-0091-70bf-d328-93d25393751e",
            "principal_type": "USER",
            "target_id": "293695346124",
            "target_type": "AWS_ACCOUNT"
          },
          "sensitive_attributes": [],
          "private": "eyJzY2hlbWFfdmVyc2lvbiI6IjAifQ=="
        },
        {
          "index_key": "293695346124.arn:aws:sso:::permissionSet/ssoins-6595b36b2cbf3a38/ps-d5ad2b5bea3e56c5.9f672ca174-059e2d28-7d3d-4355-bea8-d8842563877a",
          "schema_version": 0,
          "attributes": {
            "id": "9f672ca174-059e2d28-7d3d-4355-bea8-d8842563877a,USER,293695346124,AWS_ACCOUNT,arn:aws:sso:::permissionSet/ssoins-6595b36b2cbf3a38/ps-d5ad2b5bea3e56c5,arn:aws:sso:::instance/ssoins-6595b36b2cbf3a38",
            "instance_arn": "arn:aws:sso:::instance/ssoins-6595b36b2cbf3a38",
            "permission_set_arn": "arn:aws:sso:::permissionSet/ssoins-6595b36b2cbf3a38/ps-d5ad2b5bea3e56c5",
            "principal_id": "9f672ca174-059e2d28-7d3d-4355-bea8-d8842563877a",
            "principal_type": "USER",
            "target_id": "293695346124",
            "target_type": "AWS_ACCOUNT"
          },
          "sensitive_attributes": [],
          "private": "eyJzY2hlbWFfdmVyc2lvbiI6IjAifQ=="
        },
        {
          "index_key": "293695346124.arn:aws:sso:::permissionSet/ssoins-6595b36b2cbf3a38/ps-d5ad2b5bea3e56c5.9f672ca174-19b663a1-8d0b-4f25-8caa-c97eb2f56487",
          "schema_version": 0,
          "attributes": {
            "id": "9f672ca174-19b663a1-8d0b-4f25-8caa-c97eb2f56487,USER,293695346124,AWS_ACCOUNT,arn:aws:sso:::permissionSet/ssoins-6595b36b2cbf3a38/ps-d5ad2b5bea3e56c5,arn:aws:sso:::instance/ssoins-6595b36b2cbf3a38",
            "instance_arn": "arn:aws:sso:::instance/ssoins-6595b36b2cbf3a38",
            "permission_set_arn": "arn:aws:sso:::permissionSet/ssoins-6595b36b2cbf3a38/ps-d5ad2b5bea3e56c5",
            "principal_id": "9f672ca174-19b663a1-8d0b-4f25-8caa-c97eb2f56487",
            "principal_type": "USER",
            "target_id": "293695346124",
            "target_type": "AWS_ACCOUNT"
          },
          "sensitive_attributes": [],
          "private": "eyJzY2hlbWFfdmVyc2lvbiI6IjAifQ=="
        },
        {
          "index_key": "293695346124.arn:aws:sso:::permissionSet/ssoins-6595b36b2cbf3a38/ps-d5ad2b5bea3e56c5.9f672ca174-29477237-329d-4685-b7a2-240cf6cf053c",
          "schema_version": 0,
          "attributes": {
            "id": "9f672ca174-29477237-329d-4685-b7a2-240cf6cf053c,USER,293695346124,AWS_ACCOUNT,arn:aws:sso:::permissionSet/ssoins-6595b36b2cbf3a38/ps-d5ad2b5bea3e56c5,arn:aws:sso:::instance/ssoins-6595b36b2cbf3a38",
            "instance_arn": "arn:aws:sso:::instance/ssoins-6595b36b2cbf3a38",
            "permission_set_arn": "arn:aws:sso:::permissionSet/ssoins-6595b36b2cbf3a38/ps-d5ad2b5bea3e56c5",
            "principal_id": "9f672ca174-29477237-329d-4685-b7a2-240cf6cf053c",
            "principal_type": "USER",
            "target_id": "293695346124",
            "target_type": "AWS_ACCOUNT"
          },
          "sensitive_attributes": [],
          "private": "eyJzY2hlbWFfdmVyc2lvbiI6IjAifQ=="
        },
        {
          "index_key": "293695346124.arn:aws:sso:::permissionSet/ssoins-6595b36b2cbf3a38/ps-d5ad2b5bea3e56c5.9f672ca174-fa10cd69-b13c-4d85-aa0b-dc07a8351a64",
          "schema_version": 0,
          "attributes": {
            "id": "9f672ca174-fa10cd69-b13c-4d85-aa0b-dc07a8351a64,USER,293695346124,AWS_ACCOUNT,arn:aws:sso:::permissionSet/ssoins-6595b36b2cbf3a38/ps-d5ad2b5bea3e56c5,arn:aws:sso:::instance/ssoins-6595b36b2cbf3a38",
            "instance_arn": "arn:aws:sso:::instance/ssoins-6595b36b2cbf3a38",
            "permission_set_arn": "arn:aws:sso:::permissionSet/ssoins-6595b36b2cbf3a38/ps-d5ad2b5bea3e56c5",
            "principal_id": "9f672ca174-fa10cd69-b13c-4d85-aa0b-dc07a8351a64",
            "principal_type": "USER",
            "target_id": "293695346124",
            "target_type": "AWS_ACCOUNT"
          },
          "sensitive_attributes": [],
          "private": "eyJzY2hlbWFfdmVyc2lvbiI6IjAifQ=="
        },
        {
          "index_key": "293695346124.arn:aws:sso:::permissionSet/ssoins-6595b36b2cbf3a38/ps-db2d8dd0cc382cd2.9f672ca174-6d9014df-c888-493f-bf68-bfa08317c3ca",
          "schema_version": 0,
          "attributes": {
            "id": "9f672ca174-6d9014df-c888-493f-bf68-bfa08317c3ca,GROUP,293695346124,AWS_ACCOUNT,arn:aws:sso:::permissionSet/ssoins-6595b36b2cbf3a38/ps-db2d8dd0cc382cd2,arn:aws:sso:::instance/ssoins-6595b36b2cbf3a38",
            "instance_arn": "arn:aws:sso:::instance/ssoins-6595b36b2cbf3a38",
            "permission_set_arn": "arn:aws:sso:::permissionSet/ssoins-6595b36b2cbf3a38/ps-db2d8dd0cc382cd2",
            "principal_id": "9f672ca174-6d9014df-c888-493f-bf68-bfa08317c3ca",
            "principal_type": "GROUP",
            "target_id": "293695346124",
            "target_type": "AWS_ACCOUNT"
          },
          "sensitive_attributes": [],
          "private": "eyJzY2hlbWFfdmVyc2lvbiI6IjAifQ=="
        },
        {
          "index_key": "382697962486.arn:aws:sso:::permissionSet/ssoins-6595b36b2cbf3a38/ps-1bcb52c69b3156ab.9f672ca174-059e2d28-7d3d-4355-bea8-d8842563877a",
          "schema_version": 0,
          "attributes": {
            "id": "9f672ca174-059e2d28-7d3d-4355-bea8-d8842563877a,USER,382697962486,AWS_ACCOUNT,arn:aws:sso:::permissionSet/ssoins-6595b36b2cbf3a38/ps-1bcb52c69b3156ab,arn:aws:sso:::instance/ssoins-6595b36b2cbf3a38",
            "instance_arn": "arn:aws:sso:::instance/ssoins-6595b36b2cbf3a38",
            "permission_set_arn": "arn:aws:sso:::permissionSet/ssoins-6595b36b2cbf3a38/ps-1bcb52c69b3156ab",
            "principal_id": "9f672ca174-059e2d28-7d3d-4355-bea8-d8842563877a",
            "principal_type": "USER",
            "target_id": "382697962486",
            "target_type": "AWS_ACCOUNT"
          },
          "sensitive_attributes": [],
          "private": "eyJzY2hlbWFfdmVyc2lvbiI6IjAifQ=="
        },
        {
          "index_key": "382697962486.arn:aws:sso:::permissionSet/ssoins-6595b36b2cbf3a38/ps-1bcb52c69b3156ab.9f672ca174-19b663a1-8d0b-4f25-8caa-c97eb2f56487",
          "schema_version": 0,
          "attributes": {
            "id": "9f672ca174-19b663a1-8d0b-4f25-8caa-c97eb2f56487,USER,382697962486,AWS_ACCOUNT,arn:aws:sso:::permissionSet/ssoins-6595b36b2cbf3a38/ps-1bcb52c69b3156ab,arn:aws:sso:::instance/ssoins-6595b36b2cbf3a38",
            "instance_arn": "arn:aws:sso:::instance/ssoins-6595b36b2cbf3a38",
            "permission_set_arn": "arn:aws:sso:::permissionSet/ssoins-6595b36b2cbf3a38/ps-1bcb52c69b3156ab",
            "principal_id": "9f672ca174-19b663a1-8d0b-4f25-8caa-c97eb2f56487",
            "principal_type": "USER",
            "target_id": "382697962486",
            "target_type": "AWS_ACCOUNT"
          },
          "sensitive_attributes": [],
          "private": "eyJzY2hlbWFfdmVyc2lvbiI6IjAifQ=="
        },
        {
          "index_key": "382697962486.arn:aws:sso:::permissionSet/ssoins-6595b36b2cbf3a38/ps-1bcb52c69b3156ab.9f672ca174-29477237-329d-4685-b7a2-240cf6cf053c",
          "schema_version": 0,
          "attributes": {
            "id": "9f672ca174-29477237-329d-4685-b7a2-240cf6cf053c,USER,382697962486,AWS_ACCOUNT,arn:aws:sso:::permissionSet/ssoins-6595b36b2cbf3a38/ps-1bcb52c69b3156ab,arn:aws:sso:::instance/ssoins-6595b36b2cbf3a38",
            "instance_arn": "arn:aws:sso:::instance/ssoins-6595b36b2cbf3a38",
            "permission_set_arn": "arn:aws:sso:::permissionSet/ssoins-6595b36b2cbf3a38/ps-1bcb52c69b3156ab",
            "principal_id": "9f672ca174-29477237-329d-4685-b7a2-240cf6cf053c",
            "principal_type": "USER",
            "target_id": "382697962486",
            "target_type": "AWS_ACCOUNT"
          },
          "sensitive_attributes": [],
          "private": "eyJzY2hlbWFfdmVyc2lvbiI6IjAifQ=="
        },
        {
          "index_key": "382697962486.arn:aws:sso:::permissionSet/ssoins-6595b36b2cbf3a38/ps-1bcb52c69b3156ab.9f672ca174-e34d916b-48ae-453a-bf85-f720cb98a90a",
          "schema_version": 0,
          "attributes": {
            "id": "9f672ca174-e34d916b-48ae-453a-bf85-f720cb98a90a,GROUP,382697962486,AWS_ACCOUNT,arn:aws:sso:::permissionSet/ssoins-6595b36b2cbf3a38/ps-1bcb52c69b3156ab,arn:aws:sso:::instance/ssoins-6595b36b2cbf3a38",
            "instance_arn": "arn:aws:sso:::instance/ssoins-6595b36b2cbf3a38",
            "permission_set_arn": "arn:aws:sso:::permissionSet/ssoins-6595b36b2cbf3a38/ps-1bcb52c69b3156ab",
            "principal_id": "9f672ca174-e34d916b-48ae-453a-bf85-f720cb98a90a",
            "principal_type": "GROUP",
            "target_id": "382697962486",
            "target_type": "AWS_ACCOUNT"
          },
          "sensitive_attributes": [],
          "private": "eyJzY2hlbWFfdmVyc2lvbiI6IjAifQ=="
        },
        {
          "index_key": "382697962486.arn:aws:sso:::permissionSet/ssoins-6595b36b2cbf3a38/ps-1bcb52c69b3156ab.9f672ca174-fa10cd69-b13c-4d85-aa0b-dc07a8351a64",
          "schema_version": 0,
          "attributes": {
            "id": "9f672ca174-fa10cd69-b13c-4d85-aa0b-dc07a8351a64,USER,382697962486,AWS_ACCOUNT,arn:aws:sso:::permissionSet/ssoins-6595b36b2cbf3a38/ps-1bcb52c69b3156ab,arn:aws:sso:::instance/ssoins-6595b36b2cbf3a38",
            "instance_arn": "arn:aws:sso:::instance/ssoins-6595b36b2cbf3a38",
            "permission_set_arn": "arn:aws:sso:::permissionSet/ssoins-6595b36b2cbf3a38/ps-1bcb52c69b3156ab",
            "principal_id": "9f672ca174-fa10cd69-b13c-4d85-aa0b-dc07a8351a64",
            "principal_type": "USER",
            "target_id": "382697962486",
            "target_type": "AWS_ACCOUNT"
          },
          "sensitive_attributes": [],
          "private": "eyJzY2hlbWFfdmVyc2lvbiI6IjAifQ=="
        },
        {
          "index_key": "382697962486.arn:aws:sso:::permissionSet/ssoins-6595b36b2cbf3a38/ps-1bcb52c69b3156ab.9f672ca174-fd81864c-5927-4bab-a2ef-0bb01d176f07",
          "schema_version": 0,
          "attributes": {
            "id": "9f672ca174-fd81864c-5927-4bab-a2ef-0bb01d176f07,GROUP,382697962486,AWS_ACCOUNT,arn:aws:sso:::permissionSet/ssoins-6595b36b2cbf3a38/ps-1bcb52c69b3156ab,arn:aws:sso:::instance/ssoins-6595b36b2cbf3a38",
            "instance_arn": "arn:aws:sso:::instance/ssoins-6595b36b2cbf3a38",
            "permission_set_arn": "arn:aws:sso:::permissionSet/ssoins-6595b36b2cbf3a38/ps-1bcb52c69b3156ab",
            "principal_id": "9f672ca174-fd81864c-5927-4bab-a2ef-0bb01d176f07",
            "principal_type": "GROUP",
            "target_id": "382697962486",
            "target_type": "AWS_ACCOUNT"
          },
          "sensitive_attributes": [],
          "private": "eyJzY2hlbWFfdmVyc2lvbiI6IjAifQ=="
        },
        {
          "index_key": "382697962486.arn:aws:sso:::permissionSet/ssoins-6595b36b2cbf3a38/ps-3bf37f1ab4317f9d.9f672ca174-fa10cd69-b13c-4d85-aa0b-dc07a8351a64",
          "schema_version": 0,
          "attributes": {
            "id": "9f672ca174-fa10cd69-b13c-4d85-aa0b-dc07a8351a64,USER,382697962486,AWS_ACCOUNT,arn:aws:sso:::permissionSet/ssoins-6595b36b2cbf3a38/ps-3bf37f1ab4317f9d,arn:aws:sso:::instance/ssoins-6595b36b2cbf3a38",
            "instance_arn": "arn:aws:sso:::instance/ssoins-6595b36b2cbf3a38",
            "permission_set_arn": "arn:aws:sso:::permissionSet/ssoins-6595b36b2cbf3a38/ps-3bf37f1ab4317f9d",
            "principal_id": "9f672ca174-fa10cd69-b13c-4d85-aa0b-dc07a8351a64",
            "principal_type": "USER",
            "target_id": "382697962486",
            "target_type": "AWS_ACCOUNT"
          },
          "sensitive_attributes": [],
          "private": "eyJzY2hlbWFfdmVyc2lvbiI6IjAifQ=="
        },
        {
          "index_key": "382697962486.arn:aws:sso:::permissionSet/ssoins-6595b36b2cbf3a38/ps-67965c146cd829af.9f672ca174-7115bcda-2be1-4ff0-be1e-fb27e4a5122c",
          "schema_version": 0,
          "attributes": {
            "id": "9f672ca174-7115bcda-2be1-4ff0-be1e-fb27e4a5122c,GROUP,382697962486,AWS_ACCOUNT,arn:aws:sso:::permissionSet/ssoins-6595b36b2cbf3a38/ps-67965c146cd829af,arn:aws:sso:::instance/ssoins-6595b36b2cbf3a38",
            "instance_arn": "arn:aws:sso:::instance/ssoins-6595b36b2cbf3a38",
            "permission_set_arn": "arn:aws:sso:::permissionSet/ssoins-6595b36b2cbf3a38/ps-67965c146cd829af",
            "principal_id": "9f672ca174-7115bcda-2be1-4ff0-be1e-fb27e4a5122c",
            "principal_type": "GROUP",
            "target_id": "382697962486",
            "target_type": "AWS_ACCOUNT"
          },
          "sensitive_attributes": [],
          "private": "eyJzY2hlbWFfdmVyc2lvbiI6IjAifQ=="
        },
        {
          "index_key": "382697962486.arn:aws:sso:::permissionSet/ssoins-6595b36b2cbf3a38/ps-70a667ecf55833b5.9f672ca174-e361c028-2480-478d-a0ac-0ff9f3b2e9d0",
          "schema_version": 0,
          "attributes": {
            "id": "9f672ca174-e361c028-2480-478d-a0ac-0ff9f3b2e9d0,GROUP,382697962486,AWS_ACCOUNT,arn:aws:sso:::permissionSet/ssoins-6595b36b2cbf3a38/ps-70a667ecf55833b5,arn:aws:sso:::instance/ssoins-6595b36b2cbf3a38",
            "instance_arn": "arn:aws:sso:::instance/ssoins-6595b36b2cbf3a38",
            "permission_set_arn": "arn:aws:sso:::permissionSet/ssoins-6595b36b2cbf3a38/ps-70a667ecf55833b5",
            "principal_id": "9f672ca174-e361c028-2480-478d-a0ac-0ff9f3b2e9d0",
            "principal_type": "GROUP",
            "target_id": "382697962486",
            "target_type": "AWS_ACCOUNT"
          },
          "sensitive_attributes": [],
          "private": "eyJzY2hlbWFfdmVyc2lvbiI6IjAifQ=="
        },
        {
          "index_key": "382697962486.arn:aws:sso:::permissionSet/ssoins-6595b36b2cbf3a38/ps-d5ad2b5bea3e56c5.9f672ca174-059e2d28-7d3d-4355-bea8-d8842563877a",
          "schema_version": 0,
          "attributes": {
            "id": "9f672ca174-059e2d28-7d3d-4355-bea8-d8842563877a,USER,382697962486,AWS_ACCOUNT,arn:aws:sso:::permissionSet/ssoins-6595b36b2cbf3a38/ps-d5ad2b5bea3e56c5,arn:aws:sso:::instance/ssoins-6595b36b2cbf3a38",
            "instance_arn": "arn:aws:sso:::instance/ssoins-6595b36b2cbf3a38",
            "permission_set_arn": "arn:aws:sso:::permissionSet/ssoins-6595b36b2cbf3a38/ps-d5ad2b5bea3e56c5",
            "principal_id": "9f672ca174-059e2d28-7d3d-4355-bea8-d8842563877a",
            "principal_type": "USER",
            "target_id": "382697962486",
            "target_type": "AWS_ACCOUNT"
          },
          "sensitive_attributes": [],
          "private": "eyJzY2hlbWFfdmVyc2lvbiI6IjAifQ=="
        },
        {
          "index_key": "382697962486.arn:aws:sso:::permissionSet/ssoins-6595b36b2cbf3a38/ps-d5ad2b5bea3e56c5.9f672ca174-19b663a1-8d0b-4f25-8caa-c97eb2f56487",
          "schema_version": 0,
          "attributes": {
            "id": "9f672ca174-19b663a1-8d0b-4f25-8caa-c97eb2f56487,USER,382697962486,AWS_ACCOUNT,arn:aws:sso:::permissionSet/ssoins-6595b36b2cbf3a38/ps-d5ad2b5bea3e56c5,arn:aws:sso:::instance/ssoins-6595b36b2cbf3a38",
            "instance_arn": "arn:aws:sso:::instance/ssoins-6595b36b2cbf3a38",
            "permission_set_arn": "arn:aws:sso:::permissionSet/ssoins-6595b36b2cbf3a38/ps-d5ad2b5bea3e56c5",
            "principal_id": "9f672ca174-19b663a1-8d0b-4f25-8caa-c97eb2f56487",
            "principal_type": "USER",
            "target_id": "382697962486",
            "target_type": "AWS_ACCOUNT"
          },
          "sensitive_attributes": [],
          "private": "eyJzY2hlbWFfdmVyc2lvbiI6IjAifQ=="
        },
        {
          "index_key": "382697962486.arn:aws:sso:::permissionSet/ssoins-6595b36b2cbf3a38/ps-d5ad2b5bea3e56c5.9f672ca174-29477237-329d-4685-b7a2-240cf6cf053c",
          "schema_version": 0,
          "attributes": {
            "id": "9f672ca174-29477237-329d-4685-b7a2-240cf6cf053c,USER,382697962486,AWS_ACCOUNT,arn:aws:sso:::permissionSet/ssoins-6595b36b2cbf3a38/ps-d5ad2b5bea3e56c5,arn:aws:sso:::instance/ssoins-6595b36b2cbf3a38",
            "instance_arn": "arn:aws:sso:::instance/ssoins-6595b36b2cbf3a38",
            "permission_set_arn": "arn:aws:sso:::permissionSet/ssoins-6595b36b2cbf3a38/ps-d5ad2b5bea3e56c5",
            "principal_id": "9f672ca174-29477237-329d-4685-b7a2-240cf6cf053c",
            "principal_type": "USER",
            "target_id": "382697962486",
            "target_type": "AWS_ACCOUNT"
          },
          "sensitive_attributes": [],
          "private": "eyJzY2hlbWFfdmVyc2lvbiI6IjAifQ=="
        },
        {
          "index_key": "393188027970.arn:aws:sso:::permissionSet/ssoins-6595b36b2cbf3a38/ps-70a667ecf55833b5.9f672ca174-83c37d2c-8778-4921-a7ad-428a8c265b59",
          "schema_version": 0,
          "attributes": {
            "id": "9f672ca174-83c37d2c-8778-4921-a7ad-428a8c265b59,USER,393188027970,AWS_ACCOUNT,arn:aws:sso:::permissionSet/ssoins-6595b36b2cbf3a38/ps-70a667ecf55833b5,arn:aws:sso:::instance/ssoins-6595b36b2cbf3a38",
            "instance_arn": "arn:aws:sso:::instance/ssoins-6595b36b2cbf3a38",
            "permission_set_arn": "arn:aws:sso:::permissionSet/ssoins-6595b36b2cbf3a38/ps-70a667ecf55833b5",
            "principal_id": "9f672ca174-83c37d2c-8778-4921-a7ad-428a8c265b59",
            "principal_type": "USER",
            "target_id": "393188027970",
            "target_type": "AWS_ACCOUNT"
          },
          "sensitive_attributes": [],
          "private": "eyJzY2hlbWFfdmVyc2lvbiI6IjAifQ=="
        },
        {
          "index_key": "393188027970.arn:aws:sso:::permissionSet/ssoins-6595b36b2cbf3a38/ps-d5ad2b5bea3e56c5.9f672ca174-19b663a1-8d0b-4f25-8caa-c97eb2f56487",
          "schema_version": 0,
          "attributes": {
            "id": "9f672ca174-19b663a1-8d0b-4f25-8caa-c97eb2f56487,USER,393188027970,AWS_ACCOUNT,arn:aws:sso:::permissionSet/ssoins-6595b36b2cbf3a38/ps-d5ad2b5bea3e56c5,arn:aws:sso:::instance/ssoins-6595b36b2cbf3a38",
            "instance_arn": "arn:aws:sso:::instance/ssoins-6595b36b2cbf3a38",
            "permission_set_arn": "arn:aws:sso:::permissionSet/ssoins-6595b36b2cbf3a38/ps-d5ad2b5bea3e56c5",
            "principal_id": "9f672ca174-19b663a1-8d0b-4f25-8caa-c97eb2f56487",
            "principal_type": "USER",
            "target_id": "393188027970",
            "target_type": "AWS_ACCOUNT"
          },
          "sensitive_attributes": [],
          "private": "eyJzY2hlbWFfdmVyc2lvbiI6IjAifQ=="
        },
        {
          "index_key": "393188027970.arn:aws:sso:::permissionSet/ssoins-6595b36b2cbf3a38/ps-d5ad2b5bea3e56c5.9f672ca174-5a8317a7-50f9-427e-82dc-54bfa1bf5bdb",
          "schema_version": 0,
          "attributes": {
            "id": "9f672ca174-5a8317a7-50f9-427e-82dc-54bfa1bf5bdb,USER,393188027970,AWS_ACCOUNT,arn:aws:sso:::permissionSet/ssoins-6595b36b2cbf3a38/ps-d5ad2b5bea3e56c5,arn:aws:sso:::instance/ssoins-6595b36b2cbf3a38",
            "instance_arn": "arn:aws:sso:::instance/ssoins-6595b36b2cbf3a38",
            "permission_set_arn": "arn:aws:sso:::permissionSet/ssoins-6595b36b2cbf3a38/ps-d5ad2b5bea3e56c5",
            "principal_id": "9f672ca174-5a8317a7-50f9-427e-82dc-54bfa1bf5bdb",
            "principal_type": "USER",
            "target_id": "393188027970",
            "target_type": "AWS_ACCOUNT"
          },
          "sensitive_attributes": [],
          "private": "eyJzY2hlbWFfdmVyc2lvbiI6IjAifQ=="
        },
        {
          "index_key": "393188027970.arn:aws:sso:::permissionSet/ssoins-6595b36b2cbf3a38/ps-d5ad2b5bea3e56c5.9f672ca174-7eb95e45-e0ed-4901-bc2d-9ba2594f9156",
          "schema_version": 0,
          "attributes": {
            "id": "9f672ca174-7eb95e45-e0ed-4901-bc2d-9ba2594f9156,USER,393188027970,AWS_ACCOUNT,arn:aws:sso:::permissionSet/ssoins-6595b36b2cbf3a38/ps-d5ad2b5bea3e56c5,arn:aws:sso:::instance/ssoins-6595b36b2cbf3a38",
            "instance_arn": "arn:aws:sso:::instance/ssoins-6595b36b2cbf3a38",
            "permission_set_arn": "arn:aws:sso:::permissionSet/ssoins-6595b36b2cbf3a38/ps-d5ad2b5bea3e56c5",
            "principal_id": "9f672ca174-7eb95e45-e0ed-4901-bc2d-9ba2594f9156",
            "principal_type": "USER",
            "target_id": "393188027970",
            "target_type": "AWS_ACCOUNT"
          },
          "sensitive_attributes": [],
          "private": "eyJzY2hlbWFfdmVyc2lvbiI6IjAifQ=="
        },
        {
          "index_key": "393188027970.arn:aws:sso:::permissionSet/ssoins-6595b36b2cbf3a38/ps-d5ad2b5bea3e56c5.9f672ca174-84698c43-7e98-452a-8afe-d18a11580f93",
          "schema_version": 0,
          "attributes": {
            "id": "9f672ca174-84698c43-7e98-452a-8afe-d18a11580f93,USER,393188027970,AWS_ACCOUNT,arn:aws:sso:::permissionSet/ssoins-6595b36b2cbf3a38/ps-d5ad2b5bea3e56c5,arn:aws:sso:::instance/ssoins-6595b36b2cbf3a38",
            "instance_arn": "arn:aws:sso:::instance/ssoins-6595b36b2cbf3a38",
            "permission_set_arn": "arn:aws:sso:::permissionSet/ssoins-6595b36b2cbf3a38/ps-d5ad2b5bea3e56c5",
            "principal_id": "9f672ca174-84698c43-7e98-452a-8afe-d18a11580f93",
            "principal_type": "USER",
            "target_id": "393188027970",
            "target_type": "AWS_ACCOUNT"
          },
          "sensitive_attributes": [],
          "private": "eyJzY2hlbWFfdmVyc2lvbiI6IjAifQ=="
        },
        {
          "index_key": "393188027970.arn:aws:sso:::permissionSet/ssoins-6595b36b2cbf3a38/ps-d5ad2b5bea3e56c5.9f672ca174-d52a039b-bacf-4261-bf03-e2ca959388a1",
          "schema_version": 0,
          "attributes": {
            "id": "9f672ca174-d52a039b-bacf-4261-bf03-e2ca959388a1,USER,393188027970,AWS_ACCOUNT,arn:aws:sso:::permissionSet/ssoins-6595b36b2cbf3a38/ps-d5ad2b5bea3e56c5,arn:aws:sso:::instance/ssoins-6595b36b2cbf3a38",
            "instance_arn": "arn:aws:sso:::instance/ssoins-6595b36b2cbf3a38",
            "permission_set_arn": "arn:aws:sso:::permissionSet/ssoins-6595b36b2cbf3a38/ps-d5ad2b5bea3e56c5",
            "principal_id": "9f672ca174-d52a039b-bacf-4261-bf03-e2ca959388a1",
            "principal_type": "USER",
            "target_id": "393188027970",
            "target_type": "AWS_ACCOUNT"
          },
          "sensitive_attributes": [],
          "private": "eyJzY2hlbWFfdmVyc2lvbiI6IjAifQ=="
        },
        {
          "index_key": "393188027970.arn:aws:sso:::permissionSet/ssoins-6595b36b2cbf3a38/ps-d5ad2b5bea3e56c5.9f672ca174-fa10cd69-b13c-4d85-aa0b-dc07a8351a64",
          "schema_version": 0,
          "attributes": {
            "id": "9f672ca174-fa10cd69-b13c-4d85-aa0b-dc07a8351a64,USER,393188027970,AWS_ACCOUNT,arn:aws:sso:::permissionSet/ssoins-6595b36b2cbf3a38/ps-d5ad2b5bea3e56c5,arn:aws:sso:::instance/ssoins-6595b36b2cbf3a38",
            "instance_arn": "arn:aws:sso:::instance/ssoins-6595b36b2cbf3a38",
            "permission_set_arn": "arn:aws:sso:::permissionSet/ssoins-6595b36b2cbf3a38/ps-d5ad2b5bea3e56c5",
            "principal_id": "9f672ca174-fa10cd69-b13c-4d85-aa0b-dc07a8351a64",
            "principal_type": "USER",
            "target_id": "393188027970",
            "target_type": "AWS_ACCOUNT"
          },
          "sensitive_attributes": [],
          "private": "eyJzY2hlbWFfdmVyc2lvbiI6IjAifQ=="
        },
        {
          "index_key": "527360621799.arn:aws:sso:::permissionSet/ssoins-6595b36b2cbf3a38/ps-1bcb52c69b3156ab.9f672ca174-19b663a1-8d0b-4f25-8caa-c97eb2f56487",
          "schema_version": 0,
          "attributes": {
            "id": "9f672ca174-19b663a1-8d0b-4f25-8caa-c97eb2f56487,USER,527360621799,AWS_ACCOUNT,arn:aws:sso:::permissionSet/ssoins-6595b36b2cbf3a38/ps-1bcb52c69b3156ab,arn:aws:sso:::instance/ssoins-6595b36b2cbf3a38",
            "instance_arn": "arn:aws:sso:::instance/ssoins-6595b36b2cbf3a38",
            "permission_set_arn": "arn:aws:sso:::permissionSet/ssoins-6595b36b2cbf3a38/ps-1bcb52c69b3156ab",
            "principal_id": "9f672ca174-19b663a1-8d0b-4f25-8caa-c97eb2f56487",
            "principal_type": "USER",
            "target_id": "527360621799",
            "target_type": "AWS_ACCOUNT"
          },
          "sensitive_attributes": [],
          "private": "eyJzY2hlbWFfdmVyc2lvbiI6IjAifQ=="
        },
        {
          "index_key": "527360621799.arn:aws:sso:::permissionSet/ssoins-6595b36b2cbf3a38/ps-1bcb52c69b3156ab.9f672ca174-7eb95e45-e0ed-4901-bc2d-9ba2594f9156",
          "schema_version": 0,
          "attributes": {
            "id": "9f672ca174-7eb95e45-e0ed-4901-bc2d-9ba2594f9156,USER,527360621799,AWS_ACCOUNT,arn:aws:sso:::permissionSet/ssoins-6595b36b2cbf3a38/ps-1bcb52c69b3156ab,arn:aws:sso:::instance/ssoins-6595b36b2cbf3a38",
            "instance_arn": "arn:aws:sso:::instance/ssoins-6595b36b2cbf3a38",
            "permission_set_arn": "arn:aws:sso:::permissionSet/ssoins-6595b36b2cbf3a38/ps-1bcb52c69b3156ab",
            "principal_id": "9f672ca174-7eb95e45-e0ed-4901-bc2d-9ba2594f9156",
            "principal_type": "USER",
            "target_id": "527360621799",
            "target_type": "AWS_ACCOUNT"
          },
          "sensitive_attributes": [],
          "private": "eyJzY2hlbWFfdmVyc2lvbiI6IjAifQ=="
        },
        {
          "index_key": "527360621799.arn:aws:sso:::permissionSet/ssoins-6595b36b2cbf3a38/ps-1bcb52c69b3156ab.9f672ca174-84698c43-7e98-452a-8afe-d18a11580f93",
          "schema_version": 0,
          "attributes": {
            "id": "9f672ca174-84698c43-7e98-452a-8afe-d18a11580f93,USER,527360621799,AWS_ACCOUNT,arn:aws:sso:::permissionSet/ssoins-6595b36b2cbf3a38/ps-1bcb52c69b3156ab,arn:aws:sso:::instance/ssoins-6595b36b2cbf3a38",
            "instance_arn": "arn:aws:sso:::instance/ssoins-6595b36b2cbf3a38",
            "permission_set_arn": "arn:aws:sso:::permissionSet/ssoins-6595b36b2cbf3a38/ps-1bcb52c69b3156ab",
            "principal_id": "9f672ca174-84698c43-7e98-452a-8afe-d18a11580f93",
            "principal_type": "USER",
            "target_id": "527360621799",
            "target_type": "AWS_ACCOUNT"
          },
          "sensitive_attributes": [],
          "private": "eyJzY2hlbWFfdmVyc2lvbiI6IjAifQ=="
        },
        {
          "index_key": "527360621799.arn:aws:sso:::permissionSet/ssoins-6595b36b2cbf3a38/ps-1bcb52c69b3156ab.9f672ca174-fa10cd69-b13c-4d85-aa0b-dc07a8351a64",
          "schema_version": 0,
          "attributes": {
            "id": "9f672ca174-fa10cd69-b13c-4d85-aa0b-dc07a8351a64,USER,527360621799,AWS_ACCOUNT,arn:aws:sso:::permissionSet/ssoins-6595b36b2cbf3a38/ps-1bcb52c69b3156ab,arn:aws:sso:::instance/ssoins-6595b36b2cbf3a38",
            "instance_arn": "arn:aws:sso:::instance/ssoins-6595b36b2cbf3a38",
            "permission_set_arn": "arn:aws:sso:::permissionSet/ssoins-6595b36b2cbf3a38/ps-1bcb52c69b3156ab",
            "principal_id": "9f672ca174-fa10cd69-b13c-4d85-aa0b-dc07a8351a64",
            "principal_type": "USER",
            "target_id": "527360621799",
            "target_type": "AWS_ACCOUNT"
          },
          "sensitive_attributes": [],
          "private": "eyJzY2hlbWFfdmVyc2lvbiI6IjAifQ=="
        },
        {
          "index_key": "527360621799.arn:aws:sso:::permissionSet/ssoins-6595b36b2cbf3a38/ps-67965c146cd829af.9f672ca174-7115bcda-2be1-4ff0-be1e-fb27e4a5122c",
          "schema_version": 0,
          "attributes": {
            "id": "9f672ca174-7115bcda-2be1-4ff0-be1e-fb27e4a5122c,GROUP,527360621799,AWS_ACCOUNT,arn:aws:sso:::permissionSet/ssoins-6595b36b2cbf3a38/ps-67965c146cd829af,arn:aws:sso:::instance/ssoins-6595b36b2cbf3a38",
            "instance_arn": "arn:aws:sso:::instance/ssoins-6595b36b2cbf3a38",
            "permission_set_arn": "arn:aws:sso:::permissionSet/ssoins-6595b36b2cbf3a38/ps-67965c146cd829af",
            "principal_id": "9f672ca174-7115bcda-2be1-4ff0-be1e-fb27e4a5122c",
            "principal_type": "GROUP",
            "target_id": "527360621799",
            "target_type": "AWS_ACCOUNT"
          },
          "sensitive_attributes": [],
          "private": "eyJzY2hlbWFfdmVyc2lvbiI6IjAifQ=="
        },
        {
          "index_key": "527360621799.arn:aws:sso:::permissionSet/ssoins-6595b36b2cbf3a38/ps-70a667ecf55833b5.9f672ca174-5a8317a7-50f9-427e-82dc-54bfa1bf5bdb",
          "schema_version": 0,
          "attributes": {
            "id": "9f672ca174-5a8317a7-50f9-427e-82dc-54bfa1bf5bdb,USER,527360621799,AWS_ACCOUNT,arn:aws:sso:::permissionSet/ssoins-6595b36b2cbf3a38/ps-70a667ecf55833b5,arn:aws:sso:::instance/ssoins-6595b36b2cbf3a38",
            "instance_arn": "arn:aws:sso:::instance/ssoins-6595b36b2cbf3a38",
            "permission_set_arn": "arn:aws:sso:::permissionSet/ssoins-6595b36b2cbf3a38/ps-70a667ecf55833b5",
            "principal_id": "9f672ca174-5a8317a7-50f9-427e-82dc-54bfa1bf5bdb",
            "principal_type": "USER",
            "target_id": "527360621799",
            "target_type": "AWS_ACCOUNT"
          },
          "sensitive_attributes": [],
          "private": "eyJzY2hlbWFfdmVyc2lvbiI6IjAifQ=="
        },
        {
          "index_key": "527360621799.arn:aws:sso:::permissionSet/ssoins-6595b36b2cbf3a38/ps-70a667ecf55833b5.9f672ca174-83c37d2c-8778-4921-a7ad-428a8c265b59",
          "schema_version": 0,
          "attributes": {
            "id": "9f672ca174-83c37d2c-8778-4921-a7ad-428a8c265b59,USER,527360621799,AWS_ACCOUNT,arn:aws:sso:::permissionSet/ssoins-6595b36b2cbf3a38/ps-70a667ecf55833b5,arn:aws:sso:::instance/ssoins-6595b36b2cbf3a38",
            "instance_arn": "arn:aws:sso:::instance/ssoins-6595b36b2cbf3a38",
            "permission_set_arn": "arn:aws:sso:::permissionSet/ssoins-6595b36b2cbf3a38/ps-70a667ecf55833b5",
            "principal_id": "9f672ca174-83c37d2c-8778-4921-a7ad-428a8c265b59",
            "principal_type": "USER",
            "target_id": "527360621799",
            "target_type": "AWS_ACCOUNT"
          },
          "sensitive_attributes": [],
          "private": "eyJzY2hlbWFfdmVyc2lvbiI6IjAifQ=="
        },
        {
          "index_key": "527360621799.arn:aws:sso:::permissionSet/ssoins-6595b36b2cbf3a38/ps-70a667ecf55833b5.9f672ca174-84698c43-7e98-452a-8afe-d18a11580f93",
          "schema_version": 0,
          "attributes": {
            "id": "9f672ca174-84698c43-7e98-452a-8afe-d18a11580f93,USER,527360621799,AWS_ACCOUNT,arn:aws:sso:::permissionSet/ssoins-6595b36b2cbf3a38/ps-70a667ecf55833b5,arn:aws:sso:::instance/ssoins-6595b36b2cbf3a38",
            "instance_arn": "arn:aws:sso:::instance/ssoins-6595b36b2cbf3a38",
            "permission_set_arn": "arn:aws:sso:::permissionSet/ssoins-6595b36b2cbf3a38/ps-70a667ecf55833b5",
            "principal_id": "9f672ca174-84698c43-7e98-452a-8afe-d18a11580f93",
            "principal_type": "USER",
            "target_id": "527360621799",
            "target_type": "AWS_ACCOUNT"
          },
          "sensitive_attributes": [],
          "private": "eyJzY2hlbWFfdmVyc2lvbiI6IjAifQ=="
        },
        {
          "index_key": "527360621799.arn:aws:sso:::permissionSet/ssoins-6595b36b2cbf3a38/ps-70a667ecf55833b5.9f672ca174-c49c5cda-8c0d-4d3c-8169-37fbefc3c720",
          "schema_version": 0,
          "attributes": {
            "id": "9f672ca174-c49c5cda-8c0d-4d3c-8169-37fbefc3c720,USER,527360621799,AWS_ACCOUNT,arn:aws:sso:::permissionSet/ssoins-6595b36b2cbf3a38/ps-70a667ecf55833b5,arn:aws:sso:::instance/ssoins-6595b36b2cbf3a38",
            "instance_arn": "arn:aws:sso:::instance/ssoins-6595b36b2cbf3a38",
            "permission_set_arn": "arn:aws:sso:::permissionSet/ssoins-6595b36b2cbf3a38/ps-70a667ecf55833b5",
            "principal_id": "9f672ca174-c49c5cda-8c0d-4d3c-8169-37fbefc3c720",
            "principal_type": "USER",
            "target_id": "527360621799",
            "target_type": "AWS_ACCOUNT"
          },
          "sensitive_attributes": [],
          "private": "eyJzY2hlbWFfdmVyc2lvbiI6IjAifQ=="
        },
        {
          "index_key": "527360621799.arn:aws:sso:::permissionSet/ssoins-6595b36b2cbf3a38/ps-70a667ecf55833b5.9f672ca174-d52a039b-bacf-4261-bf03-e2ca959388a1",
          "schema_version": 0,
          "attributes": {
            "id": "9f672ca174-d52a039b-bacf-4261-bf03-e2ca959388a1,USER,527360621799,AWS_ACCOUNT,arn:aws:sso:::permissionSet/ssoins-6595b36b2cbf3a38/ps-70a667ecf55833b5,arn:aws:sso:::instance/ssoins-6595b36b2cbf3a38",
            "instance_arn": "arn:aws:sso:::instance/ssoins-6595b36b2cbf3a38",
            "permission_set_arn": "arn:aws:sso:::permissionSet/ssoins-6595b36b2cbf3a38/ps-70a667ecf55833b5",
            "principal_id": "9f672ca174-d52a039b-bacf-4261-bf03-e2ca959388a1",
            "principal_type": "USER",
            "target_id": "527360621799",
            "target_type": "AWS_ACCOUNT"
          },
          "sensitive_attributes": [],
          "private": "eyJzY2hlbWFfdmVyc2lvbiI6IjAifQ=="
        },
        {
          "index_key": "527360621799.arn:aws:sso:::permissionSet/ssoins-6595b36b2cbf3a38/ps-70a667ecf55833b5.9f672ca174-d5f9dcae-4fbb-4b39-bc6e-28ee95710276",
          "schema_version": 0,
          "attributes": {
            "id": "9f672ca174-d5f9dcae-4fbb-4b39-bc6e-28ee95710276,USER,527360621799,AWS_ACCOUNT,arn:aws:sso:::permissionSet/ssoins-6595b36b2cbf3a38/ps-70a667ecf55833b5,arn:aws:sso:::instance/ssoins-6595b36b2cbf3a38",
            "instance_arn": "arn:aws:sso:::instance/ssoins-6595b36b2cbf3a38",
            "permission_set_arn": "arn:aws:sso:::permissionSet/ssoins-6595b36b2cbf3a38/ps-70a667ecf55833b5",
            "principal_id": "9f672ca174-d5f9dcae-4fbb-4b39-bc6e-28ee95710276",
            "principal_type": "USER",
            "target_id": "527360621799",
            "target_type": "AWS_ACCOUNT"
          },
          "sensitive_attributes": [],
          "private": "eyJzY2hlbWFfdmVyc2lvbiI6IjAifQ=="
        },
        {
          "index_key": "527360621799.arn:aws:sso:::permissionSet/ssoins-6595b36b2cbf3a38/ps-70a667ecf55833b5.9f672ca174-e361c028-2480-478d-a0ac-0ff9f3b2e9d0",
          "schema_version": 0,
          "attributes": {
            "id": "9f672ca174-e361c028-2480-478d-a0ac-0ff9f3b2e9d0,GROUP,527360621799,AWS_ACCOUNT,arn:aws:sso:::permissionSet/ssoins-6595b36b2cbf3a38/ps-70a667ecf55833b5,arn:aws:sso:::instance/ssoins-6595b36b2cbf3a38",
            "instance_arn": "arn:aws:sso:::instance/ssoins-6595b36b2cbf3a38",
            "permission_set_arn": "arn:aws:sso:::permissionSet/ssoins-6595b36b2cbf3a38/ps-70a667ecf55833b5",
            "principal_id": "9f672ca174-e361c028-2480-478d-a0ac-0ff9f3b2e9d0",
            "principal_type": "GROUP",
            "target_id": "527360621799",
            "target_type": "AWS_ACCOUNT"
          },
          "sensitive_attributes": [],
          "private": "eyJzY2hlbWFfdmVyc2lvbiI6IjAifQ=="
        },
        {
          "index_key": "527360621799.arn:aws:sso:::permissionSet/ssoins-6595b36b2cbf3a38/ps-70a667ecf55833b5.9f672ca174-f0b0d136-209f-43f9-af82-f09a82aec387",
          "schema_version": 0,
          "attributes": {
            "id": "9f672ca174-f0b0d136-209f-43f9-af82-f09a82aec387,USER,527360621799,AWS_ACCOUNT,arn:aws:sso:::permissionSet/ssoins-6595b36b2cbf3a38/ps-70a667ecf55833b5,arn:aws:sso:::instance/ssoins-6595b36b2cbf3a38",
            "instance_arn": "arn:aws:sso:::instance/ssoins-6595b36b2cbf3a38",
            "permission_set_arn": "arn:aws:sso:::permissionSet/ssoins-6595b36b2cbf3a38/ps-70a667ecf55833b5",
            "principal_id": "9f672ca174-f0b0d136-209f-43f9-af82-f09a82aec387",
            "principal_type": "USER",
            "target_id": "527360621799",
            "target_type": "AWS_ACCOUNT"
          },
          "sensitive_attributes": [],
          "private": "eyJzY2hlbWFfdmVyc2lvbiI6IjAifQ=="
        },
        {
          "index_key": "527360621799.arn:aws:sso:::permissionSet/ssoins-6595b36b2cbf3a38/ps-77edb944b69dc8aa.9f672ca174-fd81864c-5927-4bab-a2ef-0bb01d176f07",
          "schema_version": 0,
          "attributes": {
            "id": "9f672ca174-fd81864c-5927-4bab-a2ef-0bb01d176f07,GROUP,527360621799,AWS_ACCOUNT,arn:aws:sso:::permissionSet/ssoins-6595b36b2cbf3a38/ps-77edb944b69dc8aa,arn:aws:sso:::instance/ssoins-6595b36b2cbf3a38",
            "instance_arn": "arn:aws:sso:::instance/ssoins-6595b36b2cbf3a38",
            "permission_set_arn": "arn:aws:sso:::permissionSet/ssoins-6595b36b2cbf3a38/ps-77edb944b69dc8aa",
            "principal_id": "9f672ca174-fd81864c-5927-4bab-a2ef-0bb01d176f07",
            "principal_type": "GROUP",
            "target_id": "527360621799",
            "target_type": "AWS_ACCOUNT"
          },
          "sensitive_attributes": [],
          "private": "eyJzY2hlbWFfdmVyc2lvbiI6IjAifQ=="
        },
        {
          "index_key": "527360621799.arn:aws:sso:::permissionSet/ssoins-6595b36b2cbf3a38/ps-a6e6d19d5aad6abb.d1232d2a-c0d1-70ca-aa8d-d8718e784f7c",
          "schema_version": 0,
          "attributes": {
            "id": "d1232d2a-c0d1-70ca-aa8d-d8718e784f7c,GROUP,527360621799,AWS_ACCOUNT,arn:aws:sso:::permissionSet/ssoins-6595b36b2cbf3a38/ps-a6e6d19d5aad6abb,arn:aws:sso:::instance/ssoins-6595b36b2cbf3a38",
            "instance_arn": "arn:aws:sso:::instance/ssoins-6595b36b2cbf3a38",
            "permission_set_arn": "arn:aws:sso:::permissionSet/ssoins-6595b36b2cbf3a38/ps-a6e6d19d5aad6abb",
            "principal_id": "d1232d2a-c0d1-70ca-aa8d-d8718e784f7c",
            "principal_type": "GROUP",
            "target_id": "527360621799",
            "target_type": "AWS_ACCOUNT"
          },
          "sensitive_attributes": [],
          "private": "eyJzY2hlbWFfdmVyc2lvbiI6IjAifQ=="
        },
        {
          "index_key": "619370206919.arn:aws:sso:::permissionSet/ssoins-6595b36b2cbf3a38/ps-1bcb52c69b3156ab.9f672ca174-059e2d28-7d3d-4355-bea8-d8842563877a",
          "schema_version": 0,
          "attributes": {
            "id": "9f672ca174-059e2d28-7d3d-4355-bea8-d8842563877a,USER,619370206919,AWS_ACCOUNT,arn:aws:sso:::permissionSet/ssoins-6595b36b2cbf3a38/ps-1bcb52c69b3156ab,arn:aws:sso:::instance/ssoins-6595b36b2cbf3a38",
            "instance_arn": "arn:aws:sso:::instance/ssoins-6595b36b2cbf3a38",
            "permission_set_arn": "arn:aws:sso:::permissionSet/ssoins-6595b36b2cbf3a38/ps-1bcb52c69b3156ab",
            "principal_id": "9f672ca174-059e2d28-7d3d-4355-bea8-d8842563877a",
            "principal_type": "USER",
            "target_id": "619370206919",
            "target_type": "AWS_ACCOUNT"
          },
          "sensitive_attributes": [],
          "private": "eyJzY2hlbWFfdmVyc2lvbiI6IjAifQ=="
        },
        {
          "index_key": "619370206919.arn:aws:sso:::permissionSet/ssoins-6595b36b2cbf3a38/ps-1bcb52c69b3156ab.9f672ca174-19b663a1-8d0b-4f25-8caa-c97eb2f56487",
          "schema_version": 0,
          "attributes": {
            "id": "9f672ca174-19b663a1-8d0b-4f25-8caa-c97eb2f56487,USER,619370206919,AWS_ACCOUNT,arn:aws:sso:::permissionSet/ssoins-6595b36b2cbf3a38/ps-1bcb52c69b3156ab,arn:aws:sso:::instance/ssoins-6595b36b2cbf3a38",
            "instance_arn": "arn:aws:sso:::instance/ssoins-6595b36b2cbf3a38",
            "permission_set_arn": "arn:aws:sso:::permissionSet/ssoins-6595b36b2cbf3a38/ps-1bcb52c69b3156ab",
            "principal_id": "9f672ca174-19b663a1-8d0b-4f25-8caa-c97eb2f56487",
            "principal_type": "USER",
            "target_id": "619370206919",
            "target_type": "AWS_ACCOUNT"
          },
          "sensitive_attributes": [],
          "private": "eyJzY2hlbWFfdmVyc2lvbiI6IjAifQ=="
        },
        {
          "index_key": "619370206919.arn:aws:sso:::permissionSet/ssoins-6595b36b2cbf3a38/ps-1bcb52c69b3156ab.9f672ca174-29477237-329d-4685-b7a2-240cf6cf053c",
          "schema_version": 0,
          "attributes": {
            "id": "9f672ca174-29477237-329d-4685-b7a2-240cf6cf053c,USER,619370206919,AWS_ACCOUNT,arn:aws:sso:::permissionSet/ssoins-6595b36b2cbf3a38/ps-1bcb52c69b3156ab,arn:aws:sso:::instance/ssoins-6595b36b2cbf3a38",
            "instance_arn": "arn:aws:sso:::instance/ssoins-6595b36b2cbf3a38",
            "permission_set_arn": "arn:aws:sso:::permissionSet/ssoins-6595b36b2cbf3a38/ps-1bcb52c69b3156ab",
            "principal_id": "9f672ca174-29477237-329d-4685-b7a2-240cf6cf053c",
            "principal_type": "USER",
            "target_id": "619370206919",
            "target_type": "AWS_ACCOUNT"
          },
          "sensitive_attributes": [],
          "private": "eyJzY2hlbWFfdmVyc2lvbiI6IjAifQ=="
        },
        {
          "index_key": "619370206919.arn:aws:sso:::permissionSet/ssoins-6595b36b2cbf3a38/ps-1bcb52c69b3156ab.9f672ca174-5005dec0-d5a7-4ee5-9e37-9f659adcc48c",
          "schema_version": 0,
          "attributes": {
            "id": "9f672ca174-5005dec0-d5a7-4ee5-9e37-9f659adcc48c,GROUP,619370206919,AWS_ACCOUNT,arn:aws:sso:::permissionSet/ssoins-6595b36b2cbf3a38/ps-1bcb52c69b3156ab,arn:aws:sso:::instance/ssoins-6595b36b2cbf3a38",
            "instance_arn": "arn:aws:sso:::instance/ssoins-6595b36b2cbf3a38",
            "permission_set_arn": "arn:aws:sso:::permissionSet/ssoins-6595b36b2cbf3a38/ps-1bcb52c69b3156ab",
            "principal_id": "9f672ca174-5005dec0-d5a7-4ee5-9e37-9f659adcc48c",
            "principal_type": "GROUP",
            "target_id": "619370206919",
            "target_type": "AWS_ACCOUNT"
          },
          "sensitive_attributes": [],
          "private": "eyJzY2hlbWFfdmVyc2lvbiI6IjAifQ=="
        },
        {
          "index_key": "619370206919.arn:aws:sso:::permissionSet/ssoins-6595b36b2cbf3a38/ps-1bcb52c69b3156ab.9f672ca174-fa10cd69-b13c-4d85-aa0b-dc07a8351a64",
          "schema_version": 0,
          "attributes": {
            "id": "9f672ca174-fa10cd69-b13c-4d85-aa0b-dc07a8351a64,USER,619370206919,AWS_ACCOUNT,arn:aws:sso:::permissionSet/ssoins-6595b36b2cbf3a38/ps-1bcb52c69b3156ab,arn:aws:sso:::instance/ssoins-6595b36b2cbf3a38",
            "instance_arn": "arn:aws:sso:::instance/ssoins-6595b36b2cbf3a38",
            "permission_set_arn": "arn:aws:sso:::permissionSet/ssoins-6595b36b2cbf3a38/ps-1bcb52c69b3156ab",
            "principal_id": "9f672ca174-fa10cd69-b13c-4d85-aa0b-dc07a8351a64",
            "principal_type": "USER",
            "target_id": "619370206919",
            "target_type": "AWS_ACCOUNT"
          },
          "sensitive_attributes": [],
          "private": "eyJzY2hlbWFfdmVyc2lvbiI6IjAifQ=="
        },
        {
          "index_key": "619370206919.arn:aws:sso:::permissionSet/ssoins-6595b36b2cbf3a38/ps-1bcb52c69b3156ab.9f672ca174-fd81864c-5927-4bab-a2ef-0bb01d176f07",
          "schema_version": 0,
          "attributes": {
            "id": "9f672ca174-fd81864c-5927-4bab-a2ef-0bb01d176f07,GROUP,619370206919,AWS_ACCOUNT,arn:aws:sso:::permissionSet/ssoins-6595b36b2cbf3a38/ps-1bcb52c69b3156ab,arn:aws:sso:::instance/ssoins-6595b36b2cbf3a38",
            "instance_arn": "arn:aws:sso:::instance/ssoins-6595b36b2cbf3a38",
            "permission_set_arn": "arn:aws:sso:::permissionSet/ssoins-6595b36b2cbf3a38/ps-1bcb52c69b3156ab",
            "principal_id": "9f672ca174-fd81864c-5927-4bab-a2ef-0bb01d176f07",
            "principal_type": "GROUP",
            "target_id": "619370206919",
            "target_type": "AWS_ACCOUNT"
          },
          "sensitive_attributes": [],
          "private": "eyJzY2hlbWFfdmVyc2lvbiI6IjAifQ=="
        },
        {
          "index_key": "619370206919.arn:aws:sso:::permissionSet/ssoins-6595b36b2cbf3a38/ps-3bf37f1ab4317f9d.9f672ca174-fa10cd69-b13c-4d85-aa0b-dc07a8351a64",
          "schema_version": 0,
          "attributes": {
            "id": "9f672ca174-fa10cd69-b13c-4d85-aa0b-dc07a8351a64,USER,619370206919,AWS_ACCOUNT,arn:aws:sso:::permissionSet/ssoins-6595b36b2cbf3a38/ps-3bf37f1ab4317f9d,arn:aws:sso:::instance/ssoins-6595b36b2cbf3a38",
            "instance_arn": "arn:aws:sso:::instance/ssoins-6595b36b2cbf3a38",
            "permission_set_arn": "arn:aws:sso:::permissionSet/ssoins-6595b36b2cbf3a38/ps-3bf37f1ab4317f9d",
            "principal_id": "9f672ca174-fa10cd69-b13c-4d85-aa0b-dc07a8351a64",
            "principal_type": "USER",
            "target_id": "619370206919",
            "target_type": "AWS_ACCOUNT"
          },
          "sensitive_attributes": [],
          "private": "eyJzY2hlbWFfdmVyc2lvbiI6IjAifQ=="
        },
        {
          "index_key": "619370206919.arn:aws:sso:::permissionSet/ssoins-6595b36b2cbf3a38/ps-67965c146cd829af.9f672ca174-085e812a-f578-4126-94bf-4d233dbe5b7b",
          "schema_version": 0,
          "attributes": {
            "id": "9f672ca174-085e812a-f578-4126-94bf-4d233dbe5b7b,GROUP,619370206919,AWS_ACCOUNT,arn:aws:sso:::permissionSet/ssoins-6595b36b2cbf3a38/ps-67965c146cd829af,arn:aws:sso:::instance/ssoins-6595b36b2cbf3a38",
            "instance_arn": "arn:aws:sso:::instance/ssoins-6595b36b2cbf3a38",
            "permission_set_arn": "arn:aws:sso:::permissionSet/ssoins-6595b36b2cbf3a38/ps-67965c146cd829af",
            "principal_id": "9f672ca174-085e812a-f578-4126-94bf-4d233dbe5b7b",
            "principal_type": "GROUP",
            "target_id": "619370206919",
            "target_type": "AWS_ACCOUNT"
          },
          "sensitive_attributes": [],
          "private": "eyJzY2hlbWFfdmVyc2lvbiI6IjAifQ=="
        },
        {
          "index_key": "619370206919.arn:aws:sso:::permissionSet/ssoins-6595b36b2cbf3a38/ps-67965c146cd829af.9f672ca174-7115bcda-2be1-4ff0-be1e-fb27e4a5122c",
          "schema_version": 0,
          "attributes": {
            "id": "9f672ca174-7115bcda-2be1-4ff0-be1e-fb27e4a5122c,GROUP,619370206919,AWS_ACCOUNT,arn:aws:sso:::permissionSet/ssoins-6595b36b2cbf3a38/ps-67965c146cd829af,arn:aws:sso:::instance/ssoins-6595b36b2cbf3a38",
            "instance_arn": "arn:aws:sso:::instance/ssoins-6595b36b2cbf3a38",
            "permission_set_arn": "arn:aws:sso:::permissionSet/ssoins-6595b36b2cbf3a38/ps-67965c146cd829af",
            "principal_id": "9f672ca174-7115bcda-2be1-4ff0-be1e-fb27e4a5122c",
            "principal_type": "GROUP",
            "target_id": "619370206919",
            "target_type": "AWS_ACCOUNT"
          },
          "sensitive_attributes": [],
          "private": "eyJzY2hlbWFfdmVyc2lvbiI6IjAifQ=="
        },
        {
          "index_key": "619370206919.arn:aws:sso:::permissionSet/ssoins-6595b36b2cbf3a38/ps-70a667ecf55833b5.9f672ca174-e361c028-2480-478d-a0ac-0ff9f3b2e9d0",
          "schema_version": 0,
          "attributes": {
            "id": "9f672ca174-e361c028-2480-478d-a0ac-0ff9f3b2e9d0,GROUP,619370206919,AWS_ACCOUNT,arn:aws:sso:::permissionSet/ssoins-6595b36b2cbf3a38/ps-70a667ecf55833b5,arn:aws:sso:::instance/ssoins-6595b36b2cbf3a38",
            "instance_arn": "arn:aws:sso:::instance/ssoins-6595b36b2cbf3a38",
            "permission_set_arn": "arn:aws:sso:::permissionSet/ssoins-6595b36b2cbf3a38/ps-70a667ecf55833b5",
            "principal_id": "9f672ca174-e361c028-2480-478d-a0ac-0ff9f3b2e9d0",
            "principal_type": "GROUP",
            "target_id": "619370206919",
            "target_type": "AWS_ACCOUNT"
          },
          "sensitive_attributes": [],
          "private": "eyJzY2hlbWFfdmVyc2lvbiI6IjAifQ=="
        },
        {
          "index_key": "619370206919.arn:aws:sso:::permissionSet/ssoins-6595b36b2cbf3a38/ps-d5ad2b5bea3e56c5.9f672ca174-059e2d28-7d3d-4355-bea8-d8842563877a",
          "schema_version": 0,
          "attributes": {
            "id": "9f672ca174-059e2d28-7d3d-4355-bea8-d8842563877a,USER,619370206919,AWS_ACCOUNT,arn:aws:sso:::permissionSet/ssoins-6595b36b2cbf3a38/ps-d5ad2b5bea3e56c5,arn:aws:sso:::instance/ssoins-6595b36b2cbf3a38",
            "instance_arn": "arn:aws:sso:::instance/ssoins-6595b36b2cbf3a38",
            "permission_set_arn": "arn:aws:sso:::permissionSet/ssoins-6595b36b2cbf3a38/ps-d5ad2b5bea3e56c5",
            "principal_id": "9f672ca174-059e2d28-7d3d-4355-bea8-d8842563877a",
            "principal_type": "USER",
            "target_id": "619370206919",
            "target_type": "AWS_ACCOUNT"
          },
          "sensitive_attributes": [],
          "private": "eyJzY2hlbWFfdmVyc2lvbiI6IjAifQ=="
        },
        {
          "index_key": "619370206919.arn:aws:sso:::permissionSet/ssoins-6595b36b2cbf3a38/ps-d5ad2b5bea3e56c5.9f672ca174-19b663a1-8d0b-4f25-8caa-c97eb2f56487",
          "schema_version": 0,
          "attributes": {
            "id": "9f672ca174-19b663a1-8d0b-4f25-8caa-c97eb2f56487,USER,619370206919,AWS_ACCOUNT,arn:aws:sso:::permissionSet/ssoins-6595b36b2cbf3a38/ps-d5ad2b5bea3e56c5,arn:aws:sso:::instance/ssoins-6595b36b2cbf3a38",
            "instance_arn": "arn:aws:sso:::instance/ssoins-6595b36b2cbf3a38",
            "permission_set_arn": "arn:aws:sso:::permissionSet/ssoins-6595b36b2cbf3a38/ps-d5ad2b5bea3e56c5",
            "principal_id": "9f672ca174-19b663a1-8d0b-4f25-8caa-c97eb2f56487",
            "principal_type": "USER",
            "target_id": "619370206919",
            "target_type": "AWS_ACCOUNT"
          },
          "sensitive_attributes": [],
          "private": "eyJzY2hlbWFfdmVyc2lvbiI6IjAifQ=="
        },
        {
          "index_key": "619370206919.arn:aws:sso:::permissionSet/ssoins-6595b36b2cbf3a38/ps-d5ad2b5bea3e56c5.9f672ca174-29477237-329d-4685-b7a2-240cf6cf053c",
          "schema_version": 0,
          "attributes": {
            "id": "9f672ca174-29477237-329d-4685-b7a2-240cf6cf053c,USER,619370206919,AWS_ACCOUNT,arn:aws:sso:::permissionSet/ssoins-6595b36b2cbf3a38/ps-d5ad2b5bea3e56c5,arn:aws:sso:::instance/ssoins-6595b36b2cbf3a38",
            "instance_arn": "arn:aws:sso:::instance/ssoins-6595b36b2cbf3a38",
            "permission_set_arn": "arn:aws:sso:::permissionSet/ssoins-6595b36b2cbf3a38/ps-d5ad2b5bea3e56c5",
            "principal_id": "9f672ca174-29477237-329d-4685-b7a2-240cf6cf053c",
            "principal_type": "USER",
            "target_id": "619370206919",
            "target_type": "AWS_ACCOUNT"
          },
          "sensitive_attributes": [],
          "private": "eyJzY2hlbWFfdmVyc2lvbiI6IjAifQ=="
        },
        {
          "index_key": "919611311137.arn:aws:sso:::permissionSet/ssoins-6595b36b2cbf3a38/ps-1bcb52c69b3156ab.11a30d5a-50e1-70c7-f69d-823eb72b5d93",
          "schema_version": 0,
          "attributes": {
            "id": "11a30d5a-50e1-70c7-f69d-823eb72b5d93,USER,919611311137,AWS_ACCOUNT,arn:aws:sso:::permissionSet/ssoins-6595b36b2cbf3a38/ps-1bcb52c69b3156ab,arn:aws:sso:::instance/ssoins-6595b36b2cbf3a38",
            "instance_arn": "arn:aws:sso:::instance/ssoins-6595b36b2cbf3a38",
            "permission_set_arn": "arn:aws:sso:::permissionSet/ssoins-6595b36b2cbf3a38/ps-1bcb52c69b3156ab",
            "principal_id": "11a30d5a-50e1-70c7-f69d-823eb72b5d93",
            "principal_type": "USER",
            "target_id": "919611311137",
            "target_type": "AWS_ACCOUNT"
          },
          "sensitive_attributes": [],
          "private": "eyJzY2hlbWFfdmVyc2lvbiI6IjAifQ=="
        },
        {
          "index_key": "919611311137.arn:aws:sso:::permissionSet/ssoins-6595b36b2cbf3a38/ps-1bcb52c69b3156ab.e1233daa-1021-70f8-19fd-46fb5d1dfa11",
          "schema_version": 0,
          "attributes": {
            "id": "e1233daa-1021-70f8-19fd-46fb5d1dfa11,USER,919611311137,AWS_ACCOUNT,arn:aws:sso:::permissionSet/ssoins-6595b36b2cbf3a38/ps-1bcb52c69b3156ab,arn:aws:sso:::instance/ssoins-6595b36b2cbf3a38",
            "instance_arn": "arn:aws:sso:::instance/ssoins-6595b36b2cbf3a38",
            "permission_set_arn": "arn:aws:sso:::permissionSet/ssoins-6595b36b2cbf3a38/ps-1bcb52c69b3156ab",
            "principal_id": "e1233daa-1021-70f8-19fd-46fb5d1dfa11",
            "principal_type": "USER",
            "target_id": "919611311137",
            "target_type": "AWS_ACCOUNT"
          },
          "sensitive_attributes": [],
          "private": "eyJzY2hlbWFfdmVyc2lvbiI6IjAifQ=="
        },
        {
          "index_key": "919611311137.arn:aws:sso:::permissionSet/ssoins-6595b36b2cbf3a38/ps-67965c146cd829af.9f672ca174-7115bcda-2be1-4ff0-be1e-fb27e4a5122c",
          "schema_version": 0,
          "attributes": {
            "id": "9f672ca174-7115bcda-2be1-4ff0-be1e-fb27e4a5122c,GROUP,919611311137,AWS_ACCOUNT,arn:aws:sso:::permissionSet/ssoins-6595b36b2cbf3a38/ps-67965c146cd829af,arn:aws:sso:::instance/ssoins-6595b36b2cbf3a38",
            "instance_arn": "arn:aws:sso:::instance/ssoins-6595b36b2cbf3a38",
            "permission_set_arn": "arn:aws:sso:::permissionSet/ssoins-6595b36b2cbf3a38/ps-67965c146cd829af",
            "principal_id": "9f672ca174-7115bcda-2be1-4ff0-be1e-fb27e4a5122c",
            "principal_type": "GROUP",
            "target_id": "919611311137",
            "target_type": "AWS_ACCOUNT"
          },
          "sensitive_attributes": [],
          "private": "eyJzY2hlbWFfdmVyc2lvbiI6IjAifQ=="
        },
        {
          "index_key": "919611311137.arn:aws:sso:::permissionSet/ssoins-6595b36b2cbf3a38/ps-70a667ecf55833b5.01e39d6a-5051-7059-5ac2-20c4c30c79df",
          "schema_version": 0,
          "attributes": {
            "id": "01e39d6a-5051-7059-5ac2-20c4c30c79df,USER,919611311137,AWS_ACCOUNT,arn:aws:sso:::permissionSet/ssoins-6595b36b2cbf3a38/ps-70a667ecf55833b5,arn:aws:sso:::instance/ssoins-6595b36b2cbf3a38",
            "instance_arn": "arn:aws:sso:::instance/ssoins-6595b36b2cbf3a38",
            "permission_set_arn": "arn:aws:sso:::permissionSet/ssoins-6595b36b2cbf3a38/ps-70a667ecf55833b5",
            "principal_id": "01e39d6a-5051-7059-5ac2-20c4c30c79df",
            "principal_type": "USER",
            "target_id": "919611311137",
            "target_type": "AWS_ACCOUNT"
          },
          "sensitive_attributes": [],
          "private": "eyJzY2hlbWFfdmVyc2lvbiI6IjAifQ=="
        },
        {
          "index_key": "919611311137.arn:aws:sso:::permissionSet/ssoins-6595b36b2cbf3a38/ps-70a667ecf55833b5.11835d5a-e001-703a-142c-3ad38ebaf266",
          "schema_version": 0,
          "attributes": {
            "id": "11835d5a-e001-703a-142c-3ad38ebaf266,USER,919611311137,AWS_ACCOUNT,arn:aws:sso:::permissionSet/ssoins-6595b36b2cbf3a38/ps-70a667ecf55833b5,arn:aws:sso:::instance/ssoins-6595b36b2cbf3a38",
            "instance_arn": "arn:aws:sso:::instance/ssoins-6595b36b2cbf3a38",
            "permission_set_arn": "arn:aws:sso:::permissionSet/ssoins-6595b36b2cbf3a38/ps-70a667ecf55833b5",
            "principal_id": "11835d5a-e001-703a-142c-3ad38ebaf266",
            "principal_type": "USER",
            "target_id": "919611311137",
            "target_type": "AWS_ACCOUNT"
          },
          "sensitive_attributes": [],
          "private": "eyJzY2hlbWFfdmVyc2lvbiI6IjAifQ=="
        },
        {
          "index_key": "919611311137.arn:aws:sso:::permissionSet/ssoins-6595b36b2cbf3a38/ps-70a667ecf55833b5.11a3edda-50f1-70e4-d9a3-92eab38e4141",
          "schema_version": 0,
          "attributes": {
            "id": "11a3edda-50f1-70e4-d9a3-92eab38e4141,USER,919611311137,AWS_ACCOUNT,arn:aws:sso:::permissionSet/ssoins-6595b36b2cbf3a38/ps-70a667ecf55833b5,arn:aws:sso:::instance/ssoins-6595b36b2cbf3a38",
            "instance_arn": "arn:aws:sso:::instance/ssoins-6595b36b2cbf3a38",
            "permission_set_arn": "arn:aws:sso:::permissionSet/ssoins-6595b36b2cbf3a38/ps-70a667ecf55833b5",
            "principal_id": "11a3edda-50f1-70e4-d9a3-92eab38e4141",
            "principal_type": "USER",
            "target_id": "919611311137",
            "target_type": "AWS_ACCOUNT"
          },
          "sensitive_attributes": [],
          "private": "eyJzY2hlbWFfdmVyc2lvbiI6IjAifQ=="
        },
        {
          "index_key": "919611311137.arn:aws:sso:::permissionSet/ssoins-6595b36b2cbf3a38/ps-70a667ecf55833b5.11c3ddea-7071-7056-ab77-164935647da8",
          "schema_version": 0,
          "attributes": {
            "id": "11c3ddea-7071-7056-ab77-164935647da8,USER,919611311137,AWS_ACCOUNT,arn:aws:sso:::permissionSet/ssoins-6595b36b2cbf3a38/ps-70a667ecf55833b5,arn:aws:sso:::instance/ssoins-6595b36b2cbf3a38",
            "instance_arn": "arn:aws:sso:::instance/ssoins-6595b36b2cbf3a38",
            "permission_set_arn": "arn:aws:sso:::permissionSet/ssoins-6595b36b2cbf3a38/ps-70a667ecf55833b5",
            "principal_id": "11c3ddea-7071-7056-ab77-164935647da8",
            "principal_type": "USER",
            "target_id": "919611311137",
            "target_type": "AWS_ACCOUNT"
          },
          "sensitive_attributes": [],
          "private": "eyJzY2hlbWFfdmVyc2lvbiI6IjAifQ=="
        },
        {
          "index_key": "919611311137.arn:aws:sso:::permissionSet/ssoins-6595b36b2cbf3a38/ps-70a667ecf55833b5.21535dca-b0e1-7083-642a-f59c6fc98dfc",
          "schema_version": 0,
          "attributes": {
            "id": "21535dca-b0e1-7083-642a-f59c6fc98dfc,USER,919611311137,AWS_ACCOUNT,arn:aws:sso:::permissionSet/ssoins-6595b36b2cbf3a38/ps-70a667ecf55833b5,arn:aws:sso:::instance/ssoins-6595b36b2cbf3a38",
            "instance_arn": "arn:aws:sso:::instance/ssoins-6595b36b2cbf3a38",
            "permission_set_arn": "arn:aws:sso:::permissionSet/ssoins-6595b36b2cbf3a38/ps-70a667ecf55833b5",
            "principal_id": "21535dca-b0e1-7083-642a-f59c6fc98dfc",
            "principal_type": "USER",
            "target_id": "919611311137",
            "target_type": "AWS_ACCOUNT"
          },
          "sensitive_attributes": [],
          "private": "eyJzY2hlbWFfdmVyc2lvbiI6IjAifQ=="
        },
        {
          "index_key": "919611311137.arn:aws:sso:::permissionSet/ssoins-6595b36b2cbf3a38/ps-70a667ecf55833b5.21d38dda-5091-70c7-08d0-e86ee436ad95",
          "schema_version": 0,
          "attributes": {
            "id": "21d38dda-5091-70c7-08d0-e86ee436ad95,USER,919611311137,AWS_ACCOUNT,arn:aws:sso:::permissionSet/ssoins-6595b36b2cbf3a38/ps-70a667ecf55833b5,arn:aws:sso:::instance/ssoins-6595b36b2cbf3a38",
            "instance_arn": "arn:aws:sso:::instance/ssoins-6595b36b2cbf3a38",
            "permission_set_arn": "arn:aws:sso:::permissionSet/ssoins-6595b36b2cbf3a38/ps-70a667ecf55833b5",
            "principal_id": "21d38dda-5091-70c7-08d0-e86ee436ad95",
            "principal_type": "USER",
            "target_id": "919611311137",
            "target_type": "AWS_ACCOUNT"
          },
          "sensitive_attributes": [],
          "private": "eyJzY2hlbWFfdmVyc2lvbiI6IjAifQ=="
        },
        {
          "index_key": "919611311137.arn:aws:sso:::permissionSet/ssoins-6595b36b2cbf3a38/ps-70a667ecf55833b5.21f32dba-f041-7057-02fb-4316657470c3",
          "schema_version": 0,
          "attributes": {
            "id": "21f32dba-f041-7057-02fb-4316657470c3,USER,919611311137,AWS_ACCOUNT,arn:aws:sso:::permissionSet/ssoins-6595b36b2cbf3a38/ps-70a667ecf55833b5,arn:aws:sso:::instance/ssoins-6595b36b2cbf3a38",
            "instance_arn": "arn:aws:sso:::instance/ssoins-6595b36b2cbf3a38",
            "permission_set_arn": "arn:aws:sso:::permissionSet/ssoins-6595b36b2cbf3a38/ps-70a667ecf55833b5",
            "principal_id": "21f32dba-f041-7057-02fb-4316657470c3",
            "principal_type": "USER",
            "target_id": "919611311137",
            "target_type": "AWS_ACCOUNT"
          },
          "sensitive_attributes": [],
          "private": "eyJzY2hlbWFfdmVyc2lvbiI6IjAifQ=="
        },
        {
          "index_key": "919611311137.arn:aws:sso:::permissionSet/ssoins-6595b36b2cbf3a38/ps-70a667ecf55833b5.4153cd3a-0071-7021-7bb0-827600d5c4e2",
          "schema_version": 0,
          "attributes": {
            "id": "4153cd3a-0071-7021-7bb0-827600d5c4e2,USER,919611311137,AWS_ACCOUNT,arn:aws:sso:::permissionSet/ssoins-6595b36b2cbf3a38/ps-70a667ecf55833b5,arn:aws:sso:::instance/ssoins-6595b36b2cbf3a38",
            "instance_arn": "arn:aws:sso:::instance/ssoins-6595b36b2cbf3a38",
            "permission_set_arn": "arn:aws:sso:::permissionSet/ssoins-6595b36b2cbf3a38/ps-70a667ecf55833b5",
            "principal_id": "4153cd3a-0071-7021-7bb0-827600d5c4e2",
            "principal_type": "USER",
            "target_id": "919611311137",
            "target_type": "AWS_ACCOUNT"
          },
          "sensitive_attributes": [],
          "private": "eyJzY2hlbWFfdmVyc2lvbiI6IjAifQ=="
        },
        {
          "index_key": "919611311137.arn:aws:sso:::permissionSet/ssoins-6595b36b2cbf3a38/ps-70a667ecf55833b5.41935d1a-0071-7052-c014-133354dcb7dd",
          "schema_version": 0,
          "attributes": {
            "id": "41935d1a-0071-7052-c014-133354dcb7dd,USER,919611311137,AWS_ACCOUNT,arn:aws:sso:::permissionSet/ssoins-6595b36b2cbf3a38/ps-70a667ecf55833b5,arn:aws:sso:::instance/ssoins-6595b36b2cbf3a38",
            "instance_arn": "arn:aws:sso:::instance/ssoins-6595b36b2cbf3a38",
            "permission_set_arn": "arn:aws:sso:::permissionSet/ssoins-6595b36b2cbf3a38/ps-70a667ecf55833b5",
            "principal_id": "41935d1a-0071-7052-c014-133354dcb7dd",
            "principal_type": "USER",
            "target_id": "919611311137",
            "target_type": "AWS_ACCOUNT"
          },
          "sensitive_attributes": [],
          "private": "eyJzY2hlbWFfdmVyc2lvbiI6IjAifQ=="
        },
        {
          "index_key": "919611311137.arn:aws:sso:::permissionSet/ssoins-6595b36b2cbf3a38/ps-70a667ecf55833b5.51137d0a-e0a1-701c-ad41-f5fea3dae417",
          "schema_version": 0,
          "attributes": {
            "id": "51137d0a-e0a1-701c-ad41-f5fea3dae417,USER,919611311137,AWS_ACCOUNT,arn:aws:sso:::permissionSet/ssoins-6595b36b2cbf3a38/ps-70a667ecf55833b5,arn:aws:sso:::instance/ssoins-6595b36b2cbf3a38",
            "instance_arn": "arn:aws:sso:::instance/ssoins-6595b36b2cbf3a38",
            "permission_set_arn": "arn:aws:sso:::permissionSet/ssoins-6595b36b2cbf3a38/ps-70a667ecf55833b5",
            "principal_id": "51137d0a-e0a1-701c-ad41-f5fea3dae417",
            "principal_type": "USER",
            "target_id": "919611311137",
            "target_type": "AWS_ACCOUNT"
          },
          "sensitive_attributes": [],
          "private": "eyJzY2hlbWFfdmVyc2lvbiI6IjAifQ=="
        },
        {
          "index_key": "919611311137.arn:aws:sso:::permissionSet/ssoins-6595b36b2cbf3a38/ps-70a667ecf55833b5.6163bd6a-60b1-705e-b714-4559eb44ed5d",
          "schema_version": 0,
          "attributes": {
            "id": "6163bd6a-60b1-705e-b714-4559eb44ed5d,USER,919611311137,AWS_ACCOUNT,arn:aws:sso:::permissionSet/ssoins-6595b36b2cbf3a38/ps-70a667ecf55833b5,arn:aws:sso:::instance/ssoins-6595b36b2cbf3a38",
            "instance_arn": "arn:aws:sso:::instance/ssoins-6595b36b2cbf3a38",
            "permission_set_arn": "arn:aws:sso:::permissionSet/ssoins-6595b36b2cbf3a38/ps-70a667ecf55833b5",
            "principal_id": "6163bd6a-60b1-705e-b714-4559eb44ed5d",
            "principal_type": "USER",
            "target_id": "919611311137",
            "target_type": "AWS_ACCOUNT"
          },
          "sensitive_attributes": [],
          "private": "eyJzY2hlbWFfdmVyc2lvbiI6IjAifQ=="
        },
        {
          "index_key": "919611311137.arn:aws:sso:::permissionSet/ssoins-6595b36b2cbf3a38/ps-70a667ecf55833b5.7173fd9a-1021-7030-6914-f77b86b8589c",
          "schema_version": 0,
          "attributes": {
            "id": "7173fd9a-1021-7030-6914-f77b86b8589c,USER,919611311137,AWS_ACCOUNT,arn:aws:sso:::permissionSet/ssoins-6595b36b2cbf3a38/ps-70a667ecf55833b5,arn:aws:sso:::instance/ssoins-6595b36b2cbf3a38",
            "instance_arn": "arn:aws:sso:::instance/ssoins-6595b36b2cbf3a38",
            "permission_set_arn": "arn:aws:sso:::permissionSet/ssoins-6595b36b2cbf3a38/ps-70a667ecf55833b5",
            "principal_id": "7173fd9a-1021-7030-6914-f77b86b8589c",
            "principal_type": "USER",
            "target_id": "919611311137",
            "target_type": "AWS_ACCOUNT"
          },
          "sensitive_attributes": [],
          "private": "eyJzY2hlbWFfdmVyc2lvbiI6IjAifQ=="
        },
        {
          "index_key": "919611311137.arn:aws:sso:::permissionSet/ssoins-6595b36b2cbf3a38/ps-70a667ecf55833b5.71e3adda-90f1-70ae-a2d0-5454c88c9a2c",
          "schema_version": 0,
          "attributes": {
            "id": "71e3adda-90f1-70ae-a2d0-5454c88c9a2c,USER,919611311137,AWS_ACCOUNT,arn:aws:sso:::permissionSet/ssoins-6595b36b2cbf3a38/ps-70a667ecf55833b5,arn:aws:sso:::instance/ssoins-6595b36b2cbf3a38",
            "instance_arn": "arn:aws:sso:::instance/ssoins-6595b36b2cbf3a38",
            "permission_set_arn": "arn:aws:sso:::permissionSet/ssoins-6595b36b2cbf3a38/ps-70a667ecf55833b5",
            "principal_id": "71e3adda-90f1-70ae-a2d0-5454c88c9a2c",
            "principal_type": "USER",
            "target_id": "919611311137",
            "target_type": "AWS_ACCOUNT"
          },
          "sensitive_attributes": [],
          "private": "eyJzY2hlbWFfdmVyc2lvbiI6IjAifQ=="
        },
        {
          "index_key": "919611311137.arn:aws:sso:::permissionSet/ssoins-6595b36b2cbf3a38/ps-70a667ecf55833b5.91431dca-d091-70fa-15f2-c9411a1580a4",
          "schema_version": 0,
          "attributes": {
            "id": "91431dca-d091-70fa-15f2-c9411a1580a4,USER,919611311137,AWS_ACCOUNT,arn:aws:sso:::permissionSet/ssoins-6595b36b2cbf3a38/ps-70a667ecf55833b5,arn:aws:sso:::instance/ssoins-6595b36b2cbf3a38",
            "instance_arn": "arn:aws:sso:::instance/ssoins-6595b36b2cbf3a38",
            "permission_set_arn": "arn:aws:sso:::permissionSet/ssoins-6595b36b2cbf3a38/ps-70a667ecf55833b5",
            "principal_id": "91431dca-d091-70fa-15f2-c9411a1580a4",
            "principal_type": "USER",
            "target_id": "919611311137",
            "target_type": "AWS_ACCOUNT"
          },
          "sensitive_attributes": [],
          "private": "eyJzY2hlbWFfdmVyc2lvbiI6IjAifQ=="
        },
        {
          "index_key": "919611311137.arn:aws:sso:::permissionSet/ssoins-6595b36b2cbf3a38/ps-70a667ecf55833b5.9143bd6a-0091-70bf-d328-93d25393751e",
          "schema_version": 0,
          "attributes": {
            "id": "9143bd6a-0091-70bf-d328-93d25393751e,USER,919611311137,AWS_ACCOUNT,arn:aws:sso:::permissionSet/ssoins-6595b36b2cbf3a38/ps-70a667ecf55833b5,arn:aws:sso:::instance/ssoins-6595b36b2cbf3a38",
            "instance_arn": "arn:aws:sso:::instance/ssoins-6595b36b2cbf3a38",
            "permission_set_arn": "arn:aws:sso:::permissionSet/ssoins-6595b36b2cbf3a38/ps-70a667ecf55833b5",
            "principal_id": "9143bd6a-0091-70bf-d328-93d25393751e",
            "principal_type": "USER",
            "target_id": "919611311137",
            "target_type": "AWS_ACCOUNT"
          },
          "sensitive_attributes": [],
          "private": "eyJzY2hlbWFfdmVyc2lvbiI6IjAifQ=="
        },
        {
          "index_key": "919611311137.arn:aws:sso:::permissionSet/ssoins-6595b36b2cbf3a38/ps-70a667ecf55833b5.91637d2a-e0c1-7041-2c18-e01097eabcee",
          "schema_version": 0,
          "attributes": {
            "id": "91637d2a-e0c1-7041-2c18-e01097eabcee,USER,919611311137,AWS_ACCOUNT,arn:aws:sso:::permissionSet/ssoins-6595b36b2cbf3a38/ps-70a667ecf55833b5,arn:aws:sso:::instance/ssoins-6595b36b2cbf3a38",
            "instance_arn": "arn:aws:sso:::instance/ssoins-6595b36b2cbf3a38",
            "permission_set_arn": "arn:aws:sso:::permissionSet/ssoins-6595b36b2cbf3a38/ps-70a667ecf55833b5",
            "principal_id": "91637d2a-e0c1-7041-2c18-e01097eabcee",
            "principal_type": "USER",
            "target_id": "919611311137",
            "target_type": "AWS_ACCOUNT"
          },
          "sensitive_attributes": [],
          "private": "eyJzY2hlbWFfdmVyc2lvbiI6IjAifQ=="
        },
        {
          "index_key": "919611311137.arn:aws:sso:::permissionSet/ssoins-6595b36b2cbf3a38/ps-70a667ecf55833b5.91b3adaa-c041-704e-aa10-a6fb161549c2",
          "schema_version": 0,
          "attributes": {
            "id": "91b3adaa-c041-704e-aa10-a6fb161549c2,USER,919611311137,AWS_ACCOUNT,arn:aws:sso:::permissionSet/ssoins-6595b36b2cbf3a38/ps-70a667ecf55833b5,arn:aws:sso:::instance/ssoins-6595b36b2cbf3a38",
            "instance_arn": "arn:aws:sso:::instance/ssoins-6595b36b2cbf3a38",
            "permission_set_arn": "arn:aws:sso:::permissionSet/ssoins-6595b36b2cbf3a38/ps-70a667ecf55833b5",
            "principal_id": "91b3adaa-c041-704e-aa10-a6fb161549c2",
            "principal_type": "USER",
            "target_id": "919611311137",
            "target_type": "AWS_ACCOUNT"
          },
          "sensitive_attributes": [],
          "private": "eyJzY2hlbWFfdmVyc2lvbiI6IjAifQ=="
        },
        {
          "index_key": "919611311137.arn:aws:sso:::permissionSet/ssoins-6595b36b2cbf3a38/ps-70a667ecf55833b5.9f672ca174-e361c028-2480-478d-a0ac-0ff9f3b2e9d0",
          "schema_version": 0,
          "attributes": {
            "id": "9f672ca174-e361c028-2480-478d-a0ac-0ff9f3b2e9d0,GROUP,919611311137,AWS_ACCOUNT,arn:aws:sso:::permissionSet/ssoins-6595b36b2cbf3a38/ps-70a667ecf55833b5,arn:aws:sso:::instance/ssoins-6595b36b2cbf3a38",
            "instance_arn": "arn:aws:sso:::instance/ssoins-6595b36b2cbf3a38",
            "permission_set_arn": "arn:aws:sso:::permissionSet/ssoins-6595b36b2cbf3a38/ps-70a667ecf55833b5",
            "principal_id": "9f672ca174-e361c028-2480-478d-a0ac-0ff9f3b2e9d0",
            "principal_type": "GROUP",
            "target_id": "919611311137",
            "target_type": "AWS_ACCOUNT"
          },
          "sensitive_attributes": [],
          "private": "eyJzY2hlbWFfdmVyc2lvbiI6IjAifQ=="
        },
        {
          "index_key": "919611311137.arn:aws:sso:::permissionSet/ssoins-6595b36b2cbf3a38/ps-70a667ecf55833b5.a1531dea-d0b1-7007-8292-062e94670f71",
          "schema_version": 0,
          "attributes": {
            "id": "a1531dea-d0b1-7007-8292-062e94670f71,USER,919611311137,AWS_ACCOUNT,arn:aws:sso:::permissionSet/ssoins-6595b36b2cbf3a38/ps-70a667ecf55833b5,arn:aws:sso:::instance/ssoins-6595b36b2cbf3a38",
            "instance_arn": "arn:aws:sso:::instance/ssoins-6595b36b2cbf3a38",
            "permission_set_arn": "arn:aws:sso:::permissionSet/ssoins-6595b36b2cbf3a38/ps-70a667ecf55833b5",
            "principal_id": "a1531dea-d0b1-7007-8292-062e94670f71",
            "principal_type": "USER",
            "target_id": "919611311137",
            "target_type": "AWS_ACCOUNT"
          },
          "sensitive_attributes": [],
          "private": "eyJzY2hlbWFfdmVyc2lvbiI6IjAifQ=="
        },
        {
          "index_key": "919611311137.arn:aws:sso:::permissionSet/ssoins-6595b36b2cbf3a38/ps-70a667ecf55833b5.a1930dca-d0c1-704f-3002-e0f3beca6150",
          "schema_version": 0,
          "attributes": {
            "id": "a1930dca-d0c1-704f-3002-e0f3beca6150,USER,919611311137,AWS_ACCOUNT,arn:aws:sso:::permissionSet/ssoins-6595b36b2cbf3a38/ps-70a667ecf55833b5,arn:aws:sso:::instance/ssoins-6595b36b2cbf3a38",
            "instance_arn": "arn:aws:sso:::instance/ssoins-6595b36b2cbf3a38",
            "permission_set_arn": "arn:aws:sso:::permissionSet/ssoins-6595b36b2cbf3a38/ps-70a667ecf55833b5",
            "principal_id": "a1930dca-d0c1-704f-3002-e0f3beca6150",
            "principal_type": "USER",
            "target_id": "919611311137",
            "target_type": "AWS_ACCOUNT"
          },
          "sensitive_attributes": [],
          "private": "eyJzY2hlbWFfdmVyc2lvbiI6IjAifQ=="
        },
        {
          "index_key": "919611311137.arn:aws:sso:::permissionSet/ssoins-6595b36b2cbf3a38/ps-70a667ecf55833b5.b1338d8a-4011-70dc-036f-e8171d33fc13",
          "schema_version": 0,
          "attributes": {
            "id": "b1338d8a-4011-70dc-036f-e8171d33fc13,USER,919611311137,AWS_ACCOUNT,arn:aws:sso:::permissionSet/ssoins-6595b36b2cbf3a38/ps-70a667ecf55833b5,arn:aws:sso:::instance/ssoins-6595b36b2cbf3a38",
            "instance_arn": "arn:aws:sso:::instance/ssoins-6595b36b2cbf3a38",
            "permission_set_arn": "arn:aws:sso:::permissionSet/ssoins-6595b36b2cbf3a38/ps-70a667ecf55833b5",
            "principal_id": "b1338d8a-4011-70dc-036f-e8171d33fc13",
            "principal_type": "USER",
            "target_id": "919611311137",
            "target_type": "AWS_ACCOUNT"
          },
          "sensitive_attributes": [],
          "private": "eyJzY2hlbWFfdmVyc2lvbiI6IjAifQ=="
        },
        {
          "index_key": "919611311137.arn:aws:sso:::permissionSet/ssoins-6595b36b2cbf3a38/ps-70a667ecf55833b5.c1e3ad1a-90a1-7052-8fcb-53ea796ac782",
          "schema_version": 0,
          "attributes": {
            "id": "c1e3ad1a-90a1-7052-8fcb-53ea796ac782,USER,919611311137,AWS_ACCOUNT,arn:aws:sso:::permissionSet/ssoins-6595b36b2cbf3a38/ps-70a667ecf55833b5,arn:aws:sso:::instance/ssoins-6595b36b2cbf3a38",
            "instance_arn": "arn:aws:sso:::instance/ssoins-6595b36b2cbf3a38",
            "permission_set_arn": "arn:aws:sso:::permissionSet/ssoins-6595b36b2cbf3a38/ps-70a667ecf55833b5",
            "principal_id": "c1e3ad1a-90a1-7052-8fcb-53ea796ac782",
            "principal_type": "USER",
            "target_id": "919611311137",
            "target_type": "AWS_ACCOUNT"
          },
          "sensitive_attributes": [],
          "private": "eyJzY2hlbWFfdmVyc2lvbiI6IjAifQ=="
        },
        {
          "index_key": "919611311137.arn:aws:sso:::permissionSet/ssoins-6595b36b2cbf3a38/ps-70a667ecf55833b5.d1032d8a-e011-70c5-9636-dd2004f1335e",
          "schema_version": 0,
          "attributes": {
            "id": "d1032d8a-e011-70c5-9636-dd2004f1335e,USER,919611311137,AWS_ACCOUNT,arn:aws:sso:::permissionSet/ssoins-6595b36b2cbf3a38/ps-70a667ecf55833b5,arn:aws:sso:::instance/ssoins-6595b36b2cbf3a38",
            "instance_arn": "arn:aws:sso:::instance/ssoins-6595b36b2cbf3a38",
            "permission_set_arn": "arn:aws:sso:::permissionSet/ssoins-6595b36b2cbf3a38/ps-70a667ecf55833b5",
            "principal_id": "d1032d8a-e011-70c5-9636-dd2004f1335e",
            "principal_type": "USER",
            "target_id": "919611311137",
            "target_type": "AWS_ACCOUNT"
          },
          "sensitive_attributes": [],
          "private": "eyJzY2hlbWFfdmVyc2lvbiI6IjAifQ=="
        },
        {
          "index_key": "919611311137.arn:aws:sso:::permissionSet/ssoins-6595b36b2cbf3a38/ps-70a667ecf55833b5.d163fd6a-90d1-70a5-ac7c-92a741935d36",
          "schema_version": 0,
          "attributes": {
            "id": "d163fd6a-90d1-70a5-ac7c-92a741935d36,USER,919611311137,AWS_ACCOUNT,arn:aws:sso:::permissionSet/ssoins-6595b36b2cbf3a38/ps-70a667ecf55833b5,arn:aws:sso:::instance/ssoins-6595b36b2cbf3a38",
            "instance_arn": "arn:aws:sso:::instance/ssoins-6595b36b2cbf3a38",
            "permission_set_arn": "arn:aws:sso:::permissionSet/ssoins-6595b36b2cbf3a38/ps-70a667ecf55833b5",
            "principal_id": "d163fd6a-90d1-70a5-ac7c-92a741935d36",
            "principal_type": "USER",
            "target_id": "919611311137",
            "target_type": "AWS_ACCOUNT"
          },
          "sensitive_attributes": [],
          "private": "eyJzY2hlbWFfdmVyc2lvbiI6IjAifQ=="
        },
        {
          "index_key": "919611311137.arn:aws:sso:::permissionSet/ssoins-6595b36b2cbf3a38/ps-70a667ecf55833b5.d1c38d2a-8041-70e0-015c-387ee008077e",
          "schema_version": 0,
          "attributes": {
            "id": "d1c38d2a-8041-70e0-015c-387ee008077e,USER,919611311137,AWS_ACCOUNT,arn:aws:sso:::permissionSet/ssoins-6595b36b2cbf3a38/ps-70a667ecf55833b5,arn:aws:sso:::instance/ssoins-6595b36b2cbf3a38",
            "instance_arn": "arn:aws:sso:::instance/ssoins-6595b36b2cbf3a38",
            "permission_set_arn": "arn:aws:sso:::permissionSet/ssoins-6595b36b2cbf3a38/ps-70a667ecf55833b5",
            "principal_id": "d1c38d2a-8041-70e0-015c-387ee008077e",
            "principal_type": "USER",
            "target_id": "919611311137",
            "target_type": "AWS_ACCOUNT"
          },
          "sensitive_attributes": [],
          "private": "eyJzY2hlbWFfdmVyc2lvbiI6IjAifQ=="
        },
        {
          "index_key": "919611311137.arn:aws:sso:::permissionSet/ssoins-6595b36b2cbf3a38/ps-70a667ecf55833b5.d1f36d4a-2091-70e2-0911-bfdc961b1495",
          "schema_version": 0,
          "attributes": {
            "id": "d1f36d4a-2091-70e2-0911-bfdc961b1495,USER,919611311137,AWS_ACCOUNT,arn:aws:sso:::permissionSet/ssoins-6595b36b2cbf3a38/ps-70a667ecf55833b5,arn:aws:sso:::instance/ssoins-6595b36b2cbf3a38",
            "instance_arn": "arn:aws:sso:::instance/ssoins-6595b36b2cbf3a38",
            "permission_set_arn": "arn:aws:sso:::permissionSet/ssoins-6595b36b2cbf3a38/ps-70a667ecf55833b5",
            "principal_id": "d1f36d4a-2091-70e2-0911-bfdc961b1495",
            "principal_type": "USER",
            "target_id": "919611311137",
            "target_type": "AWS_ACCOUNT"
          },
          "sensitive_attributes": [],
          "private": "eyJzY2hlbWFfdmVyc2lvbiI6IjAifQ=="
        },
        {
          "index_key": "919611311137.arn:aws:sso:::permissionSet/ssoins-6595b36b2cbf3a38/ps-70a667ecf55833b5.e1233daa-1021-70f8-19fd-46fb5d1dfa11",
          "schema_version": 0,
          "attributes": {
            "id": "e1233daa-1021-70f8-19fd-46fb5d1dfa11,USER,919611311137,AWS_ACCOUNT,arn:aws:sso:::permissionSet/ssoins-6595b36b2cbf3a38/ps-70a667ecf55833b5,arn:aws:sso:::instance/ssoins-6595b36b2cbf3a38",
            "instance_arn": "arn:aws:sso:::instance/ssoins-6595b36b2cbf3a38",
            "permission_set_arn": "arn:aws:sso:::permissionSet/ssoins-6595b36b2cbf3a38/ps-70a667ecf55833b5",
            "principal_id": "e1233daa-1021-70f8-19fd-46fb5d1dfa11",
            "principal_type": "USER",
            "target_id": "919611311137",
            "target_type": "AWS_ACCOUNT"
          },
          "sensitive_attributes": [],
          "private": "eyJzY2hlbWFfdmVyc2lvbiI6IjAifQ=="
        },
        {
          "index_key": "919611311137.arn:aws:sso:::permissionSet/ssoins-6595b36b2cbf3a38/ps-70a667ecf55833b5.f1d35d7a-90b1-70be-cac6-7f592e2a4971",
          "schema_version": 0,
          "attributes": {
            "id": "f1d35d7a-90b1-70be-cac6-7f592e2a4971,USER,919611311137,AWS_ACCOUNT,arn:aws:sso:::permissionSet/ssoins-6595b36b2cbf3a38/ps-70a667ecf55833b5,arn:aws:sso:::instance/ssoins-6595b36b2cbf3a38",
            "instance_arn": "arn:aws:sso:::instance/ssoins-6595b36b2cbf3a38",
            "permission_set_arn": "arn:aws:sso:::permissionSet/ssoins-6595b36b2cbf3a38/ps-70a667ecf55833b5",
            "principal_id": "f1d35d7a-90b1-70be-cac6-7f592e2a4971",
            "principal_type": "USER",
            "target_id": "919611311137",
            "target_type": "AWS_ACCOUNT"
          },
          "sensitive_attributes": [],
          "private": "eyJzY2hlbWFfdmVyc2lvbiI6IjAifQ=="
        },
        {
          "index_key": "919611311137.arn:aws:sso:::permissionSet/ssoins-6595b36b2cbf3a38/ps-77edb944b69dc8aa.9f672ca174-fd81864c-5927-4bab-a2ef-0bb01d176f07",
          "schema_version": 0,
          "attributes": {
            "id": "9f672ca174-fd81864c-5927-4bab-a2ef-0bb01d176f07,GROUP,919611311137,AWS_ACCOUNT,arn:aws:sso:::permissionSet/ssoins-6595b36b2cbf3a38/ps-77edb944b69dc8aa,arn:aws:sso:::instance/ssoins-6595b36b2cbf3a38",
            "instance_arn": "arn:aws:sso:::instance/ssoins-6595b36b2cbf3a38",
            "permission_set_arn": "arn:aws:sso:::permissionSet/ssoins-6595b36b2cbf3a38/ps-77edb944b69dc8aa",
            "principal_id": "9f672ca174-fd81864c-5927-4bab-a2ef-0bb01d176f07",
            "principal_type": "GROUP",
            "target_id": "919611311137",
            "target_type": "AWS_ACCOUNT"
          },
          "sensitive_attributes": [],
          "private": "eyJzY2hlbWFfdmVyc2lvbiI6IjAifQ=="
        },
        {
          "index_key": "919611311137.arn:aws:sso:::permissionSet/ssoins-6595b36b2cbf3a38/ps-d5ad2b5bea3e56c5.01731d8a-d041-7098-f34b-f545a19e74e1",
          "schema_version": 0,
          "attributes": {
            "id": "01731d8a-d041-7098-f34b-f545a19e74e1,GROUP,919611311137,AWS_ACCOUNT,arn:aws:sso:::permissionSet/ssoins-6595b36b2cbf3a38/ps-d5ad2b5bea3e56c5,arn:aws:sso:::instance/ssoins-6595b36b2cbf3a38",
            "instance_arn": "arn:aws:sso:::instance/ssoins-6595b36b2cbf3a38",
            "permission_set_arn": "arn:aws:sso:::permissionSet/ssoins-6595b36b2cbf3a38/ps-d5ad2b5bea3e56c5",
            "principal_id": "01731d8a-d041-7098-f34b-f545a19e74e1",
            "principal_type": "GROUP",
            "target_id": "919611311137",
            "target_type": "AWS_ACCOUNT"
          },
          "sensitive_attributes": [],
          "private": "eyJzY2hlbWFfdmVyc2lvbiI6IjAifQ=="
        },
        {
          "index_key": "919611311137.arn:aws:sso:::permissionSet/ssoins-6595b36b2cbf3a38/ps-d5ad2b5bea3e56c5.9f672ca174-059e2d28-7d3d-4355-bea8-d8842563877a",
          "schema_version": 0,
          "attributes": {
            "id": "9f672ca174-059e2d28-7d3d-4355-bea8-d8842563877a,USER,919611311137,AWS_ACCOUNT,arn:aws:sso:::permissionSet/ssoins-6595b36b2cbf3a38/ps-d5ad2b5bea3e56c5,arn:aws:sso:::instance/ssoins-6595b36b2cbf3a38",
            "instance_arn": "arn:aws:sso:::instance/ssoins-6595b36b2cbf3a38",
            "permission_set_arn": "arn:aws:sso:::permissionSet/ssoins-6595b36b2cbf3a38/ps-d5ad2b5bea3e56c5",
            "principal_id": "9f672ca174-059e2d28-7d3d-4355-bea8-d8842563877a",
            "principal_type": "USER",
            "target_id": "919611311137",
            "target_type": "AWS_ACCOUNT"
          },
          "sensitive_attributes": [],
          "private": "eyJzY2hlbWFfdmVyc2lvbiI6IjAifQ=="
        },
        {
          "index_key": "919611311137.arn:aws:sso:::permissionSet/ssoins-6595b36b2cbf3a38/ps-d5ad2b5bea3e56c5.9f672ca174-19b663a1-8d0b-4f25-8caa-c97eb2f56487",
          "schema_version": 0,
          "attributes": {
            "id": "9f672ca174-19b663a1-8d0b-4f25-8caa-c97eb2f56487,USER,919611311137,AWS_ACCOUNT,arn:aws:sso:::permissionSet/ssoins-6595b36b2cbf3a38/ps-d5ad2b5bea3e56c5,arn:aws:sso:::instance/ssoins-6595b36b2cbf3a38",
            "instance_arn": "arn:aws:sso:::instance/ssoins-6595b36b2cbf3a38",
            "permission_set_arn": "arn:aws:sso:::permissionSet/ssoins-6595b36b2cbf3a38/ps-d5ad2b5bea3e56c5",
            "principal_id": "9f672ca174-19b663a1-8d0b-4f25-8caa-c97eb2f56487",
            "principal_type": "USER",
            "target_id": "919611311137",
            "target_type": "AWS_ACCOUNT"
          },
          "sensitive_attributes": [],
          "private": "eyJzY2hlbWFfdmVyc2lvbiI6IjAifQ=="
        },
        {
          "index_key": "919611311137.arn:aws:sso:::permissionSet/ssoins-6595b36b2cbf3a38/ps-d5ad2b5bea3e56c5.9f672ca174-29477237-329d-4685-b7a2-240cf6cf053c",
          "schema_version": 0,
          "attributes": {
            "id": "9f672ca174-29477237-329d-4685-b7a2-240cf6cf053c,USER,919611311137,AWS_ACCOUNT,arn:aws:sso:::permissionSet/ssoins-6595b36b2cbf3a38/ps-d5ad2b5bea3e56c5,arn:aws:sso:::instance/ssoins-6595b36b2cbf3a38",
            "instance_arn": "arn:aws:sso:::instance/ssoins-6595b36b2cbf3a38",
            "permission_set_arn": "arn:aws:sso:::permissionSet/ssoins-6595b36b2cbf3a38/ps-d5ad2b5bea3e56c5",
            "principal_id": "9f672ca174-29477237-329d-4685-b7a2-240cf6cf053c",
            "principal_type": "USER",
            "target_id": "919611311137",
            "target_type": "AWS_ACCOUNT"
          },
          "sensitive_attributes": [],
          "private": "eyJzY2hlbWFfdmVyc2lvbiI6IjAifQ=="
        },
        {
          "index_key": "919611311137.arn:aws:sso:::permissionSet/ssoins-6595b36b2cbf3a38/ps-d5ad2b5bea3e56c5.9f672ca174-fa10cd69-b13c-4d85-aa0b-dc07a8351a64",
          "schema_version": 0,
          "attributes": {
            "id": "9f672ca174-fa10cd69-b13c-4d85-aa0b-dc07a8351a64,USER,919611311137,AWS_ACCOUNT,arn:aws:sso:::permissionSet/ssoins-6595b36b2cbf3a38/ps-d5ad2b5bea3e56c5,arn:aws:sso:::instance/ssoins-6595b36b2cbf3a38",
            "instance_arn": "arn:aws:sso:::instance/ssoins-6595b36b2cbf3a38",
            "permission_set_arn": "arn:aws:sso:::permissionSet/ssoins-6595b36b2cbf3a38/ps-d5ad2b5bea3e56c5",
            "principal_id": "9f672ca174-fa10cd69-b13c-4d85-aa0b-dc07a8351a64",
            "principal_type": "USER",
            "target_id": "919611311137",
            "target_type": "AWS_ACCOUNT"
          },
          "sensitive_attributes": [],
          "private": "eyJzY2hlbWFfdmVyc2lvbiI6IjAifQ=="
        },
        {
          "index_key": "919611311137.arn:aws:sso:::permissionSet/ssoins-6595b36b2cbf3a38/ps-d5ad2b5bea3e56c5.e1233daa-1021-70f8-19fd-46fb5d1dfa11",
          "schema_version": 0,
          "attributes": {
            "id": "e1233daa-1021-70f8-19fd-46fb5d1dfa11,USER,919611311137,AWS_ACCOUNT,arn:aws:sso:::permissionSet/ssoins-6595b36b2cbf3a38/ps-d5ad2b5bea3e56c5,arn:aws:sso:::instance/ssoins-6595b36b2cbf3a38",
            "instance_arn": "arn:aws:sso:::instance/ssoins-6595b36b2cbf3a38",
            "permission_set_arn": "arn:aws:sso:::permissionSet/ssoins-6595b36b2cbf3a38/ps-d5ad2b5bea3e56c5",
            "principal_id": "e1233daa-1021-70f8-19fd-46fb5d1dfa11",
            "principal_type": "USER",
            "target_id": "919611311137",
            "target_type": "AWS_ACCOUNT"
          },
          "sensitive_attributes": [],
          "private": "eyJzY2hlbWFfdmVyc2lvbiI6IjAifQ=="
        },
        {
          "index_key": "994016948133.arn:aws:sso:::permissionSet/ssoins-6595b36b2cbf3a38/ps-1bcb52c69b3156ab.11a30d5a-50e1-70c7-f69d-823eb72b5d93",
          "schema_version": 0,
          "attributes": {
            "id": "11a30d5a-50e1-70c7-f69d-823eb72b5d93,USER,994016948133,AWS_ACCOUNT,arn:aws:sso:::permissionSet/ssoins-6595b36b2cbf3a38/ps-1bcb52c69b3156ab,arn:aws:sso:::instance/ssoins-6595b36b2cbf3a38",
            "instance_arn": "arn:aws:sso:::instance/ssoins-6595b36b2cbf3a38",
            "permission_set_arn": "arn:aws:sso:::permissionSet/ssoins-6595b36b2cbf3a38/ps-1bcb52c69b3156ab",
            "principal_id": "11a30d5a-50e1-70c7-f69d-823eb72b5d93",
            "principal_type": "USER",
            "target_id": "994016948133",
            "target_type": "AWS_ACCOUNT"
          },
          "sensitive_attributes": [],
          "private": "eyJzY2hlbWFfdmVyc2lvbiI6IjAifQ=="
        },
        {
          "index_key": "994016948133.arn:aws:sso:::permissionSet/ssoins-6595b36b2cbf3a38/ps-1bcb52c69b3156ab.9f672ca174-19b663a1-8d0b-4f25-8caa-c97eb2f56487",
          "schema_version": 0,
          "attributes": {
            "id": "9f672ca174-19b663a1-8d0b-4f25-8caa-c97eb2f56487,USER,994016948133,AWS_ACCOUNT,arn:aws:sso:::permissionSet/ssoins-6595b36b2cbf3a38/ps-1bcb52c69b3156ab,arn:aws:sso:::instance/ssoins-6595b36b2cbf3a38",
            "instance_arn": "arn:aws:sso:::instance/ssoins-6595b36b2cbf3a38",
            "permission_set_arn": "arn:aws:sso:::permissionSet/ssoins-6595b36b2cbf3a38/ps-1bcb52c69b3156ab",
            "principal_id": "9f672ca174-19b663a1-8d0b-4f25-8caa-c97eb2f56487",
            "principal_type": "USER",
            "target_id": "994016948133",
            "target_type": "AWS_ACCOUNT"
          },
          "sensitive_attributes": [],
          "private": "eyJzY2hlbWFfdmVyc2lvbiI6IjAifQ=="
        },
        {
          "index_key": "994016948133.arn:aws:sso:::permissionSet/ssoins-6595b36b2cbf3a38/ps-1bcb52c69b3156ab.9f672ca174-29477237-329d-4685-b7a2-240cf6cf053c",
          "schema_version": 0,
          "attributes": {
            "id": "9f672ca174-29477237-329d-4685-b7a2-240cf6cf053c,USER,994016948133,AWS_ACCOUNT,arn:aws:sso:::permissionSet/ssoins-6595b36b2cbf3a38/ps-1bcb52c69b3156ab,arn:aws:sso:::instance/ssoins-6595b36b2cbf3a38",
            "instance_arn": "arn:aws:sso:::instance/ssoins-6595b36b2cbf3a38",
            "permission_set_arn": "arn:aws:sso:::permissionSet/ssoins-6595b36b2cbf3a38/ps-1bcb52c69b3156ab",
            "principal_id": "9f672ca174-29477237-329d-4685-b7a2-240cf6cf053c",
            "principal_type": "USER",
            "target_id": "994016948133",
            "target_type": "AWS_ACCOUNT"
          },
          "sensitive_attributes": [],
          "private": "eyJzY2hlbWFfdmVyc2lvbiI6IjAifQ=="
        },
        {
          "index_key": "994016948133.arn:aws:sso:::permissionSet/ssoins-6595b36b2cbf3a38/ps-67965c146cd829af.9f672ca174-7115bcda-2be1-4ff0-be1e-fb27e4a5122c",
          "schema_version": 0,
          "attributes": {
            "id": "9f672ca174-7115bcda-2be1-4ff0-be1e-fb27e4a5122c,GROUP,994016948133,AWS_ACCOUNT,arn:aws:sso:::permissionSet/ssoins-6595b36b2cbf3a38/ps-67965c146cd829af,arn:aws:sso:::instance/ssoins-6595b36b2cbf3a38",
            "instance_arn": "arn:aws:sso:::instance/ssoins-6595b36b2cbf3a38",
            "permission_set_arn": "arn:aws:sso:::permissionSet/ssoins-6595b36b2cbf3a38/ps-67965c146cd829af",
            "principal_id": "9f672ca174-7115bcda-2be1-4ff0-be1e-fb27e4a5122c",
            "principal_type": "GROUP",
            "target_id": "994016948133",
            "target_type": "AWS_ACCOUNT"
          },
          "sensitive_attributes": [],
          "private": "eyJzY2hlbWFfdmVyc2lvbiI6IjAifQ=="
        },
        {
          "index_key": "994016948133.arn:aws:sso:::permissionSet/ssoins-6595b36b2cbf3a38/ps-70a667ecf55833b5.0183ddaa-f0d1-707f-3979-10583b8434e9",
          "schema_version": 0,
          "attributes": {
            "id": "0183ddaa-f0d1-707f-3979-10583b8434e9,USER,994016948133,AWS_ACCOUNT,arn:aws:sso:::permissionSet/ssoins-6595b36b2cbf3a38/ps-70a667ecf55833b5,arn:aws:sso:::instance/ssoins-6595b36b2cbf3a38",
            "instance_arn": "arn:aws:sso:::instance/ssoins-6595b36b2cbf3a38",
            "permission_set_arn": "arn:aws:sso:::permissionSet/ssoins-6595b36b2cbf3a38/ps-70a667ecf55833b5",
            "principal_id": "0183ddaa-f0d1-707f-3979-10583b8434e9",
            "principal_type": "USER",
            "target_id": "994016948133",
            "target_type": "AWS_ACCOUNT"
          },
          "sensitive_attributes": [],
          "private": "eyJzY2hlbWFfdmVyc2lvbiI6IjAifQ=="
        },
        {
          "index_key": "994016948133.arn:aws:sso:::permissionSet/ssoins-6595b36b2cbf3a38/ps-70a667ecf55833b5.01e3fdca-0081-70e8-d8ea-18fbcdd48b72",
          "schema_version": 0,
          "attributes": {
            "id": "01e3fdca-0081-70e8-d8ea-18fbcdd48b72,USER,994016948133,AWS_ACCOUNT,arn:aws:sso:::permissionSet/ssoins-6595b36b2cbf3a38/ps-70a667ecf55833b5,arn:aws:sso:::instance/ssoins-6595b36b2cbf3a38",
            "instance_arn": "arn:aws:sso:::instance/ssoins-6595b36b2cbf3a38",
            "permission_set_arn": "arn:aws:sso:::permissionSet/ssoins-6595b36b2cbf3a38/ps-70a667ecf55833b5",
            "principal_id": "01e3fdca-0081-70e8-d8ea-18fbcdd48b72",
            "principal_type": "USER",
            "target_id": "994016948133",
            "target_type": "AWS_ACCOUNT"
          },
          "sensitive_attributes": [],
          "private": "eyJzY2hlbWFfdmVyc2lvbiI6IjAifQ=="
        },
        {
          "index_key": "994016948133.arn:aws:sso:::permissionSet/ssoins-6595b36b2cbf3a38/ps-70a667ecf55833b5.11835d5a-e001-703a-142c-3ad38ebaf266",
          "schema_version": 0,
          "attributes": {
            "id": "11835d5a-e001-703a-142c-3ad38ebaf266,USER,994016948133,AWS_ACCOUNT,arn:aws:sso:::permissionSet/ssoins-6595b36b2cbf3a38/ps-70a667ecf55833b5,arn:aws:sso:::instance/ssoins-6595b36b2cbf3a38",
            "instance_arn": "arn:aws:sso:::instance/ssoins-6595b36b2cbf3a38",
            "permission_set_arn": "arn:aws:sso:::permissionSet/ssoins-6595b36b2cbf3a38/ps-70a667ecf55833b5",
            "principal_id": "11835d5a-e001-703a-142c-3ad38ebaf266",
            "principal_type": "USER",
            "target_id": "994016948133",
            "target_type": "AWS_ACCOUNT"
          },
          "sensitive_attributes": [],
          "private": "eyJzY2hlbWFfdmVyc2lvbiI6IjAifQ=="
        },
        {
          "index_key": "994016948133.arn:aws:sso:::permissionSet/ssoins-6595b36b2cbf3a38/ps-70a667ecf55833b5.31d33daa-50e1-7031-36e7-76ab31a931c3",
          "schema_version": 0,
          "attributes": {
            "id": "31d33daa-50e1-7031-36e7-76ab31a931c3,USER,994016948133,AWS_ACCOUNT,arn:aws:sso:::permissionSet/ssoins-6595b36b2cbf3a38/ps-70a667ecf55833b5,arn:aws:sso:::instance/ssoins-6595b36b2cbf3a38",
            "instance_arn": "arn:aws:sso:::instance/ssoins-6595b36b2cbf3a38",
            "permission_set_arn": "arn:aws:sso:::permissionSet/ssoins-6595b36b2cbf3a38/ps-70a667ecf55833b5",
            "principal_id": "31d33daa-50e1-7031-36e7-76ab31a931c3",
            "principal_type": "USER",
            "target_id": "994016948133",
            "target_type": "AWS_ACCOUNT"
          },
          "sensitive_attributes": [],
          "private": "eyJzY2hlbWFfdmVyc2lvbiI6IjAifQ=="
        },
        {
          "index_key": "994016948133.arn:aws:sso:::permissionSet/ssoins-6595b36b2cbf3a38/ps-70a667ecf55833b5.4163fdba-1081-7097-78b5-d1f333ad8709",
          "schema_version": 0,
          "attributes": {
            "id": "4163fdba-1081-7097-78b5-d1f333ad8709,USER,994016948133,AWS_ACCOUNT,arn:aws:sso:::permissionSet/ssoins-6595b36b2cbf3a38/ps-70a667ecf55833b5,arn:aws:sso:::instance/ssoins-6595b36b2cbf3a38",
            "instance_arn": "arn:aws:sso:::instance/ssoins-6595b36b2cbf3a38",
            "permission_set_arn": "arn:aws:sso:::permissionSet/ssoins-6595b36b2cbf3a38/ps-70a667ecf55833b5",
            "principal_id": "4163fdba-1081-7097-78b5-d1f333ad8709",
            "principal_type": "USER",
            "target_id": "994016948133",
            "target_type": "AWS_ACCOUNT"
          },
          "sensitive_attributes": [],
          "private": "eyJzY2hlbWFfdmVyc2lvbiI6IjAifQ=="
        },
        {
          "index_key": "994016948133.arn:aws:sso:::permissionSet/ssoins-6595b36b2cbf3a38/ps-70a667ecf55833b5.41931d3a-5061-701f-cb4b-4e77946c4350",
          "schema_version": 0,
          "attributes": {
            "id": "41931d3a-5061-701f-cb4b-4e77946c4350,USER,994016948133,AWS_ACCOUNT,arn:aws:sso:::permissionSet/ssoins-6595b36b2cbf3a38/ps-70a667ecf55833b5,arn:aws:sso:::instance/ssoins-6595b36b2cbf3a38",
            "instance_arn": "arn:aws:sso:::instance/ssoins-6595b36b2cbf3a38",
            "permission_set_arn": "arn:aws:sso:::permissionSet/ssoins-6595b36b2cbf3a38/ps-70a667ecf55833b5",
            "principal_id": "41931d3a-5061-701f-cb4b-4e77946c4350",
            "principal_type": "USER",
            "target_id": "994016948133",
            "target_type": "AWS_ACCOUNT"
          },
          "sensitive_attributes": [],
          "private": "eyJzY2hlbWFfdmVyc2lvbiI6IjAifQ=="
        },
        {
          "index_key": "994016948133.arn:aws:sso:::permissionSet/ssoins-6595b36b2cbf3a38/ps-70a667ecf55833b5.51036d0a-1011-7019-97b2-103f8cd7489a",
          "schema_version": 0,
          "attributes": {
            "id": "51036d0a-1011-7019-97b2-103f8cd7489a,USER,994016948133,AWS_ACCOUNT,arn:aws:sso:::permissionSet/ssoins-6595b36b2cbf3a38/ps-70a667ecf55833b5,arn:aws:sso:::instance/ssoins-6595b36b2cbf3a38",
            "instance_arn": "arn:aws:sso:::instance/ssoins-6595b36b2cbf3a38",
            "permission_set_arn": "arn:aws:sso:::permissionSet/ssoins-6595b36b2cbf3a38/ps-70a667ecf55833b5",
            "principal_id": "51036d0a-1011-7019-97b2-103f8cd7489a",
            "principal_type": "USER",
            "target_id": "994016948133",
            "target_type": "AWS_ACCOUNT"
          },
          "sensitive_attributes": [],
          "private": "eyJzY2hlbWFfdmVyc2lvbiI6IjAifQ=="
        },
        {
          "index_key": "994016948133.arn:aws:sso:::permissionSet/ssoins-6595b36b2cbf3a38/ps-70a667ecf55833b5.51831d3a-00f1-7080-eee2-a466fde7cc9e",
          "schema_version": 0,
          "attributes": {
            "id": "51831d3a-00f1-7080-eee2-a466fde7cc9e,USER,994016948133,AWS_ACCOUNT,arn:aws:sso:::permissionSet/ssoins-6595b36b2cbf3a38/ps-70a667ecf55833b5,arn:aws:sso:::instance/ssoins-6595b36b2cbf3a38",
            "instance_arn": "arn:aws:sso:::instance/ssoins-6595b36b2cbf3a38",
            "permission_set_arn": "arn:aws:sso:::permissionSet/ssoins-6595b36b2cbf3a38/ps-70a667ecf55833b5",
            "principal_id": "51831d3a-00f1-7080-eee2-a466fde7cc9e",
            "principal_type": "USER",
            "target_id": "994016948133",
            "target_type": "AWS_ACCOUNT"
          },
          "sensitive_attributes": [],
          "private": "eyJzY2hlbWFfdmVyc2lvbiI6IjAifQ=="
        },
        {
          "index_key": "994016948133.arn:aws:sso:::permissionSet/ssoins-6595b36b2cbf3a38/ps-70a667ecf55833b5.51b3bdaa-e071-70b5-e91a-5357673b14c2",
          "schema_version": 0,
          "attributes": {
            "id": "51b3bdaa-e071-70b5-e91a-5357673b14c2,USER,994016948133,AWS_ACCOUNT,arn:aws:sso:::permissionSet/ssoins-6595b36b2cbf3a38/ps-70a667ecf55833b5,arn:aws:sso:::instance/ssoins-6595b36b2cbf3a38",
            "instance_arn": "arn:aws:sso:::instance/ssoins-6595b36b2cbf3a38",
            "permission_set_arn": "arn:aws:sso:::permissionSet/ssoins-6595b36b2cbf3a38/ps-70a667ecf55833b5",
            "principal_id": "51b3bdaa-e071-70b5-e91a-5357673b14c2",
            "principal_type": "USER",
            "target_id": "994016948133",
            "target_type": "AWS_ACCOUNT"
          },
          "sensitive_attributes": [],
          "private": "eyJzY2hlbWFfdmVyc2lvbiI6IjAifQ=="
        },
        {
          "index_key": "994016948133.arn:aws:sso:::permissionSet/ssoins-6595b36b2cbf3a38/ps-70a667ecf55833b5.61639dda-90a1-7052-6152-9a0a00dc9491",
          "schema_version": 0,
          "attributes": {
            "id": "61639dda-90a1-7052-6152-9a0a00dc9491,USER,994016948133,AWS_ACCOUNT,arn:aws:sso:::permissionSet/ssoins-6595b36b2cbf3a38/ps-70a667ecf55833b5,arn:aws:sso:::instance/ssoins-6595b36b2cbf3a38",
            "instance_arn": "arn:aws:sso:::instance/ssoins-6595b36b2cbf3a38",
            "permission_set_arn": "arn:aws:sso:::permissionSet/ssoins-6595b36b2cbf3a38/ps-70a667ecf55833b5",
            "principal_id": "61639dda-90a1-7052-6152-9a0a00dc9491",
            "principal_type": "USER",
            "target_id": "994016948133",
            "target_type": "AWS_ACCOUNT"
          },
          "sensitive_attributes": [],
          "private": "eyJzY2hlbWFfdmVyc2lvbiI6IjAifQ=="
        },
        {
          "index_key": "994016948133.arn:aws:sso:::permissionSet/ssoins-6595b36b2cbf3a38/ps-70a667ecf55833b5.6173ad4a-c0f1-7017-e99d-9a457713a847",
          "schema_version": 0,
          "attributes": {
            "id": "6173ad4a-c0f1-7017-e99d-9a457713a847,USER,994016948133,AWS_ACCOUNT,arn:aws:sso:::permissionSet/ssoins-6595b36b2cbf3a38/ps-70a667ecf55833b5,arn:aws:sso:::instance/ssoins-6595b36b2cbf3a38",
            "instance_arn": "arn:aws:sso:::instance/ssoins-6595b36b2cbf3a38",
            "permission_set_arn": "arn:aws:sso:::permissionSet/ssoins-6595b36b2cbf3a38/ps-70a667ecf55833b5",
            "principal_id": "6173ad4a-c0f1-7017-e99d-9a457713a847",
            "principal_type": "USER",
            "target_id": "994016948133",
            "target_type": "AWS_ACCOUNT"
          },
          "sensitive_attributes": [],
          "private": "eyJzY2hlbWFfdmVyc2lvbiI6IjAifQ=="
        },
        {
          "index_key": "994016948133.arn:aws:sso:::permissionSet/ssoins-6595b36b2cbf3a38/ps-70a667ecf55833b5.61b3bdfa-6011-70c4-4157-3946a8a2ad90",
          "schema_version": 0,
          "attributes": {
            "id": "61b3bdfa-6011-70c4-4157-3946a8a2ad90,USER,994016948133,AWS_ACCOUNT,arn:aws:sso:::permissionSet/ssoins-6595b36b2cbf3a38/ps-70a667ecf55833b5,arn:aws:sso:::instance/ssoins-6595b36b2cbf3a38",
            "instance_arn": "arn:aws:sso:::instance/ssoins-6595b36b2cbf3a38",
            "permission_set_arn": "arn:aws:sso:::permissionSet/ssoins-6595b36b2cbf3a38/ps-70a667ecf55833b5",
            "principal_id": "61b3bdfa-6011-70c4-4157-3946a8a2ad90",
            "principal_type": "USER",
            "target_id": "994016948133",
            "target_type": "AWS_ACCOUNT"
          },
          "sensitive_attributes": [],
          "private": "eyJzY2hlbWFfdmVyc2lvbiI6IjAifQ=="
        },
        {
          "index_key": "994016948133.arn:aws:sso:::permissionSet/ssoins-6595b36b2cbf3a38/ps-70a667ecf55833b5.71434d8a-d051-7038-eef5-4aba78513f92",
          "schema_version": 0,
          "attributes": {
            "id": "71434d8a-d051-7038-eef5-4aba78513f92,USER,994016948133,AWS_ACCOUNT,arn:aws:sso:::permissionSet/ssoins-6595b36b2cbf3a38/ps-70a667ecf55833b5,arn:aws:sso:::instance/ssoins-6595b36b2cbf3a38",
            "instance_arn": "arn:aws:sso:::instance/ssoins-6595b36b2cbf3a38",
            "permission_set_arn": "arn:aws:sso:::permissionSet/ssoins-6595b36b2cbf3a38/ps-70a667ecf55833b5",
            "principal_id": "71434d8a-d051-7038-eef5-4aba78513f92",
            "principal_type": "USER",
            "target_id": "994016948133",
            "target_type": "AWS_ACCOUNT"
          },
          "sensitive_attributes": [],
          "private": "eyJzY2hlbWFfdmVyc2lvbiI6IjAifQ=="
        },
        {
          "index_key": "994016948133.arn:aws:sso:::permissionSet/ssoins-6595b36b2cbf3a38/ps-70a667ecf55833b5.71535d5a-f011-7096-634d-d2763f819680",
          "schema_version": 0,
          "attributes": {
            "id": "71535d5a-f011-7096-634d-d2763f819680,USER,994016948133,AWS_ACCOUNT,arn:aws:sso:::permissionSet/ssoins-6595b36b2cbf3a38/ps-70a667ecf55833b5,arn:aws:sso:::instance/ssoins-6595b36b2cbf3a38",
            "instance_arn": "arn:aws:sso:::instance/ssoins-6595b36b2cbf3a38",
            "permission_set_arn": "arn:aws:sso:::permissionSet/ssoins-6595b36b2cbf3a38/ps-70a667ecf55833b5",
            "principal_id": "71535d5a-f011-7096-634d-d2763f819680",
            "principal_type": "USER",
            "target_id": "994016948133",
            "target_type": "AWS_ACCOUNT"
          },
          "sensitive_attributes": [],
          "private": "eyJzY2hlbWFfdmVyc2lvbiI6IjAifQ=="
        },
        {
          "index_key": "994016948133.arn:aws:sso:::permissionSet/ssoins-6595b36b2cbf3a38/ps-70a667ecf55833b5.71535d5a-f031-7030-ca5d-9980ca53af95",
          "schema_version": 0,
          "attributes": {
            "id": "71535d5a-f031-7030-ca5d-9980ca53af95,USER,994016948133,AWS_ACCOUNT,arn:aws:sso:::permissionSet/ssoins-6595b36b2cbf3a38/ps-70a667ecf55833b5,arn:aws:sso:::instance/ssoins-6595b36b2cbf3a38",
            "instance_arn": "arn:aws:sso:::instance/ssoins-6595b36b2cbf3a38",
            "permission_set_arn": "arn:aws:sso:::permissionSet/ssoins-6595b36b2cbf3a38/ps-70a667ecf55833b5",
            "principal_id": "71535d5a-f031-7030-ca5d-9980ca53af95",
            "principal_type": "USER",
            "target_id": "994016948133",
            "target_type": "AWS_ACCOUNT"
          },
          "sensitive_attributes": [],
          "private": "eyJzY2hlbWFfdmVyc2lvbiI6IjAifQ=="
        },
        {
          "index_key": "994016948133.arn:aws:sso:::permissionSet/ssoins-6595b36b2cbf3a38/ps-70a667ecf55833b5.81334d4a-f091-702e-ca38-94204c02d77d",
          "schema_version": 0,
          "attributes": {
            "id": "81334d4a-f091-702e-ca38-94204c02d77d,USER,994016948133,AWS_ACCOUNT,arn:aws:sso:::permissionSet/ssoins-6595b36b2cbf3a38/ps-70a667ecf55833b5,arn:aws:sso:::instance/ssoins-6595b36b2cbf3a38",
            "instance_arn": "arn:aws:sso:::instance/ssoins-6595b36b2cbf3a38",
            "permission_set_arn": "arn:aws:sso:::permissionSet/ssoins-6595b36b2cbf3a38/ps-70a667ecf55833b5",
            "principal_id": "81334d4a-f091-702e-ca38-94204c02d77d",
            "principal_type": "USER",
            "target_id": "994016948133",
            "target_type": "AWS_ACCOUNT"
          },
          "sensitive_attributes": [],
          "private": "eyJzY2hlbWFfdmVyc2lvbiI6IjAifQ=="
        },
        {
          "index_key": "994016948133.arn:aws:sso:::permissionSet/ssoins-6595b36b2cbf3a38/ps-70a667ecf55833b5.9143bd6a-0091-70bf-d328-93d25393751e",
          "schema_version": 0,
          "attributes": {
            "id": "9143bd6a-0091-70bf-d328-93d25393751e,USER,994016948133,AWS_ACCOUNT,arn:aws:sso:::permissionSet/ssoins-6595b36b2cbf3a38/ps-70a667ecf55833b5,arn:aws:sso:::instance/ssoins-6595b36b2cbf3a38",
            "instance_arn": "arn:aws:sso:::instance/ssoins-6595b36b2cbf3a38",
            "permission_set_arn": "arn:aws:sso:::permissionSet/ssoins-6595b36b2cbf3a38/ps-70a667ecf55833b5",
            "principal_id": "9143bd6a-0091-70bf-d328-93d25393751e",
            "principal_type": "USER",
            "target_id": "994016948133",
            "target_type": "AWS_ACCOUNT"
          },
          "sensitive_attributes": [],
          "private": "eyJzY2hlbWFfdmVyc2lvbiI6IjAifQ=="
        },
        {
          "index_key": "994016948133.arn:aws:sso:::permissionSet/ssoins-6595b36b2cbf3a38/ps-70a667ecf55833b5.9f672ca174-059e2d28-7d3d-4355-bea8-d8842563877a",
          "schema_version": 0,
          "attributes": {
            "id": "9f672ca174-059e2d28-7d3d-4355-bea8-d8842563877a,USER,994016948133,AWS_ACCOUNT,arn:aws:sso:::permissionSet/ssoins-6595b36b2cbf3a38/ps-70a667ecf55833b5,arn:aws:sso:::instance/ssoins-6595b36b2cbf3a38",
            "instance_arn": "arn:aws:sso:::instance/ssoins-6595b36b2cbf3a38",
            "permission_set_arn": "arn:aws:sso:::permissionSet/ssoins-6595b36b2cbf3a38/ps-70a667ecf55833b5",
            "principal_id": "9f672ca174-059e2d28-7d3d-4355-bea8-d8842563877a",
            "principal_type": "USER",
            "target_id": "994016948133",
            "target_type": "AWS_ACCOUNT"
          },
          "sensitive_attributes": [],
          "private": "eyJzY2hlbWFfdmVyc2lvbiI6IjAifQ=="
        },
        {
          "index_key": "994016948133.arn:aws:sso:::permissionSet/ssoins-6595b36b2cbf3a38/ps-70a667ecf55833b5.9f672ca174-19b663a1-8d0b-4f25-8caa-c97eb2f56487",
          "schema_version": 0,
          "attributes": {
            "id": "9f672ca174-19b663a1-8d0b-4f25-8caa-c97eb2f56487,USER,994016948133,AWS_ACCOUNT,arn:aws:sso:::permissionSet/ssoins-6595b36b2cbf3a38/ps-70a667ecf55833b5,arn:aws:sso:::instance/ssoins-6595b36b2cbf3a38",
            "instance_arn": "arn:aws:sso:::instance/ssoins-6595b36b2cbf3a38",
            "permission_set_arn": "arn:aws:sso:::permissionSet/ssoins-6595b36b2cbf3a38/ps-70a667ecf55833b5",
            "principal_id": "9f672ca174-19b663a1-8d0b-4f25-8caa-c97eb2f56487",
            "principal_type": "USER",
            "target_id": "994016948133",
            "target_type": "AWS_ACCOUNT"
          },
          "sensitive_attributes": [],
          "private": "eyJzY2hlbWFfdmVyc2lvbiI6IjAifQ=="
        },
        {
          "index_key": "994016948133.arn:aws:sso:::permissionSet/ssoins-6595b36b2cbf3a38/ps-70a667ecf55833b5.9f672ca174-e361c028-2480-478d-a0ac-0ff9f3b2e9d0",
          "schema_version": 0,
          "attributes": {
            "id": "9f672ca174-e361c028-2480-478d-a0ac-0ff9f3b2e9d0,GROUP,994016948133,AWS_ACCOUNT,arn:aws:sso:::permissionSet/ssoins-6595b36b2cbf3a38/ps-70a667ecf55833b5,arn:aws:sso:::instance/ssoins-6595b36b2cbf3a38",
            "instance_arn": "arn:aws:sso:::instance/ssoins-6595b36b2cbf3a38",
            "permission_set_arn": "arn:aws:sso:::permissionSet/ssoins-6595b36b2cbf3a38/ps-70a667ecf55833b5",
            "principal_id": "9f672ca174-e361c028-2480-478d-a0ac-0ff9f3b2e9d0",
            "principal_type": "GROUP",
            "target_id": "994016948133",
            "target_type": "AWS_ACCOUNT"
          },
          "sensitive_attributes": [],
          "private": "eyJzY2hlbWFfdmVyc2lvbiI6IjAifQ=="
        },
        {
          "index_key": "994016948133.arn:aws:sso:::permissionSet/ssoins-6595b36b2cbf3a38/ps-70a667ecf55833b5.a133adea-a0d1-70e1-ac70-57bf858255dc",
          "schema_version": 0,
          "attributes": {
            "id": "a133adea-a0d1-70e1-ac70-57bf858255dc,USER,994016948133,AWS_ACCOUNT,arn:aws:sso:::permissionSet/ssoins-6595b36b2cbf3a38/ps-70a667ecf55833b5,arn:aws:sso:::instance/ssoins-6595b36b2cbf3a38",
            "instance_arn": "arn:aws:sso:::instance/ssoins-6595b36b2cbf3a38",
            "permission_set_arn": "arn:aws:sso:::permissionSet/ssoins-6595b36b2cbf3a38/ps-70a667ecf55833b5",
            "principal_id": "a133adea-a0d1-70e1-ac70-57bf858255dc",
            "principal_type": "USER",
            "target_id": "994016948133",
            "target_type": "AWS_ACCOUNT"
          },
          "sensitive_attributes": [],
          "private": "eyJzY2hlbWFfdmVyc2lvbiI6IjAifQ=="
        },
        {
          "index_key": "994016948133.arn:aws:sso:::permissionSet/ssoins-6595b36b2cbf3a38/ps-70a667ecf55833b5.a1b35dfa-a011-70b1-7c28-f31dde28030d",
          "schema_version": 0,
          "attributes": {
            "id": "a1b35dfa-a011-70b1-7c28-f31dde28030d,USER,994016948133,AWS_ACCOUNT,arn:aws:sso:::permissionSet/ssoins-6595b36b2cbf3a38/ps-70a667ecf55833b5,arn:aws:sso:::instance/ssoins-6595b36b2cbf3a38",
            "instance_arn": "arn:aws:sso:::instance/ssoins-6595b36b2cbf3a38",
            "permission_set_arn": "arn:aws:sso:::permissionSet/ssoins-6595b36b2cbf3a38/ps-70a667ecf55833b5",
            "principal_id": "a1b35dfa-a011-70b1-7c28-f31dde28030d",
            "principal_type": "USER",
            "target_id": "994016948133",
            "target_type": "AWS_ACCOUNT"
          },
          "sensitive_attributes": [],
          "private": "eyJzY2hlbWFfdmVyc2lvbiI6IjAifQ=="
        },
        {
          "index_key": "994016948133.arn:aws:sso:::permissionSet/ssoins-6595b36b2cbf3a38/ps-70a667ecf55833b5.c1537d3a-20d1-7060-23b0-5357edcb1cd5",
          "schema_version": 0,
          "attributes": {
            "id": "c1537d3a-20d1-7060-23b0-5357edcb1cd5,USER,994016948133,AWS_ACCOUNT,arn:aws:sso:::permissionSet/ssoins-6595b36b2cbf3a38/ps-70a667ecf55833b5,arn:aws:sso:::instance/ssoins-6595b36b2cbf3a38",
            "instance_arn": "arn:aws:sso:::instance/ssoins-6595b36b2cbf3a38",
            "permission_set_arn": "arn:aws:sso:::permissionSet/ssoins-6595b36b2cbf3a38/ps-70a667ecf55833b5",
            "principal_id": "c1537d3a-20d1-7060-23b0-5357edcb1cd5",
            "principal_type": "USER",
            "target_id": "994016948133",
            "target_type": "AWS_ACCOUNT"
          },
          "sensitive_attributes": [],
          "private": "eyJzY2hlbWFfdmVyc2lvbiI6IjAifQ=="
        },
        {
          "index_key": "994016948133.arn:aws:sso:::permissionSet/ssoins-6595b36b2cbf3a38/ps-70a667ecf55833b5.f1f30d7a-8001-70e3-88ef-6bf7ff286836",
          "schema_version": 0,
          "attributes": {
            "id": "f1f30d7a-8001-70e3-88ef-6bf7ff286836,USER,994016948133,AWS_ACCOUNT,arn:aws:sso:::permissionSet/ssoins-6595b36b2cbf3a38/ps-70a667ecf55833b5,arn:aws:sso:::instance/ssoins-6595b36b2cbf3a38",
            "instance_arn": "arn:aws:sso:::instance/ssoins-6595b36b2cbf3a38",
            "permission_set_arn": "arn:aws:sso:::permissionSet/ssoins-6595b36b2cbf3a38/ps-70a667ecf55833b5",
            "principal_id": "f1f30d7a-8001-70e3-88ef-6bf7ff286836",
            "principal_type": "USER",
            "target_id": "994016948133",
            "target_type": "AWS_ACCOUNT"
          },
          "sensitive_attributes": [],
          "private": "eyJzY2hlbWFfdmVyc2lvbiI6IjAifQ=="
        },
        {
          "index_key": "994016948133.arn:aws:sso:::permissionSet/ssoins-6595b36b2cbf3a38/ps-77edb944b69dc8aa.9f672ca174-fd81864c-5927-4bab-a2ef-0bb01d176f07",
          "schema_version": 0,
          "attributes": {
            "id": "9f672ca174-fd81864c-5927-4bab-a2ef-0bb01d176f07,GROUP,994016948133,AWS_ACCOUNT,arn:aws:sso:::permissionSet/ssoins-6595b36b2cbf3a38/ps-77edb944b69dc8aa,arn:aws:sso:::instance/ssoins-6595b36b2cbf3a38",
            "instance_arn": "arn:aws:sso:::instance/ssoins-6595b36b2cbf3a38",
            "permission_set_arn": "arn:aws:sso:::permissionSet/ssoins-6595b36b2cbf3a38/ps-77edb944b69dc8aa",
            "principal_id": "9f672ca174-fd81864c-5927-4bab-a2ef-0bb01d176f07",
            "principal_type": "GROUP",
            "target_id": "994016948133",
            "target_type": "AWS_ACCOUNT"
          },
          "sensitive_attributes": [],
          "private": "eyJzY2hlbWFfdmVyc2lvbiI6IjAifQ=="
        },
        {
          "index_key": "994016948133.arn:aws:sso:::permissionSet/ssoins-6595b36b2cbf3a38/ps-d5ad2b5bea3e56c5.41f30d3a-80a1-7051-a5ab-26788c11c5b0",
          "schema_version": 0,
          "attributes": {
            "id": "41f30d3a-80a1-7051-a5ab-26788c11c5b0,USER,994016948133,AWS_ACCOUNT,arn:aws:sso:::permissionSet/ssoins-6595b36b2cbf3a38/ps-d5ad2b5bea3e56c5,arn:aws:sso:::instance/ssoins-6595b36b2cbf3a38",
            "instance_arn": "arn:aws:sso:::instance/ssoins-6595b36b2cbf3a38",
            "permission_set_arn": "arn:aws:sso:::permissionSet/ssoins-6595b36b2cbf3a38/ps-d5ad2b5bea3e56c5",
            "principal_id": "41f30d3a-80a1-7051-a5ab-26788c11c5b0",
            "principal_type": "USER",
            "target_id": "994016948133",
            "target_type": "AWS_ACCOUNT"
          },
          "sensitive_attributes": [],
          "private": "eyJzY2hlbWFfdmVyc2lvbiI6IjAifQ=="
        },
        {
          "index_key": "994016948133.arn:aws:sso:::permissionSet/ssoins-6595b36b2cbf3a38/ps-d5ad2b5bea3e56c5.9f672ca174-19b663a1-8d0b-4f25-8caa-c97eb2f56487",
          "schema_version": 0,
          "attributes": {
            "id": "9f672ca174-19b663a1-8d0b-4f25-8caa-c97eb2f56487,USER,994016948133,AWS_ACCOUNT,arn:aws:sso:::permissionSet/ssoins-6595b36b2cbf3a38/ps-d5ad2b5bea3e56c5,arn:aws:sso:::instance/ssoins-6595b36b2cbf3a38",
            "instance_arn": "arn:aws:sso:::instance/ssoins-6595b36b2cbf3a38",
            "permission_set_arn": "arn:aws:sso:::permissionSet/ssoins-6595b36b2cbf3a38/ps-d5ad2b5bea3e56c5",
            "principal_id": "9f672ca174-19b663a1-8d0b-4f25-8caa-c97eb2f56487",
            "principal_type": "USER",
            "target_id": "994016948133",
            "target_type": "AWS_ACCOUNT"
          },
          "sensitive_attributes": [],
          "private": "eyJzY2hlbWFfdmVyc2lvbiI6IjAifQ=="
        },
        {
          "index_key": "994016948133.arn:aws:sso:::permissionSet/ssoins-6595b36b2cbf3a38/ps-d5ad2b5bea3e56c5.9f672ca174-fa10cd69-b13c-4d85-aa0b-dc07a8351a64",
          "schema_version": 0,
          "attributes": {
            "id": "9f672ca174-fa10cd69-b13c-4d85-aa0b-dc07a8351a64,USER,994016948133,AWS_ACCOUNT,arn:aws:sso:::permissionSet/ssoins-6595b36b2cbf3a38/ps-d5ad2b5bea3e56c5,arn:aws:sso:::instance/ssoins-6595b36b2cbf3a38",
            "instance_arn": "arn:aws:sso:::instance/ssoins-6595b36b2cbf3a38",
            "permission_set_arn": "arn:aws:sso:::permissionSet/ssoins-6595b36b2cbf3a38/ps-d5ad2b5bea3e56c5",
            "principal_id": "9f672ca174-fa10cd69-b13c-4d85-aa0b-dc07a8351a64",
            "principal_type": "USER",
            "target_id": "994016948133",
            "target_type": "AWS_ACCOUNT"
          },
          "sensitive_attributes": [],
          "private": "eyJzY2hlbWFfdmVyc2lvbiI6IjAifQ=="
        },
        {
          "index_key": "994016948133.arn:aws:sso:::permissionSet/ssoins-6595b36b2cbf3a38/ps-d5ad2b5bea3e56c5.d1f36d4a-2091-70e2-0911-bfdc961b1495",
          "schema_version": 0,
          "attributes": {
            "id": "d1f36d4a-2091-70e2-0911-bfdc961b1495,USER,994016948133,AWS_ACCOUNT,arn:aws:sso:::permissionSet/ssoins-6595b36b2cbf3a38/ps-d5ad2b5bea3e56c5,arn:aws:sso:::instance/ssoins-6595b36b2cbf3a38",
            "instance_arn": "arn:aws:sso:::instance/ssoins-6595b36b2cbf3a38",
            "permission_set_arn": "arn:aws:sso:::permissionSet/ssoins-6595b36b2cbf3a38/ps-d5ad2b5bea3e56c5",
            "principal_id": "d1f36d4a-2091-70e2-0911-bfdc961b1495",
            "principal_type": "USER",
            "target_id": "994016948133",
            "target_type": "AWS_ACCOUNT"
          },
          "sensitive_attributes": [],
          "private": "eyJzY2hlbWFfdmVyc2lvbiI6IjAifQ=="
        },
        {
          "index_key": "994016948133.arn:aws:sso:::permissionSet/ssoins-6595b36b2cbf3a38/ps-d5ad2b5bea3e56c5.f1f30d7a-8001-70e3-88ef-6bf7ff286836",
          "schema_version": 0,
          "attributes": {
            "id": "f1f30d7a-8001-70e3-88ef-6bf7ff286836,USER,994016948133,AWS_ACCOUNT,arn:aws:sso:::permissionSet/ssoins-6595b36b2cbf3a38/ps-d5ad2b5bea3e56c5,arn:aws:sso:::instance/ssoins-6595b36b2cbf3a38",
            "instance_arn": "arn:aws:sso:::instance/ssoins-6595b36b2cbf3a38",
            "permission_set_arn": "arn:aws:sso:::permissionSet/ssoins-6595b36b2cbf3a38/ps-d5ad2b5bea3e56c5",
            "principal_id": "f1f30d7a-8001-70e3-88ef-6bf7ff286836",
            "principal_type": "USER",
            "target_id": "994016948133",
            "target_type": "AWS_ACCOUNT"
          },
          "sensitive_attributes": [],
          "private": "eyJzY2hlbWFfdmVyc2lvbiI6IjAifQ=="
        }
      ]
    },
    {
      "mode": "managed",
      "type": "aws_ssoadmin_customer_managed_policy_attachment",
      "name": "this",
      "provider": "provider[\"registry.terraform.io/hashicorp/aws\"]",
      "instances": []
    },
    {
      "mode": "managed",
      "type": "aws_ssoadmin_managed_policy_attachment",
      "name": "this",
      "provider": "provider[\"registry.terraform.io/hashicorp/aws\"]",
      "instances": [
        {
          "index_key": "AWSAdministratorAccess.arn:aws:iam::aws:policy/AdministratorAccess",
          "schema_version": 0,
          "attributes": {
            "id": "arn:aws:iam::aws:policy/AdministratorAccess,arn:aws:sso:::permissionSet/ssoins-6595b36b2cbf3a38/ps-1bcb52c69b3156ab,arn:aws:sso:::instance/ssoins-6595b36b2cbf3a38",
            "instance_arn": "arn:aws:sso:::instance/ssoins-6595b36b2cbf3a38",
            "managed_policy_arn": "arn:aws:iam::aws:policy/AdministratorAccess",
            "managed_policy_name": "AdministratorAccess",
            "permission_set_arn": "arn:aws:sso:::permissionSet/ssoins-6595b36b2cbf3a38/ps-1bcb52c69b3156ab"
          },
          "sensitive_attributes": [],
          "private": "eyJzY2hlbWFfdmVyc2lvbiI6IjAifQ=="
        },
        {
          "index_key": "AWSAdministratorAccess.arn:aws:iam::aws:policy/job-function/Billing",
          "schema_version": 0,
          "attributes": {
            "id": "arn:aws:iam::aws:policy/job-function/Billing,arn:aws:sso:::permissionSet/ssoins-6595b36b2cbf3a38/ps-1bcb52c69b3156ab,arn:aws:sso:::instance/ssoins-6595b36b2cbf3a38",
            "instance_arn": "arn:aws:sso:::instance/ssoins-6595b36b2cbf3a38",
            "managed_policy_arn": "arn:aws:iam::aws:policy/job-function/Billing",
            "managed_policy_name": "Billing",
            "permission_set_arn": "arn:aws:sso:::permissionSet/ssoins-6595b36b2cbf3a38/ps-1bcb52c69b3156ab"
          },
          "sensitive_attributes": [],
          "private": "eyJzY2hlbWFfdmVyc2lvbiI6IjAifQ=="
        },
        {
          "index_key": "AWSOrganizationsFullAccess.arn:aws:iam::aws:policy/AWSOrganizationsFullAccess",
          "schema_version": 0,
          "attributes": {
            "id": "arn:aws:iam::aws:policy/AWSOrganizationsFullAccess,arn:aws:sso:::permissionSet/ssoins-6595b36b2cbf3a38/ps-77edb944b69dc8aa,arn:aws:sso:::instance/ssoins-6595b36b2cbf3a38",
            "instance_arn": "arn:aws:sso:::instance/ssoins-6595b36b2cbf3a38",
            "managed_policy_arn": "arn:aws:iam::aws:policy/AWSOrganizationsFullAccess",
            "managed_policy_name": "AWSOrganizationsFullAccess",
            "permission_set_arn": "arn:aws:sso:::permissionSet/ssoins-6595b36b2cbf3a38/ps-77edb944b69dc8aa"
          },
          "sensitive_attributes": [],
          "private": "eyJzY2hlbWFfdmVyc2lvbiI6IjAifQ=="
        },
        {
          "index_key": "AWSPowerUserAccess.arn:aws:iam::aws:policy/IAMFullAccess",
          "schema_version": 0,
          "attributes": {
            "id": "arn:aws:iam::aws:policy/IAMFullAccess,arn:aws:sso:::permissionSet/ssoins-6595b36b2cbf3a38/ps-70a667ecf55833b5,arn:aws:sso:::instance/ssoins-6595b36b2cbf3a38",
            "instance_arn": "arn:aws:sso:::instance/ssoins-6595b36b2cbf3a38",
            "managed_policy_arn": "arn:aws:iam::aws:policy/IAMFullAccess",
            "managed_policy_name": "IAMFullAccess",
            "permission_set_arn": "arn:aws:sso:::permissionSet/ssoins-6595b36b2cbf3a38/ps-70a667ecf55833b5"
          },
          "sensitive_attributes": [],
          "private": "eyJzY2hlbWFfdmVyc2lvbiI6IjAifQ=="
        },
        {
          "index_key": "AWSPowerUserAccess.arn:aws:iam::aws:policy/PowerUserAccess",
          "schema_version": 0,
          "attributes": {
            "id": "arn:aws:iam::aws:policy/PowerUserAccess,arn:aws:sso:::permissionSet/ssoins-6595b36b2cbf3a38/ps-70a667ecf55833b5,arn:aws:sso:::instance/ssoins-6595b36b2cbf3a38",
            "instance_arn": "arn:aws:sso:::instance/ssoins-6595b36b2cbf3a38",
            "managed_policy_arn": "arn:aws:iam::aws:policy/PowerUserAccess",
            "managed_policy_name": "PowerUserAccess",
            "permission_set_arn": "arn:aws:sso:::permissionSet/ssoins-6595b36b2cbf3a38/ps-70a667ecf55833b5"
          },
          "sensitive_attributes": [],
          "private": "eyJzY2hlbWFfdmVyc2lvbiI6IjAifQ=="
        },
        {
          "index_key": "AWSReadOnlyAccess.arn:aws:iam::aws:policy/job-function/ViewOnlyAccess",
          "schema_version": 0,
          "attributes": {
            "id": "arn:aws:iam::aws:policy/job-function/ViewOnlyAccess,arn:aws:sso:::permissionSet/ssoins-6595b36b2cbf3a38/ps-67965c146cd829af,arn:aws:sso:::instance/ssoins-6595b36b2cbf3a38",
            "instance_arn": "arn:aws:sso:::instance/ssoins-6595b36b2cbf3a38",
            "managed_policy_arn": "arn:aws:iam::aws:policy/job-function/ViewOnlyAccess",
            "managed_policy_name": "ViewOnlyAccess",
            "permission_set_arn": "arn:aws:sso:::permissionSet/ssoins-6595b36b2cbf3a38/ps-67965c146cd829af"
          },
          "sensitive_attributes": [],
          "private": "eyJzY2hlbWFfdmVyc2lvbiI6IjAifQ=="
        },
        {
          "index_key": "AWSServiceCatalogAdminFullAccess.arn:aws:iam::aws:policy/AWSServiceCatalogAdminFullAccess",
          "schema_version": 0,
          "attributes": {
            "id": "arn:aws:iam::aws:policy/AWSServiceCatalogAdminFullAccess,arn:aws:sso:::permissionSet/ssoins-6595b36b2cbf3a38/ps-3bf37f1ab4317f9d,arn:aws:sso:::instance/ssoins-6595b36b2cbf3a38",
            "instance_arn": "arn:aws:sso:::instance/ssoins-6595b36b2cbf3a38",
            "managed_policy_arn": "arn:aws:iam::aws:policy/AWSServiceCatalogAdminFullAccess",
            "managed_policy_name": "AWSServiceCatalogAdminFullAccess",
            "permission_set_arn": "arn:aws:sso:::permissionSet/ssoins-6595b36b2cbf3a38/ps-3bf37f1ab4317f9d"
          },
          "sensitive_attributes": [],
          "private": "eyJzY2hlbWFfdmVyc2lvbiI6IjAifQ=="
        },
        {
          "index_key": "AWSServiceCatalogEndUserAccess.arn:aws:iam::aws:policy/AWSServiceCatalogEndUserFullAccess",
          "schema_version": 0,
          "attributes": {
            "id": "arn:aws:iam::aws:policy/AWSServiceCatalogEndUserFullAccess,arn:aws:sso:::permissionSet/ssoins-6595b36b2cbf3a38/ps-db2d8dd0cc382cd2,arn:aws:sso:::instance/ssoins-6595b36b2cbf3a38",
            "instance_arn": "arn:aws:sso:::instance/ssoins-6595b36b2cbf3a38",
            "managed_policy_arn": "arn:aws:iam::aws:policy/AWSServiceCatalogEndUserFullAccess",
            "managed_policy_name": "AWSServiceCatalogEndUserFullAccess",
            "permission_set_arn": "arn:aws:sso:::permissionSet/ssoins-6595b36b2cbf3a38/ps-db2d8dd0cc382cd2"
          },
          "sensitive_attributes": [],
          "private": "eyJzY2hlbWFfdmVyc2lvbiI6IjAifQ=="
        },
        {
          "index_key": "AdministratorAccess.arn:aws:iam::aws:policy/AdministratorAccess",
          "schema_version": 0,
          "attributes": {
            "id": "arn:aws:iam::aws:policy/AdministratorAccess,arn:aws:sso:::permissionSet/ssoins-6595b36b2cbf3a38/ps-d5ad2b5bea3e56c5,arn:aws:sso:::instance/ssoins-6595b36b2cbf3a38",
            "instance_arn": "arn:aws:sso:::instance/ssoins-6595b36b2cbf3a38",
            "managed_policy_arn": "arn:aws:iam::aws:policy/AdministratorAccess",
            "managed_policy_name": "AdministratorAccess",
            "permission_set_arn": "arn:aws:sso:::permissionSet/ssoins-6595b36b2cbf3a38/ps-d5ad2b5bea3e56c5"
          },
          "sensitive_attributes": [],
          "private": "eyJzY2hlbWFfdmVyc2lvbiI6IjAifQ=="
        },
        {
          "index_key": "AdministratorAccess.arn:aws:iam::aws:policy/job-function/Billing",
          "schema_version": 0,
          "attributes": {
            "id": "arn:aws:iam::aws:policy/job-function/Billing,arn:aws:sso:::permissionSet/ssoins-6595b36b2cbf3a38/ps-d5ad2b5bea3e56c5,arn:aws:sso:::instance/ssoins-6595b36b2cbf3a38",
            "instance_arn": "arn:aws:sso:::instance/ssoins-6595b36b2cbf3a38",
            "managed_policy_arn": "arn:aws:iam::aws:policy/job-function/Billing",
            "managed_policy_name": "Billing",
            "permission_set_arn": "arn:aws:sso:::permissionSet/ssoins-6595b36b2cbf3a38/ps-d5ad2b5bea3e56c5"
          },
          "sensitive_attributes": [],
          "private": "eyJzY2hlbWFfdmVyc2lvbiI6IjAifQ=="
        },
        {
          "index_key": "Billing.arn:aws:iam::aws:policy/job-function/Billing",
          "schema_version": 0,
          "attributes": {
            "id": "arn:aws:iam::aws:policy/job-function/Billing,arn:aws:sso:::permissionSet/ssoins-6595b36b2cbf3a38/ps-3618f41193c2683b,arn:aws:sso:::instance/ssoins-6595b36b2cbf3a38",
            "instance_arn": "arn:aws:sso:::instance/ssoins-6595b36b2cbf3a38",
            "managed_policy_arn": "arn:aws:iam::aws:policy/job-function/Billing",
            "managed_policy_name": "Billing",
            "permission_set_arn": "arn:aws:sso:::permissionSet/ssoins-6595b36b2cbf3a38/ps-3618f41193c2683b"
          },
          "sensitive_attributes": [],
          "private": "eyJzY2hlbWFfdmVyc2lvbiI6IjAifQ=="
        },
        {
          "index_key": "Managed_service_dev.arn:aws:iam::aws:policy/AmazonEKSClusterPolicy",
          "schema_version": 0,
          "attributes": {
            "id": "arn:aws:iam::aws:policy/AmazonEKSClusterPolicy,arn:aws:sso:::permissionSet/ssoins-6595b36b2cbf3a38/ps-a6e6d19d5aad6abb,arn:aws:sso:::instance/ssoins-6595b36b2cbf3a38",
            "instance_arn": "arn:aws:sso:::instance/ssoins-6595b36b2cbf3a38",
            "managed_policy_arn": "arn:aws:iam::aws:policy/AmazonEKSClusterPolicy",
            "managed_policy_name": "AmazonEKSClusterPolicy",
            "permission_set_arn": "arn:aws:sso:::permissionSet/ssoins-6595b36b2cbf3a38/ps-a6e6d19d5aad6abb"
          },
          "sensitive_attributes": [],
          "private": "eyJzY2hlbWFfdmVyc2lvbiI6IjAifQ=="
        },
        {
          "index_key": "Managed_service_dev.arn:aws:iam::aws:policy/AmazonEKSFargatePodExecutionRolePolicy",
          "schema_version": 0,
          "attributes": {
            "id": "arn:aws:iam::aws:policy/AmazonEKSFargatePodExecutionRolePolicy,arn:aws:sso:::permissionSet/ssoins-6595b36b2cbf3a38/ps-a6e6d19d5aad6abb,arn:aws:sso:::instance/ssoins-6595b36b2cbf3a38",
            "instance_arn": "arn:aws:sso:::instance/ssoins-6595b36b2cbf3a38",
            "managed_policy_arn": "arn:aws:iam::aws:policy/AmazonEKSFargatePodExecutionRolePolicy",
            "managed_policy_name": "AmazonEKSFargatePodExecutionRolePolicy",
            "permission_set_arn": "arn:aws:sso:::permissionSet/ssoins-6595b36b2cbf3a38/ps-a6e6d19d5aad6abb"
          },
          "sensitive_attributes": [],
          "private": "eyJzY2hlbWFfdmVyc2lvbiI6IjAifQ=="
        },
        {
          "index_key": "Managed_service_dev.arn:aws:iam::aws:policy/AmazonEKSServicePolicy",
          "schema_version": 0,
          "attributes": {
            "id": "arn:aws:iam::aws:policy/AmazonEKSServicePolicy,arn:aws:sso:::permissionSet/ssoins-6595b36b2cbf3a38/ps-a6e6d19d5aad6abb,arn:aws:sso:::instance/ssoins-6595b36b2cbf3a38",
            "instance_arn": "arn:aws:sso:::instance/ssoins-6595b36b2cbf3a38",
            "managed_policy_arn": "arn:aws:iam::aws:policy/AmazonEKSServicePolicy",
            "managed_policy_name": "AmazonEKSServicePolicy",
            "permission_set_arn": "arn:aws:sso:::permissionSet/ssoins-6595b36b2cbf3a38/ps-a6e6d19d5aad6abb"
          },
          "sensitive_attributes": [],
          "private": "eyJzY2hlbWFfdmVyc2lvbiI6IjAifQ=="
        },
        {
          "index_key": "Managed_service_dev.arn:aws:iam::aws:policy/AmazonEKSVPCResourceController",
          "schema_version": 0,
          "attributes": {
            "id": "arn:aws:iam::aws:policy/AmazonEKSVPCResourceController,arn:aws:sso:::permissionSet/ssoins-6595b36b2cbf3a38/ps-a6e6d19d5aad6abb,arn:aws:sso:::instance/ssoins-6595b36b2cbf3a38",
            "instance_arn": "arn:aws:sso:::instance/ssoins-6595b36b2cbf3a38",
            "managed_policy_arn": "arn:aws:iam::aws:policy/AmazonEKSVPCResourceController",
            "managed_policy_name": "AmazonEKSVPCResourceController",
            "permission_set_arn": "arn:aws:sso:::permissionSet/ssoins-6595b36b2cbf3a38/ps-a6e6d19d5aad6abb"
          },
          "sensitive_attributes": [],
          "private": "eyJzY2hlbWFfdmVyc2lvbiI6IjAifQ=="
        },
        {
          "index_key": "Managed_service_dev.arn:aws:iam::aws:policy/AmazonEKSWorkerNodePolicy",
          "schema_version": 0,
          "attributes": {
            "id": "arn:aws:iam::aws:policy/AmazonEKSWorkerNodePolicy,arn:aws:sso:::permissionSet/ssoins-6595b36b2cbf3a38/ps-a6e6d19d5aad6abb,arn:aws:sso:::instance/ssoins-6595b36b2cbf3a38",
            "instance_arn": "arn:aws:sso:::instance/ssoins-6595b36b2cbf3a38",
            "managed_policy_arn": "arn:aws:iam::aws:policy/AmazonEKSWorkerNodePolicy",
            "managed_policy_name": "AmazonEKSWorkerNodePolicy",
            "permission_set_arn": "arn:aws:sso:::permissionSet/ssoins-6595b36b2cbf3a38/ps-a6e6d19d5aad6abb"
          },
          "sensitive_attributes": [],
          "private": "eyJzY2hlbWFfdmVyc2lvbiI6IjAifQ=="
        },
        {
          "index_key": "Managed_service_dev.arn:aws:iam::aws:policy/AmazonEKS_CNI_Policy",
          "schema_version": 0,
          "attributes": {
            "id": "arn:aws:iam::aws:policy/AmazonEKS_CNI_Policy,arn:aws:sso:::permissionSet/ssoins-6595b36b2cbf3a38/ps-a6e6d19d5aad6abb,arn:aws:sso:::instance/ssoins-6595b36b2cbf3a38",
            "instance_arn": "arn:aws:sso:::instance/ssoins-6595b36b2cbf3a38",
            "managed_policy_arn": "arn:aws:iam::aws:policy/AmazonEKS_CNI_Policy",
            "managed_policy_name": "AmazonEKS_CNI_Policy",
            "permission_set_arn": "arn:aws:sso:::permissionSet/ssoins-6595b36b2cbf3a38/ps-a6e6d19d5aad6abb"
          },
          "sensitive_attributes": [],
          "private": "eyJzY2hlbWFfdmVyc2lvbiI6IjAifQ=="
        },
        {
          "index_key": "Managed_service_dev.arn:aws:iam::aws:policy/PowerUserAccess",
          "schema_version": 0,
          "attributes": {
            "id": "arn:aws:iam::aws:policy/PowerUserAccess,arn:aws:sso:::permissionSet/ssoins-6595b36b2cbf3a38/ps-a6e6d19d5aad6abb,arn:aws:sso:::instance/ssoins-6595b36b2cbf3a38",
            "instance_arn": "arn:aws:sso:::instance/ssoins-6595b36b2cbf3a38",
            "managed_policy_arn": "arn:aws:iam::aws:policy/PowerUserAccess",
            "managed_policy_name": "PowerUserAccess",
            "permission_set_arn": "arn:aws:sso:::permissionSet/ssoins-6595b36b2cbf3a38/ps-a6e6d19d5aad6abb"
          },
          "sensitive_attributes": [],
          "private": "eyJzY2hlbWFfdmVyc2lvbiI6IjAifQ=="
        }
      ]
    },
    {
      "mode": "managed",
      "type": "aws_ssoadmin_permission_set",
      "name": "this",
      "provider": "provider[\"registry.terraform.io/hashicorp/aws\"]",
      "instances": [
        {
          "index_key": "AWSAdministratorAccess",
          "schema_version": 0,
          "attributes": {
            "arn": "arn:aws:sso:::permissionSet/ssoins-6595b36b2cbf3a38/ps-1bcb52c69b3156ab",
            "created_date": "2022-07-27T07:18:28Z",
            "description": "Provides full access to AWS services and resources",
            "id": "arn:aws:sso:::permissionSet/ssoins-6595b36b2cbf3a38/ps-1bcb52c69b3156ab,arn:aws:sso:::instance/ssoins-6595b36b2cbf3a38",
            "instance_arn": "arn:aws:sso:::instance/ssoins-6595b36b2cbf3a38",
            "name": "AWSAdministratorAccess",
            "relay_state": "",
            "session_duration": "PT1H",
            "tags": {},
            "tags_all": {}
          },
          "sensitive_attributes": [],
          "private": "eyJzY2hlbWFfdmVyc2lvbiI6IjAifQ=="
        },
        {
          "index_key": "AWSOrganizationsFullAccess",
          "schema_version": 0,
          "attributes": {
            "arn": "arn:aws:sso:::permissionSet/ssoins-6595b36b2cbf3a38/ps-77edb944b69dc8aa",
            "created_date": "2022-07-27T07:18:33Z",
            "description": "Provides full access to AWS Organizations",
            "id": "arn:aws:sso:::permissionSet/ssoins-6595b36b2cbf3a38/ps-77edb944b69dc8aa,arn:aws:sso:::instance/ssoins-6595b36b2cbf3a38",
            "instance_arn": "arn:aws:sso:::instance/ssoins-6595b36b2cbf3a38",
            "name": "AWSOrganizationsFullAccess",
            "relay_state": "",
            "session_duration": "PT1H",
            "tags": {},
            "tags_all": {}
          },
          "sensitive_attributes": [],
          "private": "eyJzY2hlbWFfdmVyc2lvbiI6IjAifQ=="
        },
        {
          "index_key": "AWSPowerUserAccess",
          "schema_version": 0,
          "attributes": {
            "arn": "arn:aws:sso:::permissionSet/ssoins-6595b36b2cbf3a38/ps-70a667ecf55833b5",
            "created_date": "2022-07-27T07:18:31Z",
            "description": "Provides full access to AWS services and resources, but does not allow management of Users and groups",
            "id": "arn:aws:sso:::permissionSet/ssoins-6595b36b2cbf3a38/ps-70a667ecf55833b5,arn:aws:sso:::instance/ssoins-6595b36b2cbf3a38",
            "instance_arn": "arn:aws:sso:::instance/ssoins-6595b36b2cbf3a38",
            "name": "AWSPowerUserAccess",
            "relay_state": "",
            "session_duration": "PT4H",
            "tags": {},
            "tags_all": {}
          },
          "sensitive_attributes": [],
          "private": "eyJzY2hlbWFfdmVyc2lvbiI6IjAifQ=="
        },
        {
          "index_key": "AWSReadOnlyAccess",
          "schema_version": 0,
          "attributes": {
            "arn": "arn:aws:sso:::permissionSet/ssoins-6595b36b2cbf3a38/ps-67965c146cd829af",
            "created_date": "2022-07-27T07:18:32Z",
            "description": "This policy grants permissions to view resources and basic metadata across all AWS services",
            "id": "arn:aws:sso:::permissionSet/ssoins-6595b36b2cbf3a38/ps-67965c146cd829af,arn:aws:sso:::instance/ssoins-6595b36b2cbf3a38",
            "instance_arn": "arn:aws:sso:::instance/ssoins-6595b36b2cbf3a38",
            "name": "AWSReadOnlyAccess",
            "relay_state": "",
            "session_duration": "PT1H",
            "tags": {},
            "tags_all": {}
          },
          "sensitive_attributes": [],
          "private": "eyJzY2hlbWFfdmVyc2lvbiI6IjAifQ=="
        },
        {
          "index_key": "AWSServiceCatalogAdminFullAccess",
          "schema_version": 0,
          "attributes": {
            "arn": "arn:aws:sso:::permissionSet/ssoins-6595b36b2cbf3a38/ps-3bf37f1ab4317f9d",
            "created_date": "2022-07-27T07:18:30Z",
            "description": "Provides full access to AWS Service Catalog admin capabilities",
            "id": "arn:aws:sso:::permissionSet/ssoins-6595b36b2cbf3a38/ps-3bf37f1ab4317f9d,arn:aws:sso:::instance/ssoins-6595b36b2cbf3a38",
            "instance_arn": "arn:aws:sso:::instance/ssoins-6595b36b2cbf3a38",
            "name": "AWSServiceCatalogAdminFullAccess",
            "relay_state": "",
            "session_duration": "PT1H",
            "tags": {},
            "tags_all": {}
          },
          "sensitive_attributes": [],
          "private": "eyJzY2hlbWFfdmVyc2lvbiI6IjAifQ=="
        },
        {
          "index_key": "AWSServiceCatalogEndUserAccess",
          "schema_version": 0,
          "attributes": {
            "arn": "arn:aws:sso:::permissionSet/ssoins-6595b36b2cbf3a38/ps-db2d8dd0cc382cd2",
            "created_date": "2022-07-27T07:18:29Z",
            "description": "Provides access to the AWS Service Catalog end user console",
            "id": "arn:aws:sso:::permissionSet/ssoins-6595b36b2cbf3a38/ps-db2d8dd0cc382cd2,arn:aws:sso:::instance/ssoins-6595b36b2cbf3a38",
            "instance_arn": "arn:aws:sso:::instance/ssoins-6595b36b2cbf3a38",
            "name": "AWSServiceCatalogEndUserAccess",
            "relay_state": "",
            "session_duration": "PT1H",
            "tags": {},
            "tags_all": {}
          },
          "sensitive_attributes": [],
          "private": "eyJzY2hlbWFfdmVyc2lvbiI6IjAifQ=="
        },
        {
          "index_key": "AdministratorAccess",
          "schema_version": 0,
          "attributes": {
            "arn": "arn:aws:sso:::permissionSet/ssoins-6595b36b2cbf3a38/ps-d5ad2b5bea3e56c5",
            "created_date": "2022-07-26T18:28:41Z",
            "description": "",
            "id": "arn:aws:sso:::permissionSet/ssoins-6595b36b2cbf3a38/ps-d5ad2b5bea3e56c5,arn:aws:sso:::instance/ssoins-6595b36b2cbf3a38",
            "instance_arn": "arn:aws:sso:::instance/ssoins-6595b36b2cbf3a38",
            "name": "AdministratorAccess",
            "relay_state": "",
            "session_duration": "PT1H",
            "tags": {},
            "tags_all": {}
          },
          "sensitive_attributes": [],
          "private": "eyJzY2hlbWFfdmVyc2lvbiI6IjAifQ=="
        },
        {
          "index_key": "Billing",
          "schema_version": 0,
          "attributes": {
            "arn": "arn:aws:sso:::permissionSet/ssoins-6595b36b2cbf3a38/ps-3618f41193c2683b",
            "created_date": "2022-09-21T05:13:42Z",
            "description": "",
            "id": "arn:aws:sso:::permissionSet/ssoins-6595b36b2cbf3a38/ps-3618f41193c2683b,arn:aws:sso:::instance/ssoins-6595b36b2cbf3a38",
            "instance_arn": "arn:aws:sso:::instance/ssoins-6595b36b2cbf3a38",
            "name": "Billing",
            "relay_state": "",
            "session_duration": "PT1H",
            "tags": {},
            "tags_all": {}
          },
          "sensitive_attributes": [],
          "private": "eyJzY2hlbWFfdmVyc2lvbiI6IjAifQ=="
        },
        {
          "index_key": "Control-tower-ro",
          "schema_version": 0,
          "attributes": {
            "arn": "arn:aws:sso:::permissionSet/ssoins-6595b36b2cbf3a38/ps-c9f103deb13a6e37",
            "created_date": "2022-12-16T02:47:13Z",
            "description": "",
            "id": "arn:aws:sso:::permissionSet/ssoins-6595b36b2cbf3a38/ps-c9f103deb13a6e37,arn:aws:sso:::instance/ssoins-6595b36b2cbf3a38",
            "instance_arn": "arn:aws:sso:::instance/ssoins-6595b36b2cbf3a38",
            "name": "Control-tower-ro",
            "relay_state": "",
            "session_duration": "PT4H",
            "tags": {},
            "tags_all": {}
          },
          "sensitive_attributes": [],
          "private": "eyJzY2hlbWFfdmVyc2lvbiI6IjAifQ=="
        },
        {
          "index_key": "Managed_service_dev",
          "schema_version": 0,
          "attributes": {
            "arn": "arn:aws:sso:::permissionSet/ssoins-6595b36b2cbf3a38/ps-a6e6d19d5aad6abb",
            "created_date": "2022-08-08T08:11:58Z",
            "description": "",
            "id": "arn:aws:sso:::permissionSet/ssoins-6595b36b2cbf3a38/ps-a6e6d19d5aad6abb,arn:aws:sso:::instance/ssoins-6595b36b2cbf3a38",
            "instance_arn": "arn:aws:sso:::instance/ssoins-6595b36b2cbf3a38",
            "name": "Managed_service_dev",
            "relay_state": "",
            "session_duration": "PT4H",
            "tags": {},
            "tags_all": {}
          },
          "sensitive_attributes": [],
          "private": "eyJzY2hlbWFfdmVyc2lvbiI6IjAifQ=="
        }
      ]
    },
    {
      "mode": "managed",
      "type": "aws_ssoadmin_permission_set_inline_policy",
      "name": "this",
      "provider": "provider[\"registry.terraform.io/hashicorp/aws\"]",
      "instances": [
        {
          "index_key": "AWSServiceCatalogEndUserAccess",
          "schema_version": 0,
          "attributes": {
            "id": "arn:aws:sso:::permissionSet/ssoins-6595b36b2cbf3a38/ps-db2d8dd0cc382cd2,arn:aws:sso:::instance/ssoins-6595b36b2cbf3a38",
            "inline_policy": "{\"Statement\":[{\"Action\":[\"sso:GetProfile\",\"sso:CreateProfile\",\"sso:UpdateProfile\",\"sso:AssociateProfile\",\"sso:CreateApplicationInstance\",\"sso:GetSSOStatus\",\"sso:GetTrust\",\"sso:CreateTrust\",\"sso:UpdateTrust\",\"sso:GetPeregrineStatus\",\"sso:GetApplicationInstance\",\"sso:ListDirectoryAssociations\",\"sso:ListPermissionSets\",\"sso:GetPermissionSet\",\"sso:ProvisionApplicationInstanceForAWSAccount\",\"sso:ProvisionApplicationProfileForAWSAccountInstance\",\"sso:ProvisionSAMLProvider\",\"sso:ListProfileAssociations\",\"sso-directory:ListMembersInGroup\",\"sso-directory:SearchGroups\",\"sso-directory:SearchGroupsWithGroupName\",\"sso-directory:SearchUsers\",\"sso-directory:CreateUser\",\"sso-directory:DescribeGroups\",\"sso-directory:DescribeDirectory\",\"sso-directory:GetUserPoolInfo\",\"controltower:CreateManagedAccount\",\"controltower:DescribeManagedAccount\",\"controltower:DeregisterManagedAccount\",\"s3:GetObject\",\"organizations:describeOrganization\",\"sso:DescribeRegisteredRegions\"],\"Effect\":\"Allow\",\"Resource\":\"*\",\"Sid\":\"AWSControlTowerAccountFactoryAccess\"}],\"Version\":\"2012-10-17\"}",
            "instance_arn": "arn:aws:sso:::instance/ssoins-6595b36b2cbf3a38",
            "permission_set_arn": "arn:aws:sso:::permissionSet/ssoins-6595b36b2cbf3a38/ps-db2d8dd0cc382cd2"
          },
          "sensitive_attributes": [],
          "private": "eyJzY2hlbWFfdmVyc2lvbiI6IjAifQ=="
        },
        {
          "index_key": "Managed_service_dev",
          "schema_version": 0,
          "attributes": {
            "id": "arn:aws:sso:::permissionSet/ssoins-6595b36b2cbf3a38/ps-a6e6d19d5aad6abb,arn:aws:sso:::instance/ssoins-6595b36b2cbf3a38",
            "inline_policy": "{\"Statement\":[{\"Action\":[\"iam:ListRoles\",\"iam:CreateRole\",\"iam:UpdateRole\",\"iam:UpdateRoleDescription\",\"iam:AttachRolePolicy\",\"iam:CreatePolicy\",\"iam:GetRole\",\"iam:PutRolePolicy\",\"iam:PassRole\",\"iam:CreateServiceLinkedRole\",\"iam:GetRolePolicy\",\"iam:ListRolePolicies\",\"iam:AddRoleToInstanceProfile\",\"iam:DeleteRole\",\"iam:GetPolicy\",\"iam:GetPolicyVersion\",\"iam:ListPolicies\",\"iam:ListPolicyTags\",\"iam:ListPolicyVersions\",\"iam:ListRoleTags\",\"iam:TagRole\",\"iam:TagPolicy\",\"iam:UntagPolicy\",\"iam:UntagRole\",\"iam:CreatePolicyVersion\",\"iam:DeletePolicy\",\"iam:DeleteRolePolicy\",\"iam:DeleteServiceLinkedRole\",\"iam:*\"],\"Effect\":\"Allow\",\"Resource\":[\"*\"],\"Sid\":\"Statement1\"}]}",
            "instance_arn": "arn:aws:sso:::instance/ssoins-6595b36b2cbf3a38",
            "permission_set_arn": "arn:aws:sso:::permissionSet/ssoins-6595b36b2cbf3a38/ps-a6e6d19d5aad6abb"
          },
          "sensitive_attributes": [],
          "private": "eyJzY2hlbWFfdmVyc2lvbiI6IjAifQ=="
        }
      ]
    }
  ],
  "check_results": null
}
