{
  "version": 4,
  "terraform_version": "1.3.6",
  "serial": 5,
  "lineage": "99faf0cc-1ff7-14de-31ae-c6fc03b32b88",
  "outputs": {
    "aws_ssoadmin_account_assignments": {
      "value": {},
      "type": [
        "object",
        {}
      ]
    },
    "aws_ssoadmin_permission_sets": {
      "value": {
        "AWSPowerUserAccess": {
          "arn": "arn:aws:sso:::permissionSet/ssoins-6595b36b2cbf3a38/ps-70a667ecf55833b5",
          "created_date": "2022-07-27T07:18:31Z",
          "description": "Provides full access to AWS services and resources, but does not allow management of Users and groups",
          "id": "arn:aws:sso:::permissionSet/ssoins-6595b36b2cbf3a38/ps-70a667ecf55833b5,arn:aws:sso:::instance/ssoins-6595b36b2cbf3a38",
          "instance_arn": "arn:aws:sso:::instance/ssoins-6595b36b2cbf3a38",
          "name": "AWSPowerUserAccess",
          "relay_state": "",
          "session_duration": "PT4H",
          "tags": {},
          "tags_all": {}
        },
        "AdministratorAccess": {
          "arn": "arn:aws:sso:::permissionSet/ssoins-6595b36b2cbf3a38/ps-d5ad2b5bea3e56c5",
          "created_date": "2022-07-26T18:28:41Z",
          "description": "",
          "id": "arn:aws:sso:::permissionSet/ssoins-6595b36b2cbf3a38/ps-d5ad2b5bea3e56c5,arn:aws:sso:::instance/ssoins-6595b36b2cbf3a38",
          "instance_arn": "arn:aws:sso:::instance/ssoins-6595b36b2cbf3a38",
          "name": "AdministratorAccess",
          "relay_state": "",
          "session_duration": "PT1H",
          "tags": {},
          "tags_all": {}
        }
      },
      "type": [
        "object",
        {
          "AWSPowerUserAccess": [
            "object",
            {
              "arn": "string",
              "created_date": "string",
              "description": "string",
              "id": "string",
              "instance_arn": "string",
              "name": "string",
              "relay_state": "string",
              "session_duration": "string",
              "tags": [
                "map",
                "string"
              ],
              "tags_all": [
                "map",
                "string"
              ]
            }
          ],
          "AdministratorAccess": [
            "object",
            {
              "arn": "string",
              "created_date": "string",
              "description": "string",
              "id": "string",
              "instance_arn": "string",
              "name": "string",
              "relay_state": "string",
              "session_duration": "string",
              "tags": [
                "map",
                "string"
              ],
              "tags_all": [
                "map",
                "string"
              ]
            }
          ]
        }
      ]
    }
  },
  "resources": [
    {
      "mode": "data",
      "type": "aws_identitystore_group",
      "name": "this",
      "provider": "provider[\"registry.terraform.io/hashicorp/aws\"]",
      "instances": []
    },
    {
      "mode": "data",
      "type": "aws_identitystore_user",
      "name": "this",
      "provider": "provider[\"registry.terraform.io/hashicorp/aws\"]",
      "instances": []
    },
    {
      "mode": "data",
      "type": "aws_ssoadmin_instances",
      "name": "this",
      "provider": "provider[\"registry.terraform.io/hashicorp/aws\"]",
      "instances": [
        {
          "schema_version": 0,
          "attributes": {
            "arns": [
              "arn:aws:sso:::instance/ssoins-6595b36b2cbf3a38"
            ],
            "id": "ap-south-1",
            "identity_store_ids": [
              "d-9f672ca174"
            ]
          },
          "sensitive_attributes": []
        }
      ]
    },
    {
      "mode": "managed",
      "type": "aws_ssoadmin_account_assignment",
      "name": "this",
      "provider": "provider[\"registry.terraform.io/hashicorp/aws\"]",
      "instances": []
    },
    {
      "mode": "managed",
      "type": "aws_ssoadmin_customer_managed_policy_attachment",
      "name": "this",
      "provider": "provider[\"registry.terraform.io/hashicorp/aws\"]",
      "instances": []
    },
    {
      "mode": "managed",
      "type": "aws_ssoadmin_managed_policy_attachment",
      "name": "this",
      "provider": "provider[\"registry.terraform.io/hashicorp/aws\"]",
      "instances": [
        {
          "index_key": "AdministratorAccess.arn:aws:iam::aws:policy/AdministratorAccess",
          "schema_version": 0,
          "attributes": {
            "id": "arn:aws:iam::aws:policy/AdministratorAccess,arn:aws:sso:::permissionSet/ssoins-6595b36b2cbf3a38/ps-d5ad2b5bea3e56c5,arn:aws:sso:::instance/ssoins-6595b36b2cbf3a38",
            "instance_arn": "arn:aws:sso:::instance/ssoins-6595b36b2cbf3a38",
            "managed_policy_arn": "arn:aws:iam::aws:policy/AdministratorAccess",
            "managed_policy_name": "AdministratorAccess",
            "permission_set_arn": "arn:aws:sso:::permissionSet/ssoins-6595b36b2cbf3a38/ps-d5ad2b5bea3e56c5"
          },
          "sensitive_attributes": [],
          "private": "eyJzY2hlbWFfdmVyc2lvbiI6IjAifQ=="
        },
        {
          "index_key": "AdministratorAccess.arn:aws:iam::aws:policy/Billing",
          "schema_version": 0,
          "attributes": {
            "id": "arn:aws:iam::aws:policy/job-function/Billing,arn:aws:sso:::permissionSet/ssoins-6595b36b2cbf3a38/ps-d5ad2b5bea3e56c5,arn:aws:sso:::instance/ssoins-6595b36b2cbf3a38",
            "instance_arn": "arn:aws:sso:::instance/ssoins-6595b36b2cbf3a38",
            "managed_policy_arn": "arn:aws:iam::aws:policy/job-function/Billing",
            "managed_policy_name": "Billing",
            "permission_set_arn": "arn:aws:sso:::permissionSet/ssoins-6595b36b2cbf3a38/ps-d5ad2b5bea3e56c5"
          },
          "sensitive_attributes": [],
          "private": "eyJzY2hlbWFfdmVyc2lvbiI6IjAifQ=="
        },
        {
          "index_key": "AdministratorAccess.arn:aws:iam::aws:policy/job-function/Billing",
          "schema_version": 0,
          "attributes": {
            "id": "arn:aws:iam::aws:policy/job-function/Billing,arn:aws:sso:::permissionSet/ssoins-6595b36b2cbf3a38/ps-d5ad2b5bea3e56c5,arn:aws:sso:::instance/ssoins-6595b36b2cbf3a38",
            "instance_arn": "arn:aws:sso:::instance/ssoins-6595b36b2cbf3a38",
            "managed_policy_arn": "arn:aws:iam::aws:policy/job-function/Billing",
            "managed_policy_name": "Billing",
            "permission_set_arn": "arn:aws:sso:::permissionSet/ssoins-6595b36b2cbf3a38/ps-d5ad2b5bea3e56c5"
          },
          "sensitive_attributes": [],
          "private": "eyJzY2hlbWFfdmVyc2lvbiI6IjAifQ=="
        }
      ]
    },
    {
      "mode": "managed",
      "type": "aws_ssoadmin_permission_set",
      "name": "this",
      "provider": "provider[\"registry.terraform.io/hashicorp/aws\"]",
      "instances": [
        {
          "index_key": "AWSPowerUserAccess",
          "schema_version": 0,
          "attributes": {
            "arn": "arn:aws:sso:::permissionSet/ssoins-6595b36b2cbf3a38/ps-70a667ecf55833b5",
            "created_date": "2022-07-27T07:18:31Z",
            "description": "Provides full access to AWS services and resources, but does not allow management of Users and groups",
            "id": "arn:aws:sso:::permissionSet/ssoins-6595b36b2cbf3a38/ps-70a667ecf55833b5,arn:aws:sso:::instance/ssoins-6595b36b2cbf3a38",
            "instance_arn": "arn:aws:sso:::instance/ssoins-6595b36b2cbf3a38",
            "name": "AWSPowerUserAccess",
            "relay_state": "",
            "session_duration": "PT4H",
            "tags": {},
            "tags_all": {}
          },
          "sensitive_attributes": [],
          "private": "eyJzY2hlbWFfdmVyc2lvbiI6IjAifQ=="
        },
        {
          "index_key": "AdministratorAccess",
          "schema_version": 0,
          "attributes": {
            "arn": "arn:aws:sso:::permissionSet/ssoins-6595b36b2cbf3a38/ps-d5ad2b5bea3e56c5",
            "created_date": "2022-07-26T18:28:41Z",
            "description": "",
            "id": "arn:aws:sso:::permissionSet/ssoins-6595b36b2cbf3a38/ps-d5ad2b5bea3e56c5,arn:aws:sso:::instance/ssoins-6595b36b2cbf3a38",
            "instance_arn": "arn:aws:sso:::instance/ssoins-6595b36b2cbf3a38",
            "name": "AdministratorAccess",
            "relay_state": "",
            "session_duration": "PT1H",
            "tags": {},
            "tags_all": {}
          },
          "sensitive_attributes": [],
          "private": "eyJzY2hlbWFfdmVyc2lvbiI6IjAifQ=="
        }
      ]
    },
    {
      "mode": "managed",
      "type": "aws_ssoadmin_permission_set_inline_policy",
      "name": "this",
      "provider": "provider[\"registry.terraform.io/hashicorp/aws\"]",
      "instances": []
    }
  ],
  "check_results": null
}
